
Microsoft Visual Studio Solution File, Format Version 12.00
# Visual Studio Version 16
VisualStudioVersion = 16.0.29806.167
MinimumVisualStudioVersion = 10.0.40219.1
Project("{2150E333-8FDC-42A3-9474-1A3956D46DE8}") = "DesignPatterns", "DesignPatterns", "{BB50CC16-B88F-4BB0-9471-CB39FEC0F89A}"
EndProject
Project("{2150E333-8FDC-42A3-9474-1A3956D46DE8}") = "Payments", "Payments", "{46EA0D71-3856-4AE2-94F4-1D91F82CA808}"
EndProject
Project("{2150E333-8FDC-42A3-9474-1A3956D46DE8}") = "Utilities", "Utilities", "{A45959F5-0416-4E12-8248-4F24DF770D3F}"
EndProject
Project("{2150E333-8FDC-42A3-9474-1A3956D46DE8}") = "Database", "Database", "{C2FF28A5-6B93-4D9E-8927-7F69A60D8D2C}"
EndProject
Project("{2150E333-8FDC-42A3-9474-1A3956D46DE8}") = "Cache", "Cache", "{4B497F0C-62F6-4B66-B6A3-D1D4976F01AA}"
EndProject
Project("{2150E333-8FDC-42A3-9474-1A3956D46DE8}") = "Others", "Others", "{177C6FE6-470A-4BB6-8C7C-3E2F8777D589}"
EndProject
Project("{2150E333-8FDC-42A3-9474-1A3956D46DE8}") = "Logging", "Logging", "{CA42DF8B-0BAB-4671-9EAE-65A1DD11BA3B}"
EndProject
Project("{2150E333-8FDC-42A3-9474-1A3956D46DE8}") = "Module", "Module", "{B5551696-5930-420D-9BF1-D1B5D541F026}"
EndProject
Project("{2150E333-8FDC-42A3-9474-1A3956D46DE8}") = "RabbitMq", "RabbitMq", "{B71DBBD2-90C5-4DEB-AA41-DD2888EFE78A}"
EndProject
Project("{2150E333-8FDC-42A3-9474-1A3956D46DE8}") = "News", "News", "{2E2CE221-101E-42DB-96BD-9AF80498C079}"
EndProject
Project("{2150E333-8FDC-42A3-9474-1A3956D46DE8}") = "GRPC", "GRPC", "{89DB8F2E-AD8A-41B0-A57D-204A693274AB}"
EndProject
Project("{2150E333-8FDC-42A3-9474-1A3956D46DE8}") = "Blazor", "Blazor", "{7057FA2D-5733-4B2E-8DDD-E96C840B1540}"
EndProject
Project("{2150E333-8FDC-42A3-9474-1A3956D46DE8}") = "SendMail", "SendMail", "{83D77EC3-A4FB-4A67-8AEA-BE7C9CDF4F4D}"
EndProject
Project("{2150E333-8FDC-42A3-9474-1A3956D46DE8}") = "Modules", "Modules", "{B924F0DE-196F-4C9C-BD89-2591E148DCDA}"
EndProject
Project("{9A19103F-16F7-4668-BE54-9A1E7A4F7556}") = "ModuleApp.Module.Core", "..\..\..\DesignPatterns\Module\Modules\ModuleApp.Module.Core\ModuleApp.Module.Core.csproj", "{E5CCF8D0-C084-4F15-9998-4EDA273125BC}"
EndProject
Project("{9A19103F-16F7-4668-BE54-9A1E7A4F7556}") = "ModuleApp.Infrastructure", "..\..\..\DesignPatterns\Module\ModuleApp.Infrastructure\ModuleApp.Infrastructure.csproj", "{B0586EF6-100B-40EA-8D1B-B92CB500117C}"
EndProject
Project("{9A19103F-16F7-4668-BE54-9A1E7A4F7556}") = "ModuleApp", "..\..\..\DesignPatterns\Module\ModuleApp\ModuleApp.csproj", "{69FF9D55-F705-43A0-BCD9-2C606B9450D0}"
EndProject
Project("{9A19103F-16F7-4668-BE54-9A1E7A4F7556}") = "CQRSTest", "..\..\..\DesignPatterns\CQRS\CQRSTest.csproj", "{1D82B2F9-7787-4A06-80F2-F2D59B348BBF}"
EndProject
Project("{9A19103F-16F7-4668-BE54-9A1E7A4F7556}") = "Mediator", "..\..\..\DesignPatterns\Mediator\Mediator.csproj", "{72194FCE-BEB1-47D0-B48B-53E0B8BDC318}"
EndProject
Project("{9A19103F-16F7-4668-BE54-9A1E7A4F7556}") = "RepoAndUoW", "..\..\..\DesignPatterns\RepoAndUoW\RepoAndUoW.csproj", "{85333FB2-DF1D-4C29-B597-5DE739CA3BC9}"
EndProject
Project("{9A19103F-16F7-4668-BE54-9A1E7A4F7556}") = "Hangfire", "..\..\..\Utilities\Hangfire\Hangfire.csproj", "{D1FF3ADE-4083-4318-B191-95A3D42ADF80}"
EndProject
Project("{9A19103F-16F7-4668-BE54-9A1E7A4F7556}") = "Nlog", "Nlog.csproj", "{75FF802F-D046-4AC0-8433-D71B3E3EA0BF}"
EndProject
Project("{9A19103F-16F7-4668-BE54-9A1E7A4F7556}") = "MySql", "..\..\..\Database\MySql\MySql.csproj", "{F3FF9975-C108-4081-A6BE-EA971CB3A0BD}"
EndProject
Project("{9A19103F-16F7-4668-BE54-9A1E7A4F7556}") = "Mongo", "..\..\..\Database\Mongo\Mongo.csproj", "{2F728212-AB83-47A0-BC09-A974347C610A}"
EndProject
Project("{9A19103F-16F7-4668-BE54-9A1E7A4F7556}") = "Redis", "..\..\..\Cache\Redis\Redis.csproj", "{A9890E81-4041-4EE5-86D1-C4800A1E797B}"
EndProject
Project("{9A19103F-16F7-4668-BE54-9A1E7A4F7556}") = "ZaloPayment", "..\..\..\Payments\ZaloPayment\ZaloPayment.csproj", "{10FE14C7-0AF2-4CBF-9FB9-5074097E914C}"
EndProject
Project("{9A19103F-16F7-4668-BE54-9A1E7A4F7556}") = "ViettelPayment", "..\..\..\Payments\ViettelPayment\ViettelPayment.csproj", "{D87B618E-FEA8-438D-B9DC-2C909F62A3BF}"
EndProject
Project("{9A19103F-16F7-4668-BE54-9A1E7A4F7556}") = "StripePayment", "..\..\..\Payments\StripePayment\StripePayment.csproj", "{5E3F6D02-E3AA-4F9F-8ABC-0384DCBDFC61}"
EndProject
Project("{9A19103F-16F7-4668-BE54-9A1E7A4F7556}") = "PaypalExpressPayment", "..\..\..\Payments\PaypalExpressPayment\PaypalExpressPayment.csproj", "{F4AC8603-114A-4C93-9F36-87E1E727BBCE}"
EndProject
Project("{9A19103F-16F7-4668-BE54-9A1E7A4F7556}") = "NganLuongPayment", "..\..\..\Payments\NganLuongPayment\NganLuongPayment.csproj", "{4541A962-20C5-4250-AE74-DB7E77160164}"
EndProject
Project("{9A19103F-16F7-4668-BE54-9A1E7A4F7556}") = "MomoPayment", "..\..\..\Payments\MomoPayment\MomoPayment.csproj", "{CB7D68C4-8005-4CE3-804B-986A1C5116D0}"
EndProject
Project("{9A19103F-16F7-4668-BE54-9A1E7A4F7556}") = "CashfreePayment", "..\..\..\Payments\CashfreePayment\CashfreePayment.csproj", "{F98BBC2A-A9CF-4D6A-AD9B-BF2B530527B1}"
EndProject
Project("{9A19103F-16F7-4668-BE54-9A1E7A4F7556}") = "BraintreePayment", "..\..\..\Payments\BraintreePayment\BraintreePayment.csproj", "{BB9D4F8A-6F69-40A1-9210-16454DD1515F}"
EndProject
Project("{9A19103F-16F7-4668-BE54-9A1E7A4F7556}") = "AdyenPayment", "..\..\..\Payments\AdyenPayment\AdyenPayment.csproj", "{C49D96FC-0ED0-4379-BF2B-C6E754453530}"
EndProject
Project("{FAE04EC0-301F-11D3-BF4B-00C04F79EFBC}") = "ModuleApp.Module.News", "..\..\..\DesignPatterns\Module\Modules\ModuleApp.Module.News\ModuleApp.Module.News.csproj", "{D75ADD2A-6387-4500-AAC4-CAC4A5AF284C}"
EndProject
Global
	GlobalSection(SolutionConfigurationPlatforms) = preSolution
		Debug|Any CPU = Debug|Any CPU
		Release|Any CPU = Release|Any CPU
	EndGlobalSection
	GlobalSection(ProjectConfigurationPlatforms) = postSolution
		{E5CCF8D0-C084-4F15-9998-4EDA273125BC}.Debug|Any CPU.ActiveCfg = Debug|Any CPU
		{E5CCF8D0-C084-4F15-9998-4EDA273125BC}.Debug|Any CPU.Build.0 = Debug|Any CPU
		{E5CCF8D0-C084-4F15-9998-4EDA273125BC}.Release|Any CPU.ActiveCfg = Release|Any CPU
		{E5CCF8D0-C084-4F15-9998-4EDA273125BC}.Release|Any CPU.Build.0 = Release|Any CPU
		{B0586EF6-100B-40EA-8D1B-B92CB500117C}.Debug|Any CPU.ActiveCfg = Debug|Any CPU
		{B0586EF6-100B-40EA-8D1B-B92CB500117C}.Debug|Any CPU.Build.0 = Debug|Any CPU
		{B0586EF6-100B-40EA-8D1B-B92CB500117C}.Release|Any CPU.ActiveCfg = Release|Any CPU
		{B0586EF6-100B-40EA-8D1B-B92CB500117C}.Release|Any CPU.Build.0 = Release|Any CPU
		{69FF9D55-F705-43A0-BCD9-2C606B9450D0}.Debug|Any CPU.ActiveCfg = Debug|Any CPU
		{69FF9D55-F705-43A0-BCD9-2C606B9450D0}.Debug|Any CPU.Build.0 = Debug|Any CPU
		{69FF9D55-F705-43A0-BCD9-2C606B9450D0}.Release|Any CPU.ActiveCfg = Release|Any CPU
		{69FF9D55-F705-43A0-BCD9-2C606B9450D0}.Release|Any CPU.Build.0 = Release|Any CPU
		{1D82B2F9-7787-4A06-80F2-F2D59B348BBF}.Debug|Any CPU.ActiveCfg = Debug|Any CPU
		{1D82B2F9-7787-4A06-80F2-F2D59B348BBF}.Debug|Any CPU.Build.0 = Debug|Any CPU
		{1D82B2F9-7787-4A06-80F2-F2D59B348BBF}.Release|Any CPU.ActiveCfg = Release|Any CPU
		{1D82B2F9-7787-4A06-80F2-F2D59B348BBF}.Release|Any CPU.Build.0 = Release|Any CPU
		{72194FCE-BEB1-47D0-B48B-53E0B8BDC318}.Debug|Any CPU.ActiveCfg = Debug|Any CPU
		{72194FCE-BEB1-47D0-B48B-53E0B8BDC318}.Debug|Any CPU.Build.0 = Debug|Any CPU
		{72194FCE-BEB1-47D0-B48B-53E0B8BDC318}.Release|Any CPU.ActiveCfg = Release|Any CPU
		{72194FCE-BEB1-47D0-B48B-53E0B8BDC318}.Release|Any CPU.Build.0 = Release|Any CPU
		{85333FB2-DF1D-4C29-B597-5DE739CA3BC9}.Debug|Any CPU.ActiveCfg = Debug|Any CPU
		{85333FB2-DF1D-4C29-B597-5DE739CA3BC9}.Debug|Any CPU.Build.0 = Debug|Any CPU
		{85333FB2-DF1D-4C29-B597-5DE739CA3BC9}.Release|Any CPU.ActiveCfg = Release|Any CPU
		{85333FB2-DF1D-4C29-B597-5DE739CA3BC9}.Release|Any CPU.Build.0 = Release|Any CPU
		{D1FF3ADE-4083-4318-B191-95A3D42ADF80}.Debug|Any CPU.ActiveCfg = Debug|Any CPU
		{D1FF3ADE-4083-4318-B191-95A3D42ADF80}.Debug|Any CPU.Build.0 = Debug|Any CPU
		{D1FF3ADE-4083-4318-B191-95A3D42ADF80}.Release|Any CPU.ActiveCfg = Release|Any CPU
		{D1FF3ADE-4083-4318-B191-95A3D42ADF80}.Release|Any CPU.Build.0 = Release|Any CPU
		{75FF802F-D046-4AC0-8433-D71B3E3EA0BF}.Debug|Any CPU.ActiveCfg = Debug|Any CPU
		{75FF802F-D046-4AC0-8433-D71B3E3EA0BF}.Debug|Any CPU.Build.0 = Debug|Any CPU
		{75FF802F-D046-4AC0-8433-D71B3E3EA0BF}.Release|Any CPU.ActiveCfg = Release|Any CPU
		{75FF802F-D046-4AC0-8433-D71B3E3EA0BF}.Release|Any CPU.Build.0 = Release|Any CPU
		{F3FF9975-C108-4081-A6BE-EA971CB3A0BD}.Debug|Any CPU.ActiveCfg = Debug|Any CPU
		{F3FF9975-C108-4081-A6BE-EA971CB3A0BD}.Debug|Any CPU.Build.0 = Debug|Any CPU
		{F3FF9975-C108-4081-A6BE-EA971CB3A0BD}.Release|Any CPU.ActiveCfg = Release|Any CPU
		{F3FF9975-C108-4081-A6BE-EA971CB3A0BD}.Release|Any CPU.Build.0 = Release|Any CPU
		{2F728212-AB83-47A0-BC09-A974347C610A}.Debug|Any CPU.ActiveCfg = Debug|Any CPU
		{2F728212-AB83-47A0-BC09-A974347C610A}.Debug|Any CPU.Build.0 = Debug|Any CPU
		{2F728212-AB83-47A0-BC09-A974347C610A}.Release|Any CPU.ActiveCfg = Release|Any CPU
		{2F728212-AB83-47A0-BC09-A974347C610A}.Release|Any CPU.Build.0 = Release|Any CPU
		{A9890E81-4041-4EE5-86D1-C4800A1E797B}.Debug|Any CPU.ActiveCfg = Debug|Any CPU
		{A9890E81-4041-4EE5-86D1-C4800A1E797B}.Debug|Any CPU.Build.0 = Debug|Any CPU
		{A9890E81-4041-4EE5-86D1-C4800A1E797B}.Release|Any CPU.ActiveCfg = Release|Any CPU
		{A9890E81-4041-4EE5-86D1-C4800A1E797B}.Release|Any CPU.Build.0 = Release|Any CPU
		{10FE14C7-0AF2-4CBF-9FB9-5074097E914C}.Debug|Any CPU.ActiveCfg = Debug|Any CPU
		{10FE14C7-0AF2-4CBF-9FB9-5074097E914C}.Debug|Any CPU.Build.0 = Debug|Any CPU
		{10FE14C7-0AF2-4CBF-9FB9-5074097E914C}.Release|Any CPU.ActiveCfg = Release|Any CPU
		{10FE14C7-0AF2-4CBF-9FB9-5074097E914C}.Release|Any CPU.Build.0 = Release|Any CPU
		{D87B618E-FEA8-438D-B9DC-2C909F62A3BF}.Debug|Any CPU.ActiveCfg = Debug|Any CPU
		{D87B618E-FEA8-438D-B9DC-2C909F62A3BF}.Debug|Any CPU.Build.0 = Debug|Any CPU
		{D87B618E-FEA8-438D-B9DC-2C909F62A3BF}.Release|Any CPU.ActiveCfg = Release|Any CPU
		{D87B618E-FEA8-438D-B9DC-2C909F62A3BF}.Release|Any CPU.Build.0 = Release|Any CPU
		{5E3F6D02-E3AA-4F9F-8ABC-0384DCBDFC61}.Debug|Any CPU.ActiveCfg = Debug|Any CPU
		{5E3F6D02-E3AA-4F9F-8ABC-0384DCBDFC61}.Debug|Any CPU.Build.0 = Debug|Any CPU
		{5E3F6D02-E3AA-4F9F-8ABC-0384DCBDFC61}.Release|Any CPU.ActiveCfg = Release|Any CPU
		{5E3F6D02-E3AA-4F9F-8ABC-0384DCBDFC61}.Release|Any CPU.Build.0 = Release|Any CPU
		{F4AC8603-114A-4C93-9F36-87E1E727BBCE}.Debug|Any CPU.ActiveCfg = Debug|Any CPU
		{F4AC8603-114A-4C93-9F36-87E1E727BBCE}.Debug|Any CPU.Build.0 = Debug|Any CPU
		{F4AC8603-114A-4C93-9F36-87E1E727BBCE}.Release|Any CPU.ActiveCfg = Release|Any CPU
		{F4AC8603-114A-4C93-9F36-87E1E727BBCE}.Release|Any CPU.Build.0 = Release|Any CPU
		{4541A962-20C5-4250-AE74-DB7E77160164}.Debug|Any CPU.ActiveCfg = Debug|Any CPU
		{4541A962-20C5-4250-AE74-DB7E77160164}.Debug|Any CPU.Build.0 = Debug|Any CPU
		{4541A962-20C5-4250-AE74-DB7E77160164}.Release|Any CPU.ActiveCfg = Release|Any CPU
		{4541A962-20C5-4250-AE74-DB7E77160164}.Release|Any CPU.Build.0 = Release|Any CPU
		{CB7D68C4-8005-4CE3-804B-986A1C5116D0}.Debug|Any CPU.ActiveCfg = Debug|Any CPU
		{CB7D68C4-8005-4CE3-804B-986A1C5116D0}.Debug|Any CPU.Build.0 = Debug|Any CPU
		{CB7D68C4-8005-4CE3-804B-986A1C5116D0}.Release|Any CPU.ActiveCfg = Release|Any CPU
		{CB7D68C4-8005-4CE3-804B-986A1C5116D0}.Release|Any CPU.Build.0 = Release|Any CPU
		{F98BBC2A-A9CF-4D6A-AD9B-BF2B530527B1}.Debug|Any CPU.ActiveCfg = Debug|Any CPU
		{F98BBC2A-A9CF-4D6A-AD9B-BF2B530527B1}.Debug|Any CPU.Build.0 = Debug|Any CPU
		{F98BBC2A-A9CF-4D6A-AD9B-BF2B530527B1}.Release|Any CPU.ActiveCfg = Release|Any CPU
		{F98BBC2A-A9CF-4D6A-AD9B-BF2B530527B1}.Release|Any CPU.Build.0 = Release|Any CPU
		{BB9D4F8A-6F69-40A1-9210-16454DD1515F}.Debug|Any CPU.ActiveCfg = Debug|Any CPU
		{BB9D4F8A-6F69-40A1-9210-16454DD1515F}.Debug|Any CPU.Build.0 = Debug|Any CPU
		{BB9D4F8A-6F69-40A1-9210-16454DD1515F}.Release|Any CPU.ActiveCfg = Release|Any CPU
		{BB9D4F8A-6F69-40A1-9210-16454DD1515F}.Release|Any CPU.Build.0 = Release|Any CPU
		{C49D96FC-0ED0-4379-BF2B-C6E754453530}.Debug|Any CPU.ActiveCfg = Debug|Any CPU
		{C49D96FC-0ED0-4379-BF2B-C6E754453530}.Debug|Any CPU.Build.0 = Debug|Any CPU
		{C49D96FC-0ED0-4379-BF2B-C6E754453530}.Release|Any CPU.ActiveCfg = Release|Any CPU
		{C49D96FC-0ED0-4379-BF2B-C6E754453530}.Release|Any CPU.Build.0 = Release|Any CPU
		{D75ADD2A-6387-4500-AAC4-CAC4A5AF284C}.Debug|Any CPU.ActiveCfg = Debug|Any CPU
		{D75ADD2A-6387-4500-AAC4-CAC4A5AF284C}.Debug|Any CPU.Build.0 = Debug|Any CPU
		{D75ADD2A-6387-4500-AAC4-CAC4A5AF284C}.Release|Any CPU.ActiveCfg = Release|Any CPU
		{D75ADD2A-6387-4500-AAC4-CAC4A5AF284C}.Release|Any CPU.Build.0 = Release|Any CPU
	EndGlobalSection
	GlobalSection(SolutionProperties) = preSolution
		HideSolutionNode = FALSE
	EndGlobalSection
	GlobalSection(NestedProjects) = preSolution
		{CA42DF8B-0BAB-4671-9EAE-65A1DD11BA3B} = {177C6FE6-470A-4BB6-8C7C-3E2F8777D589}
		{B5551696-5930-420D-9BF1-D1B5D541F026} = {BB50CC16-B88F-4BB0-9471-CB39FEC0F89A}
		{B71DBBD2-90C5-4DEB-AA41-DD2888EFE78A} = {177C6FE6-470A-4BB6-8C7C-3E2F8777D589}
		{89DB8F2E-AD8A-41B0-A57D-204A693274AB} = {2E2CE221-101E-42DB-96BD-9AF80498C079}
		{7057FA2D-5733-4B2E-8DDD-E96C840B1540} = {2E2CE221-101E-42DB-96BD-9AF80498C079}
		{83D77EC3-A4FB-4A67-8AEA-BE7C9CDF4F4D} = {177C6FE6-470A-4BB6-8C7C-3E2F8777D589}
		{B924F0DE-196F-4C9C-BD89-2591E148DCDA} = {B5551696-5930-420D-9BF1-D1B5D541F026}
		{E5CCF8D0-C084-4F15-9998-4EDA273125BC} = {B924F0DE-196F-4C9C-BD89-2591E148DCDA}
		{B0586EF6-100B-40EA-8D1B-B92CB500117C} = {B5551696-5930-420D-9BF1-D1B5D541F026}
		{69FF9D55-F705-43A0-BCD9-2C606B9450D0} = {B5551696-5930-420D-9BF1-D1B5D541F026}
		{1D82B2F9-7787-4A06-80F2-F2D59B348BBF} = {BB50CC16-B88F-4BB0-9471-CB39FEC0F89A}
		{72194FCE-BEB1-47D0-B48B-53E0B8BDC318} = {BB50CC16-B88F-4BB0-9471-CB39FEC0F89A}
		{85333FB2-DF1D-4C29-B597-5DE739CA3BC9} = {BB50CC16-B88F-4BB0-9471-CB39FEC0F89A}
		{D1FF3ADE-4083-4318-B191-95A3D42ADF80} = {A45959F5-0416-4E12-8248-4F24DF770D3F}
		{75FF802F-D046-4AC0-8433-D71B3E3EA0BF} = {CA42DF8B-0BAB-4671-9EAE-65A1DD11BA3B}
		{F3FF9975-C108-4081-A6BE-EA971CB3A0BD} = {C2FF28A5-6B93-4D9E-8927-7F69A60D8D2C}
		{2F728212-AB83-47A0-BC09-A974347C610A} = {C2FF28A5-6B93-4D9E-8927-7F69A60D8D2C}
		{A9890E81-4041-4EE5-86D1-C4800A1E797B} = {4B497F0C-62F6-4B66-B6A3-D1D4976F01AA}
		{10FE14C7-0AF2-4CBF-9FB9-5074097E914C} = {46EA0D71-3856-4AE2-94F4-1D91F82CA808}
		{D87B618E-FEA8-438D-B9DC-2C909F62A3BF} = {46EA0D71-3856-4AE2-94F4-1D91F82CA808}
		{5E3F6D02-E3AA-4F9F-8ABC-0384DCBDFC61} = {46EA0D71-3856-4AE2-94F4-1D91F82CA808}
		{F4AC8603-114A-4C93-9F36-87E1E727BBCE} = {46EA0D71-3856-4AE2-94F4-1D91F82CA808}
		{4541A962-20C5-4250-AE74-DB7E77160164} = {46EA0D71-3856-4AE2-94F4-1D91F82CA808}
		{CB7D68C4-8005-4CE3-804B-986A1C5116D0} = {46EA0D71-3856-4AE2-94F4-1D91F82CA808}
		{F98BBC2A-A9CF-4D6A-AD9B-BF2B530527B1} = {46EA0D71-3856-4AE2-94F4-1D91F82CA808}
		{BB9D4F8A-6F69-40A1-9210-16454DD1515F} = {46EA0D71-3856-4AE2-94F4-1D91F82CA808}
		{C49D96FC-0ED0-4379-BF2B-C6E754453530} = {46EA0D71-3856-4AE2-94F4-1D91F82CA808}
		{D75ADD2A-6387-4500-AAC4-CAC4A5AF284C} = {B924F0DE-196F-4C9C-BD89-2591E148DCDA}
	EndGlobalSection
	GlobalSection(ExtensibilityGlobals) = postSolution
		SolutionGuid = {C03E68F1-34D6-425D-A92A-8092DD1F6245}
	EndGlobalSection
EndGlobal
