
Microsoft Visual Studio Solution File, Format Version 12.00
# Visual Studio Version 16
VisualStudioVersion = 16.0.30204.135
MinimumVisualStudioVersion = 10.0.40219.1
Project("{9A19103F-16F7-4668-BE54-9A1E7A4F7556}") = "Catalog.Api", "Catalog.Api\Catalog.Api.csproj", "{C84DAAF7-A9FF-4AA9-B024-2160810892B7}"
EndProject
Project("{2150E333-8FDC-42A3-9474-1A3956D46DE8}") = "Services", "Services", "{77A66E59-5C19-4DF9-82EE-563D735D0543}"
EndProject
Project("{2150E333-8FDC-42A3-9474-1A3956D46DE8}") = "Catalog", "Catalog", "{BB29A1E3-D019-4463-A2C7-7B7EA72CD452}"
EndProject
Project("{9A19103F-16F7-4668-BE54-9A1E7A4F7556}") = "Catalog.Infrastructure", "Catalog.Infrastructure\Catalog.Infrastructure.csproj", "{922D0322-9AB1-44E7-8A4B-EDBACEBCECD2}"
EndProject
Project("{2150E333-8FDC-42A3-9474-1A3956D46DE8}") = "Infrastructure", "Infrastructure", "{50346D9D-6484-416A-B02A-CBA681116288}"
EndProject
Project("{2150E333-8FDC-42A3-9474-1A3956D46DE8}") = "EventBus", "EventBus", "{136C3CB5-DF5A-41EA-9C07-BF2DC8EE20A6}"
EndProject
Project("{9A19103F-16F7-4668-BE54-9A1E7A4F7556}") = "EventLogEF", "EventLogEF\EventLogEF.csproj", "{91D6D633-6450-4B48-9F0F-8A5FB2913CD9}"
EndProject
Project("{9A19103F-16F7-4668-BE54-9A1E7A4F7556}") = "Event.Bus", "Event.Bus\Event.Bus.csproj", "{6F935043-1391-45A4-A69A-A9609724AE44}"
EndProject
Project("{9A19103F-16F7-4668-BE54-9A1E7A4F7556}") = "TestMicro.Infrastructure", "TestMicro.Infrastructure\TestMicro.Infrastructure.csproj", "{380F29C7-B2F8-4A34-A5B6-D735BE6FDCCE}"
EndProject
Project("{9A19103F-16F7-4668-BE54-9A1E7A4F7556}") = "tes", "tes\tes.csproj", "{E7D2EF6B-E3A2-4FA2-B785-5F6752E6F5D3}"
EndProject
Project("{2150E333-8FDC-42A3-9474-1A3956D46DE8}") = "Basket", "Basket", "{234147BC-61A0-47FF-9864-09D6E092DAFB}"
EndProject
Project("{9A19103F-16F7-4668-BE54-9A1E7A4F7556}") = "Basket.Api", "Basket.Api\Basket.Api.csproj", "{22FB86F6-42C3-426C-8CF0-6ECD8D2C8E16}"
EndProject
Project("{9A19103F-16F7-4668-BE54-9A1E7A4F7556}") = "Basket.Infrastructure", "Basket.Infrastructure\Basket.Infrastructure.csproj", "{80FB1136-0FD6-4A83-876D-9E2B1EB783D8}"
EndProject
Project("{2150E333-8FDC-42A3-9474-1A3956D46DE8}") = "Order", "Order", "{F9FB9923-A41F-4A4B-9070-3F805E426A4A}"
EndProject
Project("{9A19103F-16F7-4668-BE54-9A1E7A4F7556}") = "Order.Api", "Order.Api\Order.Api.csproj", "{297B990C-F67E-40A7-8629-8FF23F799EF0}"
EndProject
Project("{9A19103F-16F7-4668-BE54-9A1E7A4F7556}") = "Order.Infrastructure", "Order.Infrastructure\Order.Infrastructure.csproj", "{52BCE0EE-D6E0-4AAF-BA99-FBCB8ED3AF75}"
EndProject
Project("{9A19103F-16F7-4668-BE54-9A1E7A4F7556}") = "Order.Worker", "Order.Worker\Order.Worker.csproj", "{81AAA0C7-4591-4EBE-9045-0BBEE857C1CD}"
EndProject
Project("{E53339B2-1760-4266-BCC7-CA923CBCF16C}") = "docker-compose", "docker-compose.dcproj", "{9968977F-9BE9-4B86-9EA9-96A0F2980295}"
EndProject
Project("{FAE04EC0-301F-11D3-BF4B-00C04F79EFBC}") = "Order.SignalrHub", "..\Order.SignalrHub\Order.SignalrHub.csproj", "{61FE74CA-AA36-4844-9FFE-17C238C5DBC3}"
EndProject
Global
	GlobalSection(SolutionConfigurationPlatforms) = preSolution
		Debug|Any CPU = Debug|Any CPU
		Release|Any CPU = Release|Any CPU
	EndGlobalSection
	GlobalSection(ProjectConfigurationPlatforms) = postSolution
		{C84DAAF7-A9FF-4AA9-B024-2160810892B7}.Debug|Any CPU.ActiveCfg = Debug|Any CPU
		{C84DAAF7-A9FF-4AA9-B024-2160810892B7}.Debug|Any CPU.Build.0 = Debug|Any CPU
		{C84DAAF7-A9FF-4AA9-B024-2160810892B7}.Release|Any CPU.ActiveCfg = Release|Any CPU
		{C84DAAF7-A9FF-4AA9-B024-2160810892B7}.Release|Any CPU.Build.0 = Release|Any CPU
		{922D0322-9AB1-44E7-8A4B-EDBACEBCECD2}.Debug|Any CPU.ActiveCfg = Debug|Any CPU
		{922D0322-9AB1-44E7-8A4B-EDBACEBCECD2}.Debug|Any CPU.Build.0 = Debug|Any CPU
		{922D0322-9AB1-44E7-8A4B-EDBACEBCECD2}.Release|Any CPU.ActiveCfg = Release|Any CPU
		{922D0322-9AB1-44E7-8A4B-EDBACEBCECD2}.Release|Any CPU.Build.0 = Release|Any CPU
		{91D6D633-6450-4B48-9F0F-8A5FB2913CD9}.Debug|Any CPU.ActiveCfg = Debug|Any CPU
		{91D6D633-6450-4B48-9F0F-8A5FB2913CD9}.Debug|Any CPU.Build.0 = Debug|Any CPU
		{91D6D633-6450-4B48-9F0F-8A5FB2913CD9}.Release|Any CPU.ActiveCfg = Release|Any CPU
		{91D6D633-6450-4B48-9F0F-8A5FB2913CD9}.Release|Any CPU.Build.0 = Release|Any CPU
		{6F935043-1391-45A4-A69A-A9609724AE44}.Debug|Any CPU.ActiveCfg = Debug|Any CPU
		{6F935043-1391-45A4-A69A-A9609724AE44}.Debug|Any CPU.Build.0 = Debug|Any CPU
		{6F935043-1391-45A4-A69A-A9609724AE44}.Release|Any CPU.ActiveCfg = Release|Any CPU
		{6F935043-1391-45A4-A69A-A9609724AE44}.Release|Any CPU.Build.0 = Release|Any CPU
		{380F29C7-B2F8-4A34-A5B6-D735BE6FDCCE}.Debug|Any CPU.ActiveCfg = Debug|Any CPU
		{380F29C7-B2F8-4A34-A5B6-D735BE6FDCCE}.Debug|Any CPU.Build.0 = Debug|Any CPU
		{380F29C7-B2F8-4A34-A5B6-D735BE6FDCCE}.Release|Any CPU.ActiveCfg = Release|Any CPU
		{380F29C7-B2F8-4A34-A5B6-D735BE6FDCCE}.Release|Any CPU.Build.0 = Release|Any CPU
		{E7D2EF6B-E3A2-4FA2-B785-5F6752E6F5D3}.Debug|Any CPU.ActiveCfg = Debug|Any CPU
		{E7D2EF6B-E3A2-4FA2-B785-5F6752E6F5D3}.Debug|Any CPU.Build.0 = Debug|Any CPU
		{E7D2EF6B-E3A2-4FA2-B785-5F6752E6F5D3}.Release|Any CPU.ActiveCfg = Release|Any CPU
		{E7D2EF6B-E3A2-4FA2-B785-5F6752E6F5D3}.Release|Any CPU.Build.0 = Release|Any CPU
		{22FB86F6-42C3-426C-8CF0-6ECD8D2C8E16}.Debug|Any CPU.ActiveCfg = Debug|Any CPU
		{22FB86F6-42C3-426C-8CF0-6ECD8D2C8E16}.Debug|Any CPU.Build.0 = Debug|Any CPU
		{22FB86F6-42C3-426C-8CF0-6ECD8D2C8E16}.Release|Any CPU.ActiveCfg = Release|Any CPU
		{22FB86F6-42C3-426C-8CF0-6ECD8D2C8E16}.Release|Any CPU.Build.0 = Release|Any CPU
		{80FB1136-0FD6-4A83-876D-9E2B1EB783D8}.Debug|Any CPU.ActiveCfg = Debug|Any CPU
		{80FB1136-0FD6-4A83-876D-9E2B1EB783D8}.Debug|Any CPU.Build.0 = Debug|Any CPU
		{80FB1136-0FD6-4A83-876D-9E2B1EB783D8}.Release|Any CPU.ActiveCfg = Release|Any CPU
		{80FB1136-0FD6-4A83-876D-9E2B1EB783D8}.Release|Any CPU.Build.0 = Release|Any CPU
		{297B990C-F67E-40A7-8629-8FF23F799EF0}.Debug|Any CPU.ActiveCfg = Debug|Any CPU
		{297B990C-F67E-40A7-8629-8FF23F799EF0}.Debug|Any CPU.Build.0 = Debug|Any CPU
		{297B990C-F67E-40A7-8629-8FF23F799EF0}.Release|Any CPU.ActiveCfg = Release|Any CPU
		{297B990C-F67E-40A7-8629-8FF23F799EF0}.Release|Any CPU.Build.0 = Release|Any CPU
		{52BCE0EE-D6E0-4AAF-BA99-FBCB8ED3AF75}.Debug|Any CPU.ActiveCfg = Debug|Any CPU
		{52BCE0EE-D6E0-4AAF-BA99-FBCB8ED3AF75}.Debug|Any CPU.Build.0 = Debug|Any CPU
		{52BCE0EE-D6E0-4AAF-BA99-FBCB8ED3AF75}.Release|Any CPU.ActiveCfg = Release|Any CPU
		{52BCE0EE-D6E0-4AAF-BA99-FBCB8ED3AF75}.Release|Any CPU.Build.0 = Release|Any CPU
		{81AAA0C7-4591-4EBE-9045-0BBEE857C1CD}.Debug|Any CPU.ActiveCfg = Debug|Any CPU
		{81AAA0C7-4591-4EBE-9045-0BBEE857C1CD}.Debug|Any CPU.Build.0 = Debug|Any CPU
		{81AAA0C7-4591-4EBE-9045-0BBEE857C1CD}.Release|Any CPU.ActiveCfg = Release|Any CPU
		{81AAA0C7-4591-4EBE-9045-0BBEE857C1CD}.Release|Any CPU.Build.0 = Release|Any CPU
		{9968977F-9BE9-4B86-9EA9-96A0F2980295}.Debug|Any CPU.ActiveCfg = Debug|Any CPU
		{9968977F-9BE9-4B86-9EA9-96A0F2980295}.Debug|Any CPU.Build.0 = Debug|Any CPU
		{9968977F-9BE9-4B86-9EA9-96A0F2980295}.Release|Any CPU.ActiveCfg = Release|Any CPU
		{9968977F-9BE9-4B86-9EA9-96A0F2980295}.Release|Any CPU.Build.0 = Release|Any CPU
		{61FE74CA-AA36-4844-9FFE-17C238C5DBC3}.Debug|Any CPU.ActiveCfg = Debug|Any CPU
		{61FE74CA-AA36-4844-9FFE-17C238C5DBC3}.Debug|Any CPU.Build.0 = Debug|Any CPU
		{61FE74CA-AA36-4844-9FFE-17C238C5DBC3}.Release|Any CPU.ActiveCfg = Release|Any CPU
		{61FE74CA-AA36-4844-9FFE-17C238C5DBC3}.Release|Any CPU.Build.0 = Release|Any CPU
	EndGlobalSection
	GlobalSection(SolutionProperties) = preSolution
		HideSolutionNode = FALSE
	EndGlobalSection
	GlobalSection(NestedProjects) = preSolution
		{C84DAAF7-A9FF-4AA9-B024-2160810892B7} = {BB29A1E3-D019-4463-A2C7-7B7EA72CD452}
		{BB29A1E3-D019-4463-A2C7-7B7EA72CD452} = {77A66E59-5C19-4DF9-82EE-563D735D0543}
		{922D0322-9AB1-44E7-8A4B-EDBACEBCECD2} = {BB29A1E3-D019-4463-A2C7-7B7EA72CD452}
		{136C3CB5-DF5A-41EA-9C07-BF2DC8EE20A6} = {50346D9D-6484-416A-B02A-CBA681116288}
		{91D6D633-6450-4B48-9F0F-8A5FB2913CD9} = {136C3CB5-DF5A-41EA-9C07-BF2DC8EE20A6}
		{6F935043-1391-45A4-A69A-A9609724AE44} = {136C3CB5-DF5A-41EA-9C07-BF2DC8EE20A6}
		{380F29C7-B2F8-4A34-A5B6-D735BE6FDCCE} = {50346D9D-6484-416A-B02A-CBA681116288}
		{E7D2EF6B-E3A2-4FA2-B785-5F6752E6F5D3} = {77A66E59-5C19-4DF9-82EE-563D735D0543}
		{234147BC-61A0-47FF-9864-09D6E092DAFB} = {77A66E59-5C19-4DF9-82EE-563D735D0543}
		{22FB86F6-42C3-426C-8CF0-6ECD8D2C8E16} = {234147BC-61A0-47FF-9864-09D6E092DAFB}
		{80FB1136-0FD6-4A83-876D-9E2B1EB783D8} = {234147BC-61A0-47FF-9864-09D6E092DAFB}
		{F9FB9923-A41F-4A4B-9070-3F805E426A4A} = {77A66E59-5C19-4DF9-82EE-563D735D0543}
		{297B990C-F67E-40A7-8629-8FF23F799EF0} = {F9FB9923-A41F-4A4B-9070-3F805E426A4A}
		{52BCE0EE-D6E0-4AAF-BA99-FBCB8ED3AF75} = {F9FB9923-A41F-4A4B-9070-3F805E426A4A}
		{81AAA0C7-4591-4EBE-9045-0BBEE857C1CD} = {F9FB9923-A41F-4A4B-9070-3F805E426A4A}
		{61FE74CA-AA36-4844-9FFE-17C238C5DBC3} = {F9FB9923-A41F-4A4B-9070-3F805E426A4A}
	EndGlobalSection
	GlobalSection(ExtensibilityGlobals) = postSolution
		SolutionGuid = {D43ACBAC-0F1C-4E00-BAFA-66141841787F}
	EndGlobalSection
EndGlobal
