
Microsoft Visual Studio Solution File, Format Version 12.00
# Visual Studio Version 16
VisualStudioVersion = 16.0.30204.135
MinimumVisualStudioVersion = 10.0.40219.1
Project("{9A19103F-16F7-4668-BE54-9A1E7A4F7556}") = "Catalog.Api", "Catalog.Api\Catalog.Api.csproj", "{C84DAAF7-A9FF-4AA9-B024-2160810892B7}"
EndProject
Project("{2150E333-8FDC-42A3-9474-1A3956D46DE8}") = "Services", "Services", "{77A66E59-5C19-4DF9-82EE-563D735D0543}"
EndProject
Project("{2150E333-8FDC-42A3-9474-1A3956D46DE8}") = "Catalog", "Catalog", "{BB29A1E3-D019-4463-A2C7-7B7EA72CD452}"
EndProject
Project("{9A19103F-16F7-4668-BE54-9A1E7A4F7556}") = "Catalog.Infrastructure", "Catalog.Infrastructure\Catalog.Infrastructure.csproj", "{922D0322-9AB1-44E7-8A4B-EDBACEBCECD2}"
EndProject
Project("{2150E333-8FDC-42A3-9474-1A3956D46DE8}") = "Infrastructure", "Infrastructure", "{50346D9D-6484-416A-B02A-CBA681116288}"
EndProject
Project("{2150E333-8FDC-42A3-9474-1A3956D46DE8}") = "EventBus", "EventBus", "{136C3CB5-DF5A-41EA-9C07-BF2DC8EE20A6}"
EndProject
Project("{9A19103F-16F7-4668-BE54-9A1E7A4F7556}") = "EventLogEF", "EventLogEF\EventLogEF.csproj", "{91D6D633-6450-4B48-9F0F-8A5FB2913CD9}"
EndProject
Project("{9A19103F-16F7-4668-BE54-9A1E7A4F7556}") = "Event.Bus", "Event.Bus\Event.Bus.csproj", "{6F935043-1391-45A4-A69A-A9609724AE44}"
EndProject
Project("{9A19103F-16F7-4668-BE54-9A1E7A4F7556}") = "TestMicro.Infrastructure", "TestMicro.Infrastructure\TestMicro.Infrastructure.csproj", "{380F29C7-B2F8-4A34-A5B6-D735BE6FDCCE}"
EndProject
Project("{FAE04EC0-301F-11D3-BF4B-00C04F79EFBC}") = "tes", "tes\tes.csproj", "{E7D2EF6B-E3A2-4FA2-B785-5F6752E6F5D3}"
EndProject
Global
	GlobalSection(SolutionConfigurationPlatforms) = preSolution
		Debug|Any CPU = Debug|Any CPU
		Release|Any CPU = Release|Any CPU
	EndGlobalSection
	GlobalSection(ProjectConfigurationPlatforms) = postSolution
		{C84DAAF7-A9FF-4AA9-B024-2160810892B7}.Debug|Any CPU.ActiveCfg = Debug|Any CPU
		{C84DAAF7-A9FF-4AA9-B024-2160810892B7}.Debug|Any CPU.Build.0 = Debug|Any CPU
		{C84DAAF7-A9FF-4AA9-B024-2160810892B7}.Release|Any CPU.ActiveCfg = Release|Any CPU
		{C84DAAF7-A9FF-4AA9-B024-2160810892B7}.Release|Any CPU.Build.0 = Release|Any CPU
		{922D0322-9AB1-44E7-8A4B-EDBACEBCECD2}.Debug|Any CPU.ActiveCfg = Debug|Any CPU
		{922D0322-9AB1-44E7-8A4B-EDBACEBCECD2}.Debug|Any CPU.Build.0 = Debug|Any CPU
		{922D0322-9AB1-44E7-8A4B-EDBACEBCECD2}.Release|Any CPU.ActiveCfg = Release|Any CPU
		{922D0322-9AB1-44E7-8A4B-EDBACEBCECD2}.Release|Any CPU.Build.0 = Release|Any CPU
		{91D6D633-6450-4B48-9F0F-8A5FB2913CD9}.Debug|Any CPU.ActiveCfg = Debug|Any CPU
		{91D6D633-6450-4B48-9F0F-8A5FB2913CD9}.Debug|Any CPU.Build.0 = Debug|Any CPU
		{91D6D633-6450-4B48-9F0F-8A5FB2913CD9}.Release|Any CPU.ActiveCfg = Release|Any CPU
		{91D6D633-6450-4B48-9F0F-8A5FB2913CD9}.Release|Any CPU.Build.0 = Release|Any CPU
		{6F935043-1391-45A4-A69A-A9609724AE44}.Debug|Any CPU.ActiveCfg = Debug|Any CPU
		{6F935043-1391-45A4-A69A-A9609724AE44}.Debug|Any CPU.Build.0 = Debug|Any CPU
		{6F935043-1391-45A4-A69A-A9609724AE44}.Release|Any CPU.ActiveCfg = Release|Any CPU
		{6F935043-1391-45A4-A69A-A9609724AE44}.Release|Any CPU.Build.0 = Release|Any CPU
		{380F29C7-B2F8-4A34-A5B6-D735BE6FDCCE}.Debug|Any CPU.ActiveCfg = Debug|Any CPU
		{380F29C7-B2F8-4A34-A5B6-D735BE6FDCCE}.Debug|Any CPU.Build.0 = Debug|Any CPU
		{380F29C7-B2F8-4A34-A5B6-D735BE6FDCCE}.Release|Any CPU.ActiveCfg = Release|Any CPU
		{380F29C7-B2F8-4A34-A5B6-D735BE6FDCCE}.Release|Any CPU.Build.0 = Release|Any CPU
		{E7D2EF6B-E3A2-4FA2-B785-5F6752E6F5D3}.Debug|Any CPU.ActiveCfg = Debug|Any CPU
		{E7D2EF6B-E3A2-4FA2-B785-5F6752E6F5D3}.Debug|Any CPU.Build.0 = Debug|Any CPU
		{E7D2EF6B-E3A2-4FA2-B785-5F6752E6F5D3}.Release|Any CPU.ActiveCfg = Release|Any CPU
		{E7D2EF6B-E3A2-4FA2-B785-5F6752E6F5D3}.Release|Any CPU.Build.0 = Release|Any CPU
	EndGlobalSection
	GlobalSection(SolutionProperties) = preSolution
		HideSolutionNode = FALSE
	EndGlobalSection
	GlobalSection(NestedProjects) = preSolution
		{C84DAAF7-A9FF-4AA9-B024-2160810892B7} = {BB29A1E3-D019-4463-A2C7-7B7EA72CD452}
		{BB29A1E3-D019-4463-A2C7-7B7EA72CD452} = {77A66E59-5C19-4DF9-82EE-563D735D0543}
		{922D0322-9AB1-44E7-8A4B-EDBACEBCECD2} = {BB29A1E3-D019-4463-A2C7-7B7EA72CD452}
		{136C3CB5-DF5A-41EA-9C07-BF2DC8EE20A6} = {50346D9D-6484-416A-B02A-CBA681116288}
		{91D6D633-6450-4B48-9F0F-8A5FB2913CD9} = {136C3CB5-DF5A-41EA-9C07-BF2DC8EE20A6}
		{6F935043-1391-45A4-A69A-A9609724AE44} = {136C3CB5-DF5A-41EA-9C07-BF2DC8EE20A6}
		{380F29C7-B2F8-4A34-A5B6-D735BE6FDCCE} = {50346D9D-6484-416A-B02A-CBA681116288}
		{E7D2EF6B-E3A2-4FA2-B785-5F6752E6F5D3} = {77A66E59-5C19-4DF9-82EE-563D735D0543}
	EndGlobalSection
	GlobalSection(ExtensibilityGlobals) = postSolution
		SolutionGuid = {D43ACBAC-0F1C-4E00-BAFA-66141841787F}
	EndGlobalSection
EndGlobal
