
Microsoft Visual Studio Solution File, Format Version 12.00
# Visual Studio Version 16
VisualStudioVersion = 16.0.28902.138
MinimumVisualStudioVersion = 15.0.26124.0
Project("{2150E333-8FDC-42A3-9474-1A3956D46DE8}") = "src", "src", "{92C6B87B-4273-447E-8578-224A03325F5C}"
EndProject
Project("{2150E333-8FDC-42A3-9474-1A3956D46DE8}") = "test", "test", "{C9F789D5-BE2A-467D-B15A-13C1E2EBA917}"
EndProject
Project("{FAE04EC0-301F-11D3-BF4B-00C04F79EFBC}") = "DynamoDBUnitOfWork", "src\DynamoDBUnitOfWork\DynamoDBUnitOfWork.csproj", "{DA03675F-2891-4F27-8E04-F7CADD1FF94B}"
EndProject
Project("{FAE04EC0-301F-11D3-BF4B-00C04F79EFBC}") = "DynamoDBUnitOfWork.Tests", "test\DynamoDBUnitOfWork.Tests\DynamoDBUnitOfWork.Tests.csproj", "{EE9E98B6-3F38-4223-B320-819F7178E19B}"
EndProject
Global
	GlobalSection(SolutionConfigurationPlatforms) = preSolution
		Debug|Any CPU = Debug|Any CPU
		Debug|x64 = Debug|x64
		Debug|x86 = Debug|x86
		Release|Any CPU = Release|Any CPU
		Release|x64 = Release|x64
		Release|x86 = Release|x86
	EndGlobalSection
	GlobalSection(ProjectConfigurationPlatforms) = postSolution
		{DA03675F-2891-4F27-8E04-F7CADD1FF94B}.Debug|Any CPU.ActiveCfg = Debug|Any CPU
		{DA03675F-2891-4F27-8E04-F7CADD1FF94B}.Debug|Any CPU.Build.0 = Debug|Any CPU
		{DA03675F-2891-4F27-8E04-F7CADD1FF94B}.Debug|x64.ActiveCfg = Debug|Any CPU
		{DA03675F-2891-4F27-8E04-F7CADD1FF94B}.Debug|x64.Build.0 = Debug|Any CPU
		{DA03675F-2891-4F27-8E04-F7CADD1FF94B}.Debug|x86.ActiveCfg = Debug|Any CPU
		{DA03675F-2891-4F27-8E04-F7CADD1FF94B}.Debug|x86.Build.0 = Debug|Any CPU
		{DA03675F-2891-4F27-8E04-F7CADD1FF94B}.Release|Any CPU.ActiveCfg = Release|Any CPU
		{DA03675F-2891-4F27-8E04-F7CADD1FF94B}.Release|Any CPU.Build.0 = Release|Any CPU
		{DA03675F-2891-4F27-8E04-F7CADD1FF94B}.Release|x64.ActiveCfg = Release|Any CPU
		{DA03675F-2891-4F27-8E04-F7CADD1FF94B}.Release|x64.Build.0 = Release|Any CPU
		{DA03675F-2891-4F27-8E04-F7CADD1FF94B}.Release|x86.ActiveCfg = Release|Any CPU
		{DA03675F-2891-4F27-8E04-F7CADD1FF94B}.Release|x86.Build.0 = Release|Any CPU
		{EE9E98B6-3F38-4223-B320-819F7178E19B}.Debug|Any CPU.ActiveCfg = Debug|Any CPU
		{EE9E98B6-3F38-4223-B320-819F7178E19B}.Debug|Any CPU.Build.0 = Debug|Any CPU
		{EE9E98B6-3F38-4223-B320-819F7178E19B}.Debug|x64.ActiveCfg = Debug|Any CPU
		{EE9E98B6-3F38-4223-B320-819F7178E19B}.Debug|x64.Build.0 = Debug|Any CPU
		{EE9E98B6-3F38-4223-B320-819F7178E19B}.Debug|x86.ActiveCfg = Debug|Any CPU
		{EE9E98B6-3F38-4223-B320-819F7178E19B}.Debug|x86.Build.0 = Debug|Any CPU
		{EE9E98B6-3F38-4223-B320-819F7178E19B}.Release|Any CPU.ActiveCfg = Release|Any CPU
		{EE9E98B6-3F38-4223-B320-819F7178E19B}.Release|Any CPU.Build.0 = Release|Any CPU
		{EE9E98B6-3F38-4223-B320-819F7178E19B}.Release|x64.ActiveCfg = Release|Any CPU
		{EE9E98B6-3F38-4223-B320-819F7178E19B}.Release|x64.Build.0 = Release|Any CPU
		{EE9E98B6-3F38-4223-B320-819F7178E19B}.Release|x86.ActiveCfg = Release|Any CPU
		{EE9E98B6-3F38-4223-B320-819F7178E19B}.Release|x86.Build.0 = Release|Any CPU
	EndGlobalSection
	GlobalSection(SolutionProperties) = preSolution
		HideSolutionNode = FALSE
	EndGlobalSection
	GlobalSection(NestedProjects) = preSolution
		{DA03675F-2891-4F27-8E04-F7CADD1FF94B} = {92C6B87B-4273-447E-8578-224A03325F5C}
		{EE9E98B6-3F38-4223-B320-819F7178E19B} = {C9F789D5-BE2A-467D-B15A-13C1E2EBA917}
	EndGlobalSection
	GlobalSection(ExtensibilityGlobals) = postSolution
		SolutionGuid = {9FE19D98-4CC3-4F38-8002-7D3EC1BFFA95}
	EndGlobalSection
EndGlobal
