
Microsoft Visual Studio Solution File, Format Version 12.00
# Visual Studio Version 16
VisualStudioVersion = 16.0.29806.167
MinimumVisualStudioVersion = 10.0.40219.1
Project("{2150E333-8FDC-42A3-9474-1A3956D46DE8}") = "DesignPatterns", "DesignPatterns", "{BB50CC16-B88F-4BB0-9471-CB39FEC0F89A}"
EndProject
Project("{2150E333-8FDC-42A3-9474-1A3956D46DE8}") = "Payments", "Payments", "{46EA0D71-3856-4AE2-94F4-1D91F82CA808}"
EndProject
Project("{9A19103F-16F7-4668-BE54-9A1E7A4F7556}") = "CQRSTest", "..\..\CQRS\CQRSTest.csproj", "{0DA1F59B-E9E9-485D-BA22-627F28D8E813}"
EndProject
Project("{2150E333-8FDC-42A3-9474-1A3956D46DE8}") = "Utilities", "Utilities", "{A45959F5-0416-4E12-8248-4F24DF770D3F}"
EndProject
Project("{2150E333-8FDC-42A3-9474-1A3956D46DE8}") = "Database", "Database", "{C2FF28A5-6B93-4D9E-8927-7F69A60D8D2C}"
EndProject
Project("{9A19103F-16F7-4668-BE54-9A1E7A4F7556}") = "RepoAndUoW", "..\..\RepoAndUoW\RepoAndUoW.csproj", "{C3DB45F0-EAD5-4775-BB4E-5AFF158B59FC}"
EndProject
Project("{9A19103F-16F7-4668-BE54-9A1E7A4F7556}") = "Mediator", "..\..\Mediator\Mediator.csproj", "{C179E4C2-7318-4FB5-BAD8-EB3CC69623E1}"
EndProject
Project("{9A19103F-16F7-4668-BE54-9A1E7A4F7556}") = "MySql", "..\..\MySql\MySql.csproj", "{18E09B43-AB9A-4F0D-A13A-7C25E7DB3454}"
EndProject
Project("{9A19103F-16F7-4668-BE54-9A1E7A4F7556}") = "Mongo", "..\..\Mongo\Mongo.csproj", "{AC967D9A-9371-450D-8A23-96618B8E5DF6}"
EndProject
Project("{2150E333-8FDC-42A3-9474-1A3956D46DE8}") = "Cache", "Cache", "{4B497F0C-62F6-4B66-B6A3-D1D4976F01AA}"
EndProject
Project("{9A19103F-16F7-4668-BE54-9A1E7A4F7556}") = "Redis", "..\..\Redis\Redis.csproj", "{8719D4F1-03E3-4576-A428-C654EB2DC246}"
EndProject
Project("{2150E333-8FDC-42A3-9474-1A3956D46DE8}") = "Others", "Others", "{177C6FE6-470A-4BB6-8C7C-3E2F8777D589}"
EndProject
Project("{2150E333-8FDC-42A3-9474-1A3956D46DE8}") = "Logging", "Logging", "{CA42DF8B-0BAB-4671-9EAE-65A1DD11BA3B}"
EndProject
Project("{2150E333-8FDC-42A3-9474-1A3956D46DE8}") = "Module", "Module", "{B5551696-5930-420D-9BF1-D1B5D541F026}"
EndProject
Project("{2150E333-8FDC-42A3-9474-1A3956D46DE8}") = "RabbitMq", "RabbitMq", "{B71DBBD2-90C5-4DEB-AA41-DD2888EFE78A}"
EndProject
Project("{2150E333-8FDC-42A3-9474-1A3956D46DE8}") = "News", "News", "{2E2CE221-101E-42DB-96BD-9AF80498C079}"
EndProject
Project("{2150E333-8FDC-42A3-9474-1A3956D46DE8}") = "GRPC", "GRPC", "{89DB8F2E-AD8A-41B0-A57D-204A693274AB}"
EndProject
Project("{2150E333-8FDC-42A3-9474-1A3956D46DE8}") = "Blazor", "Blazor", "{7057FA2D-5733-4B2E-8DDD-E96C840B1540}"
EndProject
Project("{2150E333-8FDC-42A3-9474-1A3956D46DE8}") = "SendMail", "SendMail", "{83D77EC3-A4FB-4A67-8AEA-BE7C9CDF4F4D}"
EndProject
Project("{FAE04EC0-301F-11D3-BF4B-00C04F79EFBC}") = "ModuleApp", "..\..\ModuleApp\ModuleApp.csproj", "{38DBD854-D277-4EB8-8A0E-0AC8FBBD089A}"
EndProject
Project("{FAE04EC0-301F-11D3-BF4B-00C04F79EFBC}") = "ModuleApp.Infrastructure", "..\..\ModuleApp.Infrastructure\ModuleApp.Infrastructure.csproj", "{7534D64A-EDD9-4D97-97DC-4D5847711A6B}"
EndProject
Project("{FAE04EC0-301F-11D3-BF4B-00C04F79EFBC}") = "ModuleApp.Module.Core", "..\..\ModuleApp.Module.Core\ModuleApp.Module.Core.csproj", "{3BDB0865-FA13-428E-AE74-20E520B6F26C}"
EndProject
Project("{2150E333-8FDC-42A3-9474-1A3956D46DE8}") = "Modules", "Modules", "{B924F0DE-196F-4C9C-BD89-2591E148DCDA}"
EndProject
Project("{9A19103F-16F7-4668-BE54-9A1E7A4F7556}") = "Nlog", "..\..\Others\Logging\Nlog\Nlog.csproj", "{090BAC2A-FE6F-46E0-A530-BFF29E7EA077}"
EndProject
Project("{9A19103F-16F7-4668-BE54-9A1E7A4F7556}") = "Hangfire", "Hangfire.csproj", "{6ECCD1B0-0A68-4E88-9EA2-23CBE1FCD296}"
EndProject
Project("{9A19103F-16F7-4668-BE54-9A1E7A4F7556}") = "ZaloPayment", "..\..\Payments\ZaloPayment\ZaloPayment.csproj", "{7874C077-3A02-4AD7-BE79-4A8BF261F566}"
EndProject
Project("{9A19103F-16F7-4668-BE54-9A1E7A4F7556}") = "ViettelPayment", "..\..\Payments\ViettelPayment\ViettelPayment.csproj", "{78D5A166-7B18-4CA6-B716-AF0B6B1DC492}"
EndProject
Project("{9A19103F-16F7-4668-BE54-9A1E7A4F7556}") = "StripePayment", "..\..\Payments\StripePayment\StripePayment.csproj", "{FA3464AC-0F59-4301-8101-F1F515EE3BD7}"
EndProject
Project("{9A19103F-16F7-4668-BE54-9A1E7A4F7556}") = "PaypalExpressPayment", "..\..\Payments\PaypalExpressPayment\PaypalExpressPayment.csproj", "{7690E449-FD12-4185-9C50-1A488D46EF39}"
EndProject
Project("{9A19103F-16F7-4668-BE54-9A1E7A4F7556}") = "NganLuongPayment", "..\..\Payments\NganLuongPayment\NganLuongPayment.csproj", "{C2317100-5387-4ADF-851B-AF015241EFB5}"
EndProject
Project("{9A19103F-16F7-4668-BE54-9A1E7A4F7556}") = "MomoPayment", "..\..\Payments\MomoPayment\MomoPayment.csproj", "{E07C9BF5-49EC-4D76-9DA2-6B5696A87744}"
EndProject
Project("{9A19103F-16F7-4668-BE54-9A1E7A4F7556}") = "CashfreePayment", "..\..\Payments\CashfreePayment\CashfreePayment.csproj", "{33214EC3-E954-4204-B811-6D175A78326E}"
EndProject
Project("{9A19103F-16F7-4668-BE54-9A1E7A4F7556}") = "BraintreePayment", "..\..\Payments\BraintreePayment\BraintreePayment.csproj", "{2BF7DB43-3AF9-4842-8877-89A62B2B84A8}"
EndProject
Project("{9A19103F-16F7-4668-BE54-9A1E7A4F7556}") = "AdyenPayment", "..\..\Payments\AdyenPayment\AdyenPayment.csproj", "{6462D123-93E8-4C88-A544-5915F7EE7627}"
EndProject
Global
	GlobalSection(SolutionConfigurationPlatforms) = preSolution
		Debug|Any CPU = Debug|Any CPU
		Release|Any CPU = Release|Any CPU
	EndGlobalSection
	GlobalSection(ProjectConfigurationPlatforms) = postSolution
		{0DA1F59B-E9E9-485D-BA22-627F28D8E813}.Debug|Any CPU.ActiveCfg = Debug|Any CPU
		{0DA1F59B-E9E9-485D-BA22-627F28D8E813}.Debug|Any CPU.Build.0 = Debug|Any CPU
		{0DA1F59B-E9E9-485D-BA22-627F28D8E813}.Release|Any CPU.ActiveCfg = Release|Any CPU
		{0DA1F59B-E9E9-485D-BA22-627F28D8E813}.Release|Any CPU.Build.0 = Release|Any CPU
		{C3DB45F0-EAD5-4775-BB4E-5AFF158B59FC}.Debug|Any CPU.ActiveCfg = Debug|Any CPU
		{C3DB45F0-EAD5-4775-BB4E-5AFF158B59FC}.Debug|Any CPU.Build.0 = Debug|Any CPU
		{C3DB45F0-EAD5-4775-BB4E-5AFF158B59FC}.Release|Any CPU.ActiveCfg = Release|Any CPU
		{C3DB45F0-EAD5-4775-BB4E-5AFF158B59FC}.Release|Any CPU.Build.0 = Release|Any CPU
		{C179E4C2-7318-4FB5-BAD8-EB3CC69623E1}.Debug|Any CPU.ActiveCfg = Debug|Any CPU
		{C179E4C2-7318-4FB5-BAD8-EB3CC69623E1}.Debug|Any CPU.Build.0 = Debug|Any CPU
		{C179E4C2-7318-4FB5-BAD8-EB3CC69623E1}.Release|Any CPU.ActiveCfg = Release|Any CPU
		{C179E4C2-7318-4FB5-BAD8-EB3CC69623E1}.Release|Any CPU.Build.0 = Release|Any CPU
		{18E09B43-AB9A-4F0D-A13A-7C25E7DB3454}.Debug|Any CPU.ActiveCfg = Debug|Any CPU
		{18E09B43-AB9A-4F0D-A13A-7C25E7DB3454}.Debug|Any CPU.Build.0 = Debug|Any CPU
		{18E09B43-AB9A-4F0D-A13A-7C25E7DB3454}.Release|Any CPU.ActiveCfg = Release|Any CPU
		{18E09B43-AB9A-4F0D-A13A-7C25E7DB3454}.Release|Any CPU.Build.0 = Release|Any CPU
		{AC967D9A-9371-450D-8A23-96618B8E5DF6}.Debug|Any CPU.ActiveCfg = Debug|Any CPU
		{AC967D9A-9371-450D-8A23-96618B8E5DF6}.Debug|Any CPU.Build.0 = Debug|Any CPU
		{AC967D9A-9371-450D-8A23-96618B8E5DF6}.Release|Any CPU.ActiveCfg = Release|Any CPU
		{AC967D9A-9371-450D-8A23-96618B8E5DF6}.Release|Any CPU.Build.0 = Release|Any CPU
		{8719D4F1-03E3-4576-A428-C654EB2DC246}.Debug|Any CPU.ActiveCfg = Debug|Any CPU
		{8719D4F1-03E3-4576-A428-C654EB2DC246}.Debug|Any CPU.Build.0 = Debug|Any CPU
		{8719D4F1-03E3-4576-A428-C654EB2DC246}.Release|Any CPU.ActiveCfg = Release|Any CPU
		{8719D4F1-03E3-4576-A428-C654EB2DC246}.Release|Any CPU.Build.0 = Release|Any CPU
		{38DBD854-D277-4EB8-8A0E-0AC8FBBD089A}.Debug|Any CPU.ActiveCfg = Debug|Any CPU
		{38DBD854-D277-4EB8-8A0E-0AC8FBBD089A}.Debug|Any CPU.Build.0 = Debug|Any CPU
		{38DBD854-D277-4EB8-8A0E-0AC8FBBD089A}.Release|Any CPU.ActiveCfg = Release|Any CPU
		{38DBD854-D277-4EB8-8A0E-0AC8FBBD089A}.Release|Any CPU.Build.0 = Release|Any CPU
		{7534D64A-EDD9-4D97-97DC-4D5847711A6B}.Debug|Any CPU.ActiveCfg = Debug|Any CPU
		{7534D64A-EDD9-4D97-97DC-4D5847711A6B}.Debug|Any CPU.Build.0 = Debug|Any CPU
		{7534D64A-EDD9-4D97-97DC-4D5847711A6B}.Release|Any CPU.ActiveCfg = Release|Any CPU
		{7534D64A-EDD9-4D97-97DC-4D5847711A6B}.Release|Any CPU.Build.0 = Release|Any CPU
		{3BDB0865-FA13-428E-AE74-20E520B6F26C}.Debug|Any CPU.ActiveCfg = Debug|Any CPU
		{3BDB0865-FA13-428E-AE74-20E520B6F26C}.Debug|Any CPU.Build.0 = Debug|Any CPU
		{3BDB0865-FA13-428E-AE74-20E520B6F26C}.Release|Any CPU.ActiveCfg = Release|Any CPU
		{3BDB0865-FA13-428E-AE74-20E520B6F26C}.Release|Any CPU.Build.0 = Release|Any CPU
		{090BAC2A-FE6F-46E0-A530-BFF29E7EA077}.Debug|Any CPU.ActiveCfg = Debug|Any CPU
		{090BAC2A-FE6F-46E0-A530-BFF29E7EA077}.Debug|Any CPU.Build.0 = Debug|Any CPU
		{090BAC2A-FE6F-46E0-A530-BFF29E7EA077}.Release|Any CPU.ActiveCfg = Release|Any CPU
		{090BAC2A-FE6F-46E0-A530-BFF29E7EA077}.Release|Any CPU.Build.0 = Release|Any CPU
		{6ECCD1B0-0A68-4E88-9EA2-23CBE1FCD296}.Debug|Any CPU.ActiveCfg = Debug|Any CPU
		{6ECCD1B0-0A68-4E88-9EA2-23CBE1FCD296}.Debug|Any CPU.Build.0 = Debug|Any CPU
		{6ECCD1B0-0A68-4E88-9EA2-23CBE1FCD296}.Release|Any CPU.ActiveCfg = Release|Any CPU
		{6ECCD1B0-0A68-4E88-9EA2-23CBE1FCD296}.Release|Any CPU.Build.0 = Release|Any CPU
		{7874C077-3A02-4AD7-BE79-4A8BF261F566}.Debug|Any CPU.ActiveCfg = Debug|Any CPU
		{7874C077-3A02-4AD7-BE79-4A8BF261F566}.Debug|Any CPU.Build.0 = Debug|Any CPU
		{7874C077-3A02-4AD7-BE79-4A8BF261F566}.Release|Any CPU.ActiveCfg = Release|Any CPU
		{7874C077-3A02-4AD7-BE79-4A8BF261F566}.Release|Any CPU.Build.0 = Release|Any CPU
		{78D5A166-7B18-4CA6-B716-AF0B6B1DC492}.Debug|Any CPU.ActiveCfg = Debug|Any CPU
		{78D5A166-7B18-4CA6-B716-AF0B6B1DC492}.Debug|Any CPU.Build.0 = Debug|Any CPU
		{78D5A166-7B18-4CA6-B716-AF0B6B1DC492}.Release|Any CPU.ActiveCfg = Release|Any CPU
		{78D5A166-7B18-4CA6-B716-AF0B6B1DC492}.Release|Any CPU.Build.0 = Release|Any CPU
		{FA3464AC-0F59-4301-8101-F1F515EE3BD7}.Debug|Any CPU.ActiveCfg = Debug|Any CPU
		{FA3464AC-0F59-4301-8101-F1F515EE3BD7}.Debug|Any CPU.Build.0 = Debug|Any CPU
		{FA3464AC-0F59-4301-8101-F1F515EE3BD7}.Release|Any CPU.ActiveCfg = Release|Any CPU
		{FA3464AC-0F59-4301-8101-F1F515EE3BD7}.Release|Any CPU.Build.0 = Release|Any CPU
		{7690E449-FD12-4185-9C50-1A488D46EF39}.Debug|Any CPU.ActiveCfg = Debug|Any CPU
		{7690E449-FD12-4185-9C50-1A488D46EF39}.Debug|Any CPU.Build.0 = Debug|Any CPU
		{7690E449-FD12-4185-9C50-1A488D46EF39}.Release|Any CPU.ActiveCfg = Release|Any CPU
		{7690E449-FD12-4185-9C50-1A488D46EF39}.Release|Any CPU.Build.0 = Release|Any CPU
		{C2317100-5387-4ADF-851B-AF015241EFB5}.Debug|Any CPU.ActiveCfg = Debug|Any CPU
		{C2317100-5387-4ADF-851B-AF015241EFB5}.Debug|Any CPU.Build.0 = Debug|Any CPU
		{C2317100-5387-4ADF-851B-AF015241EFB5}.Release|Any CPU.ActiveCfg = Release|Any CPU
		{C2317100-5387-4ADF-851B-AF015241EFB5}.Release|Any CPU.Build.0 = Release|Any CPU
		{E07C9BF5-49EC-4D76-9DA2-6B5696A87744}.Debug|Any CPU.ActiveCfg = Debug|Any CPU
		{E07C9BF5-49EC-4D76-9DA2-6B5696A87744}.Debug|Any CPU.Build.0 = Debug|Any CPU
		{E07C9BF5-49EC-4D76-9DA2-6B5696A87744}.Release|Any CPU.ActiveCfg = Release|Any CPU
		{E07C9BF5-49EC-4D76-9DA2-6B5696A87744}.Release|Any CPU.Build.0 = Release|Any CPU
		{33214EC3-E954-4204-B811-6D175A78326E}.Debug|Any CPU.ActiveCfg = Debug|Any CPU
		{33214EC3-E954-4204-B811-6D175A78326E}.Debug|Any CPU.Build.0 = Debug|Any CPU
		{33214EC3-E954-4204-B811-6D175A78326E}.Release|Any CPU.ActiveCfg = Release|Any CPU
		{33214EC3-E954-4204-B811-6D175A78326E}.Release|Any CPU.Build.0 = Release|Any CPU
		{2BF7DB43-3AF9-4842-8877-89A62B2B84A8}.Debug|Any CPU.ActiveCfg = Debug|Any CPU
		{2BF7DB43-3AF9-4842-8877-89A62B2B84A8}.Debug|Any CPU.Build.0 = Debug|Any CPU
		{2BF7DB43-3AF9-4842-8877-89A62B2B84A8}.Release|Any CPU.ActiveCfg = Release|Any CPU
		{2BF7DB43-3AF9-4842-8877-89A62B2B84A8}.Release|Any CPU.Build.0 = Release|Any CPU
		{6462D123-93E8-4C88-A544-5915F7EE7627}.Debug|Any CPU.ActiveCfg = Debug|Any CPU
		{6462D123-93E8-4C88-A544-5915F7EE7627}.Debug|Any CPU.Build.0 = Debug|Any CPU
		{6462D123-93E8-4C88-A544-5915F7EE7627}.Release|Any CPU.ActiveCfg = Release|Any CPU
		{6462D123-93E8-4C88-A544-5915F7EE7627}.Release|Any CPU.Build.0 = Release|Any CPU
	EndGlobalSection
	GlobalSection(SolutionProperties) = preSolution
		HideSolutionNode = FALSE
	EndGlobalSection
	GlobalSection(NestedProjects) = preSolution
		{0DA1F59B-E9E9-485D-BA22-627F28D8E813} = {BB50CC16-B88F-4BB0-9471-CB39FEC0F89A}
		{C3DB45F0-EAD5-4775-BB4E-5AFF158B59FC} = {BB50CC16-B88F-4BB0-9471-CB39FEC0F89A}
		{C179E4C2-7318-4FB5-BAD8-EB3CC69623E1} = {BB50CC16-B88F-4BB0-9471-CB39FEC0F89A}
		{18E09B43-AB9A-4F0D-A13A-7C25E7DB3454} = {C2FF28A5-6B93-4D9E-8927-7F69A60D8D2C}
		{AC967D9A-9371-450D-8A23-96618B8E5DF6} = {C2FF28A5-6B93-4D9E-8927-7F69A60D8D2C}
		{8719D4F1-03E3-4576-A428-C654EB2DC246} = {4B497F0C-62F6-4B66-B6A3-D1D4976F01AA}
		{CA42DF8B-0BAB-4671-9EAE-65A1DD11BA3B} = {177C6FE6-470A-4BB6-8C7C-3E2F8777D589}
		{B5551696-5930-420D-9BF1-D1B5D541F026} = {BB50CC16-B88F-4BB0-9471-CB39FEC0F89A}
		{B71DBBD2-90C5-4DEB-AA41-DD2888EFE78A} = {177C6FE6-470A-4BB6-8C7C-3E2F8777D589}
		{89DB8F2E-AD8A-41B0-A57D-204A693274AB} = {2E2CE221-101E-42DB-96BD-9AF80498C079}
		{7057FA2D-5733-4B2E-8DDD-E96C840B1540} = {2E2CE221-101E-42DB-96BD-9AF80498C079}
		{83D77EC3-A4FB-4A67-8AEA-BE7C9CDF4F4D} = {177C6FE6-470A-4BB6-8C7C-3E2F8777D589}
		{38DBD854-D277-4EB8-8A0E-0AC8FBBD089A} = {B5551696-5930-420D-9BF1-D1B5D541F026}
		{7534D64A-EDD9-4D97-97DC-4D5847711A6B} = {B5551696-5930-420D-9BF1-D1B5D541F026}
		{3BDB0865-FA13-428E-AE74-20E520B6F26C} = {B924F0DE-196F-4C9C-BD89-2591E148DCDA}
		{B924F0DE-196F-4C9C-BD89-2591E148DCDA} = {B5551696-5930-420D-9BF1-D1B5D541F026}
		{090BAC2A-FE6F-46E0-A530-BFF29E7EA077} = {CA42DF8B-0BAB-4671-9EAE-65A1DD11BA3B}
		{6ECCD1B0-0A68-4E88-9EA2-23CBE1FCD296} = {A45959F5-0416-4E12-8248-4F24DF770D3F}
		{7874C077-3A02-4AD7-BE79-4A8BF261F566} = {46EA0D71-3856-4AE2-94F4-1D91F82CA808}
		{78D5A166-7B18-4CA6-B716-AF0B6B1DC492} = {46EA0D71-3856-4AE2-94F4-1D91F82CA808}
		{FA3464AC-0F59-4301-8101-F1F515EE3BD7} = {46EA0D71-3856-4AE2-94F4-1D91F82CA808}
		{7690E449-FD12-4185-9C50-1A488D46EF39} = {46EA0D71-3856-4AE2-94F4-1D91F82CA808}
		{C2317100-5387-4ADF-851B-AF015241EFB5} = {46EA0D71-3856-4AE2-94F4-1D91F82CA808}
		{E07C9BF5-49EC-4D76-9DA2-6B5696A87744} = {46EA0D71-3856-4AE2-94F4-1D91F82CA808}
		{33214EC3-E954-4204-B811-6D175A78326E} = {46EA0D71-3856-4AE2-94F4-1D91F82CA808}
		{2BF7DB43-3AF9-4842-8877-89A62B2B84A8} = {46EA0D71-3856-4AE2-94F4-1D91F82CA808}
		{6462D123-93E8-4C88-A544-5915F7EE7627} = {46EA0D71-3856-4AE2-94F4-1D91F82CA808}
	EndGlobalSection
	GlobalSection(ExtensibilityGlobals) = postSolution
		SolutionGuid = {C03E68F1-34D6-425D-A92A-8092DD1F6245}
	EndGlobalSection
EndGlobal
