
Microsoft Visual Studio Solution File, Format Version 12.00
# Visual Studio Version 16
VisualStudioVersion = 16.0.29806.167
MinimumVisualStudioVersion = 10.0.40219.1
Project("{2150E333-8FDC-42A3-9474-1A3956D46DE8}") = "DesignPatterns", "DesignPatterns", "{BB50CC16-B88F-4BB0-9471-CB39FEC0F89A}"
EndProject
Project("{2150E333-8FDC-42A3-9474-1A3956D46DE8}") = "Payments", "Payments", "{46EA0D71-3856-4AE2-94F4-1D91F82CA808}"
EndProject
Project("{2150E333-8FDC-42A3-9474-1A3956D46DE8}") = "Utilities", "Utilities", "{A45959F5-0416-4E12-8248-4F24DF770D3F}"
EndProject
Project("{2150E333-8FDC-42A3-9474-1A3956D46DE8}") = "Database", "Database", "{C2FF28A5-6B93-4D9E-8927-7F69A60D8D2C}"
EndProject
Project("{9A19103F-16F7-4668-BE54-9A1E7A4F7556}") = "MomoPayment", "MomoPayment\MomoPayment.csproj", "{BFF89771-85C2-4480-9E79-A61E25228AB1}"
EndProject
Project("{9A19103F-16F7-4668-BE54-9A1E7A4F7556}") = "AdyenPayment", "AdyenPayment\AdyenPayment.csproj", "{1C8BFAA3-39B5-4C29-91FF-252573B753EB}"
EndProject
Project("{9A19103F-16F7-4668-BE54-9A1E7A4F7556}") = "MySql", "MySql\MySql.csproj", "{18E09B43-AB9A-4F0D-A13A-7C25E7DB3454}"
EndProject
Project("{9A19103F-16F7-4668-BE54-9A1E7A4F7556}") = "Mongo", "Mongo\Mongo.csproj", "{AC967D9A-9371-450D-8A23-96618B8E5DF6}"
EndProject
Project("{2150E333-8FDC-42A3-9474-1A3956D46DE8}") = "Cache", "Cache", "{4B497F0C-62F6-4B66-B6A3-D1D4976F01AA}"
EndProject
Project("{9A19103F-16F7-4668-BE54-9A1E7A4F7556}") = "Redis", "Redis\Redis.csproj", "{8719D4F1-03E3-4576-A428-C654EB2DC246}"
EndProject
Project("{2150E333-8FDC-42A3-9474-1A3956D46DE8}") = "Others", "Others", "{177C6FE6-470A-4BB6-8C7C-3E2F8777D589}"
EndProject
Project("{9A19103F-16F7-4668-BE54-9A1E7A4F7556}") = "ViettelPayment", "ViettelPayment\ViettelPayment.csproj", "{ECD813F3-774E-4B7B-A3E3-9BF7633F08E1}"
EndProject
Project("{9A19103F-16F7-4668-BE54-9A1E7A4F7556}") = "ZaloPayment", "ZaloPayment\ZaloPayment.csproj", "{DA97EDDF-17F8-4DB2-97D8-1DA5A28F3135}"
EndProject
Project("{2150E333-8FDC-42A3-9474-1A3956D46DE8}") = "Logging", "Logging", "{CA42DF8B-0BAB-4671-9EAE-65A1DD11BA3B}"
EndProject
Project("{9A19103F-16F7-4668-BE54-9A1E7A4F7556}") = "Nlog", "Nlog\Nlog.csproj", "{B7195F5A-FF32-4136-A799-D19DCF1FA400}"
EndProject
Project("{9A19103F-16F7-4668-BE54-9A1E7A4F7556}") = "NganLuongPayment", "NganLuongPayment\NganLuongPayment.csproj", "{619D0DC6-DD96-49D7-BBB3-613F0714D0D9}"
EndProject
Project("{9A19103F-16F7-4668-BE54-9A1E7A4F7556}") = "PaypalExpressPayment", "PaypalExpressPayment\PaypalExpressPayment.csproj", "{34D696A4-1A98-4154-B473-7DDECB043D41}"
EndProject
Project("{9A19103F-16F7-4668-BE54-9A1E7A4F7556}") = "BraintreePayment", "BraintreePayment\BraintreePayment.csproj", "{B7E3CDAC-DC5A-4B15-B989-E8D613196463}"
EndProject
Project("{9A19103F-16F7-4668-BE54-9A1E7A4F7556}") = "CashfreePayment", "CashfreePayment\CashfreePayment.csproj", "{F634B874-CFF4-4B61-9B67-E8DDEC8F85C3}"
EndProject
Project("{9A19103F-16F7-4668-BE54-9A1E7A4F7556}") = "StripePayment", "StripePayment\StripePayment.csproj", "{C865F35D-0460-49DB-9089-5F3AF1C9AD3D}"
EndProject
Project("{2150E333-8FDC-42A3-9474-1A3956D46DE8}") = "Module", "Module", "{B5551696-5930-420D-9BF1-D1B5D541F026}"
EndProject
Project("{2150E333-8FDC-42A3-9474-1A3956D46DE8}") = "RabbitMq", "RabbitMq", "{B71DBBD2-90C5-4DEB-AA41-DD2888EFE78A}"
EndProject
Project("{2150E333-8FDC-42A3-9474-1A3956D46DE8}") = "News", "News", "{2E2CE221-101E-42DB-96BD-9AF80498C079}"
EndProject
Project("{2150E333-8FDC-42A3-9474-1A3956D46DE8}") = "GRPC", "GRPC", "{89DB8F2E-AD8A-41B0-A57D-204A693274AB}"
EndProject
Project("{2150E333-8FDC-42A3-9474-1A3956D46DE8}") = "Blazor", "Blazor", "{7057FA2D-5733-4B2E-8DDD-E96C840B1540}"
EndProject
Project("{2150E333-8FDC-42A3-9474-1A3956D46DE8}") = "SendMail", "SendMail", "{83D77EC3-A4FB-4A67-8AEA-BE7C9CDF4F4D}"
EndProject
Project("{2150E333-8FDC-42A3-9474-1A3956D46DE8}") = "Modules", "Modules", "{B924F0DE-196F-4C9C-BD89-2591E148DCDA}"
EndProject
Project("{9A19103F-16F7-4668-BE54-9A1E7A4F7556}") = "ModuleApp.Module.Core", "DesignPatterns\Module\Modules\ModuleApp.Module.Core\ModuleApp.Module.Core.csproj", "{E5CCF8D0-C084-4F15-9998-4EDA273125BC}"
EndProject
Project("{9A19103F-16F7-4668-BE54-9A1E7A4F7556}") = "ModuleApp.Infrastructure", "DesignPatterns\Module\ModuleApp.Infrastructure\ModuleApp.Infrastructure.csproj", "{B0586EF6-100B-40EA-8D1B-B92CB500117C}"
EndProject
Project("{9A19103F-16F7-4668-BE54-9A1E7A4F7556}") = "ModuleApp", "DesignPatterns\Module\ModuleApp\ModuleApp.csproj", "{69FF9D55-F705-43A0-BCD9-2C606B9450D0}"
EndProject
Project("{9A19103F-16F7-4668-BE54-9A1E7A4F7556}") = "CQRSTest", "DesignPatterns\CQRS\CQRSTest.csproj", "{1D82B2F9-7787-4A06-80F2-F2D59B348BBF}"
EndProject
Project("{9A19103F-16F7-4668-BE54-9A1E7A4F7556}") = "Mediator", "DesignPatterns\Mediator\Mediator.csproj", "{72194FCE-BEB1-47D0-B48B-53E0B8BDC318}"
EndProject
Project("{9A19103F-16F7-4668-BE54-9A1E7A4F7556}") = "RepoAndUoW", "DesignPatterns\RepoAndUoW\RepoAndUoW.csproj", "{85333FB2-DF1D-4C29-B597-5DE739CA3BC9}"
EndProject
Project("{9A19103F-16F7-4668-BE54-9A1E7A4F7556}") = "Hangfire", "Utilities\Hangfire\Hangfire.csproj", "{D1FF3ADE-4083-4318-B191-95A3D42ADF80}"
EndProject
Project("{9A19103F-16F7-4668-BE54-9A1E7A4F7556}") = "ModuleApp.Module.News", "DesignPatterns\Module\Modules\ModuleApp.Module.News\ModuleApp.Module.News.csproj", "{B02F1E2B-AB65-4333-A0E9-09ACF9E723B9}"
EndProject
Global
	GlobalSection(SolutionConfigurationPlatforms) = preSolution
		Debug|Any CPU = Debug|Any CPU
		Release|Any CPU = Release|Any CPU
	EndGlobalSection
	GlobalSection(ProjectConfigurationPlatforms) = postSolution
		{BFF89771-85C2-4480-9E79-A61E25228AB1}.Debug|Any CPU.ActiveCfg = Debug|Any CPU
		{BFF89771-85C2-4480-9E79-A61E25228AB1}.Debug|Any CPU.Build.0 = Debug|Any CPU
		{BFF89771-85C2-4480-9E79-A61E25228AB1}.Release|Any CPU.ActiveCfg = Release|Any CPU
		{BFF89771-85C2-4480-9E79-A61E25228AB1}.Release|Any CPU.Build.0 = Release|Any CPU
		{1C8BFAA3-39B5-4C29-91FF-252573B753EB}.Debug|Any CPU.ActiveCfg = Debug|Any CPU
		{1C8BFAA3-39B5-4C29-91FF-252573B753EB}.Debug|Any CPU.Build.0 = Debug|Any CPU
		{1C8BFAA3-39B5-4C29-91FF-252573B753EB}.Release|Any CPU.ActiveCfg = Release|Any CPU
		{1C8BFAA3-39B5-4C29-91FF-252573B753EB}.Release|Any CPU.Build.0 = Release|Any CPU
		{18E09B43-AB9A-4F0D-A13A-7C25E7DB3454}.Debug|Any CPU.ActiveCfg = Debug|Any CPU
		{18E09B43-AB9A-4F0D-A13A-7C25E7DB3454}.Debug|Any CPU.Build.0 = Debug|Any CPU
		{18E09B43-AB9A-4F0D-A13A-7C25E7DB3454}.Release|Any CPU.ActiveCfg = Release|Any CPU
		{18E09B43-AB9A-4F0D-A13A-7C25E7DB3454}.Release|Any CPU.Build.0 = Release|Any CPU
		{AC967D9A-9371-450D-8A23-96618B8E5DF6}.Debug|Any CPU.ActiveCfg = Debug|Any CPU
		{AC967D9A-9371-450D-8A23-96618B8E5DF6}.Debug|Any CPU.Build.0 = Debug|Any CPU
		{AC967D9A-9371-450D-8A23-96618B8E5DF6}.Release|Any CPU.ActiveCfg = Release|Any CPU
		{AC967D9A-9371-450D-8A23-96618B8E5DF6}.Release|Any CPU.Build.0 = Release|Any CPU
		{8719D4F1-03E3-4576-A428-C654EB2DC246}.Debug|Any CPU.ActiveCfg = Debug|Any CPU
		{8719D4F1-03E3-4576-A428-C654EB2DC246}.Debug|Any CPU.Build.0 = Debug|Any CPU
		{8719D4F1-03E3-4576-A428-C654EB2DC246}.Release|Any CPU.ActiveCfg = Release|Any CPU
		{8719D4F1-03E3-4576-A428-C654EB2DC246}.Release|Any CPU.Build.0 = Release|Any CPU
		{ECD813F3-774E-4B7B-A3E3-9BF7633F08E1}.Debug|Any CPU.ActiveCfg = Debug|Any CPU
		{ECD813F3-774E-4B7B-A3E3-9BF7633F08E1}.Debug|Any CPU.Build.0 = Debug|Any CPU
		{ECD813F3-774E-4B7B-A3E3-9BF7633F08E1}.Release|Any CPU.ActiveCfg = Release|Any CPU
		{ECD813F3-774E-4B7B-A3E3-9BF7633F08E1}.Release|Any CPU.Build.0 = Release|Any CPU
		{DA97EDDF-17F8-4DB2-97D8-1DA5A28F3135}.Debug|Any CPU.ActiveCfg = Debug|Any CPU
		{DA97EDDF-17F8-4DB2-97D8-1DA5A28F3135}.Debug|Any CPU.Build.0 = Debug|Any CPU
		{DA97EDDF-17F8-4DB2-97D8-1DA5A28F3135}.Release|Any CPU.ActiveCfg = Release|Any CPU
		{DA97EDDF-17F8-4DB2-97D8-1DA5A28F3135}.Release|Any CPU.Build.0 = Release|Any CPU
		{B7195F5A-FF32-4136-A799-D19DCF1FA400}.Debug|Any CPU.ActiveCfg = Debug|Any CPU
		{B7195F5A-FF32-4136-A799-D19DCF1FA400}.Debug|Any CPU.Build.0 = Debug|Any CPU
		{B7195F5A-FF32-4136-A799-D19DCF1FA400}.Release|Any CPU.ActiveCfg = Release|Any CPU
		{B7195F5A-FF32-4136-A799-D19DCF1FA400}.Release|Any CPU.Build.0 = Release|Any CPU
		{619D0DC6-DD96-49D7-BBB3-613F0714D0D9}.Debug|Any CPU.ActiveCfg = Debug|Any CPU
		{619D0DC6-DD96-49D7-BBB3-613F0714D0D9}.Debug|Any CPU.Build.0 = Debug|Any CPU
		{619D0DC6-DD96-49D7-BBB3-613F0714D0D9}.Release|Any CPU.ActiveCfg = Release|Any CPU
		{619D0DC6-DD96-49D7-BBB3-613F0714D0D9}.Release|Any CPU.Build.0 = Release|Any CPU
		{34D696A4-1A98-4154-B473-7DDECB043D41}.Debug|Any CPU.ActiveCfg = Debug|Any CPU
		{34D696A4-1A98-4154-B473-7DDECB043D41}.Debug|Any CPU.Build.0 = Debug|Any CPU
		{34D696A4-1A98-4154-B473-7DDECB043D41}.Release|Any CPU.ActiveCfg = Release|Any CPU
		{34D696A4-1A98-4154-B473-7DDECB043D41}.Release|Any CPU.Build.0 = Release|Any CPU
		{B7E3CDAC-DC5A-4B15-B989-E8D613196463}.Debug|Any CPU.ActiveCfg = Debug|Any CPU
		{B7E3CDAC-DC5A-4B15-B989-E8D613196463}.Debug|Any CPU.Build.0 = Debug|Any CPU
		{B7E3CDAC-DC5A-4B15-B989-E8D613196463}.Release|Any CPU.ActiveCfg = Release|Any CPU
		{B7E3CDAC-DC5A-4B15-B989-E8D613196463}.Release|Any CPU.Build.0 = Release|Any CPU
		{F634B874-CFF4-4B61-9B67-E8DDEC8F85C3}.Debug|Any CPU.ActiveCfg = Debug|Any CPU
		{F634B874-CFF4-4B61-9B67-E8DDEC8F85C3}.Debug|Any CPU.Build.0 = Debug|Any CPU
		{F634B874-CFF4-4B61-9B67-E8DDEC8F85C3}.Release|Any CPU.ActiveCfg = Release|Any CPU
		{F634B874-CFF4-4B61-9B67-E8DDEC8F85C3}.Release|Any CPU.Build.0 = Release|Any CPU
		{C865F35D-0460-49DB-9089-5F3AF1C9AD3D}.Debug|Any CPU.ActiveCfg = Debug|Any CPU
		{C865F35D-0460-49DB-9089-5F3AF1C9AD3D}.Debug|Any CPU.Build.0 = Debug|Any CPU
		{C865F35D-0460-49DB-9089-5F3AF1C9AD3D}.Release|Any CPU.ActiveCfg = Release|Any CPU
		{C865F35D-0460-49DB-9089-5F3AF1C9AD3D}.Release|Any CPU.Build.0 = Release|Any CPU
		{E5CCF8D0-C084-4F15-9998-4EDA273125BC}.Debug|Any CPU.ActiveCfg = Debug|Any CPU
		{E5CCF8D0-C084-4F15-9998-4EDA273125BC}.Debug|Any CPU.Build.0 = Debug|Any CPU
		{E5CCF8D0-C084-4F15-9998-4EDA273125BC}.Release|Any CPU.ActiveCfg = Release|Any CPU
		{E5CCF8D0-C084-4F15-9998-4EDA273125BC}.Release|Any CPU.Build.0 = Release|Any CPU
		{B0586EF6-100B-40EA-8D1B-B92CB500117C}.Debug|Any CPU.ActiveCfg = Debug|Any CPU
		{B0586EF6-100B-40EA-8D1B-B92CB500117C}.Debug|Any CPU.Build.0 = Debug|Any CPU
		{B0586EF6-100B-40EA-8D1B-B92CB500117C}.Release|Any CPU.ActiveCfg = Release|Any CPU
		{B0586EF6-100B-40EA-8D1B-B92CB500117C}.Release|Any CPU.Build.0 = Release|Any CPU
		{69FF9D55-F705-43A0-BCD9-2C606B9450D0}.Debug|Any CPU.ActiveCfg = Debug|Any CPU
		{69FF9D55-F705-43A0-BCD9-2C606B9450D0}.Debug|Any CPU.Build.0 = Debug|Any CPU
		{69FF9D55-F705-43A0-BCD9-2C606B9450D0}.Release|Any CPU.ActiveCfg = Release|Any CPU
		{69FF9D55-F705-43A0-BCD9-2C606B9450D0}.Release|Any CPU.Build.0 = Release|Any CPU
		{1D82B2F9-7787-4A06-80F2-F2D59B348BBF}.Debug|Any CPU.ActiveCfg = Debug|Any CPU
		{1D82B2F9-7787-4A06-80F2-F2D59B348BBF}.Debug|Any CPU.Build.0 = Debug|Any CPU
		{1D82B2F9-7787-4A06-80F2-F2D59B348BBF}.Release|Any CPU.ActiveCfg = Release|Any CPU
		{1D82B2F9-7787-4A06-80F2-F2D59B348BBF}.Release|Any CPU.Build.0 = Release|Any CPU
		{72194FCE-BEB1-47D0-B48B-53E0B8BDC318}.Debug|Any CPU.ActiveCfg = Debug|Any CPU
		{72194FCE-BEB1-47D0-B48B-53E0B8BDC318}.Debug|Any CPU.Build.0 = Debug|Any CPU
		{72194FCE-BEB1-47D0-B48B-53E0B8BDC318}.Release|Any CPU.ActiveCfg = Release|Any CPU
		{72194FCE-BEB1-47D0-B48B-53E0B8BDC318}.Release|Any CPU.Build.0 = Release|Any CPU
		{85333FB2-DF1D-4C29-B597-5DE739CA3BC9}.Debug|Any CPU.ActiveCfg = Debug|Any CPU
		{85333FB2-DF1D-4C29-B597-5DE739CA3BC9}.Debug|Any CPU.Build.0 = Debug|Any CPU
		{85333FB2-DF1D-4C29-B597-5DE739CA3BC9}.Release|Any CPU.ActiveCfg = Release|Any CPU
		{85333FB2-DF1D-4C29-B597-5DE739CA3BC9}.Release|Any CPU.Build.0 = Release|Any CPU
		{D1FF3ADE-4083-4318-B191-95A3D42ADF80}.Debug|Any CPU.ActiveCfg = Debug|Any CPU
		{D1FF3ADE-4083-4318-B191-95A3D42ADF80}.Debug|Any CPU.Build.0 = Debug|Any CPU
		{D1FF3ADE-4083-4318-B191-95A3D42ADF80}.Release|Any CPU.ActiveCfg = Release|Any CPU
		{D1FF3ADE-4083-4318-B191-95A3D42ADF80}.Release|Any CPU.Build.0 = Release|Any CPU
		{B02F1E2B-AB65-4333-A0E9-09ACF9E723B9}.Debug|Any CPU.ActiveCfg = Debug|Any CPU
		{B02F1E2B-AB65-4333-A0E9-09ACF9E723B9}.Debug|Any CPU.Build.0 = Debug|Any CPU
		{B02F1E2B-AB65-4333-A0E9-09ACF9E723B9}.Release|Any CPU.ActiveCfg = Release|Any CPU
		{B02F1E2B-AB65-4333-A0E9-09ACF9E723B9}.Release|Any CPU.Build.0 = Release|Any CPU
	EndGlobalSection
	GlobalSection(SolutionProperties) = preSolution
		HideSolutionNode = FALSE
	EndGlobalSection
	GlobalSection(NestedProjects) = preSolution
		{BFF89771-85C2-4480-9E79-A61E25228AB1} = {46EA0D71-3856-4AE2-94F4-1D91F82CA808}
		{1C8BFAA3-39B5-4C29-91FF-252573B753EB} = {46EA0D71-3856-4AE2-94F4-1D91F82CA808}
		{18E09B43-AB9A-4F0D-A13A-7C25E7DB3454} = {C2FF28A5-6B93-4D9E-8927-7F69A60D8D2C}
		{AC967D9A-9371-450D-8A23-96618B8E5DF6} = {C2FF28A5-6B93-4D9E-8927-7F69A60D8D2C}
		{8719D4F1-03E3-4576-A428-C654EB2DC246} = {4B497F0C-62F6-4B66-B6A3-D1D4976F01AA}
		{ECD813F3-774E-4B7B-A3E3-9BF7633F08E1} = {46EA0D71-3856-4AE2-94F4-1D91F82CA808}
		{DA97EDDF-17F8-4DB2-97D8-1DA5A28F3135} = {46EA0D71-3856-4AE2-94F4-1D91F82CA808}
		{CA42DF8B-0BAB-4671-9EAE-65A1DD11BA3B} = {177C6FE6-470A-4BB6-8C7C-3E2F8777D589}
		{B7195F5A-FF32-4136-A799-D19DCF1FA400} = {CA42DF8B-0BAB-4671-9EAE-65A1DD11BA3B}
		{619D0DC6-DD96-49D7-BBB3-613F0714D0D9} = {46EA0D71-3856-4AE2-94F4-1D91F82CA808}
		{34D696A4-1A98-4154-B473-7DDECB043D41} = {46EA0D71-3856-4AE2-94F4-1D91F82CA808}
		{B7E3CDAC-DC5A-4B15-B989-E8D613196463} = {46EA0D71-3856-4AE2-94F4-1D91F82CA808}
		{F634B874-CFF4-4B61-9B67-E8DDEC8F85C3} = {46EA0D71-3856-4AE2-94F4-1D91F82CA808}
		{C865F35D-0460-49DB-9089-5F3AF1C9AD3D} = {46EA0D71-3856-4AE2-94F4-1D91F82CA808}
		{B5551696-5930-420D-9BF1-D1B5D541F026} = {BB50CC16-B88F-4BB0-9471-CB39FEC0F89A}
		{B71DBBD2-90C5-4DEB-AA41-DD2888EFE78A} = {177C6FE6-470A-4BB6-8C7C-3E2F8777D589}
		{89DB8F2E-AD8A-41B0-A57D-204A693274AB} = {2E2CE221-101E-42DB-96BD-9AF80498C079}
		{7057FA2D-5733-4B2E-8DDD-E96C840B1540} = {2E2CE221-101E-42DB-96BD-9AF80498C079}
		{83D77EC3-A4FB-4A67-8AEA-BE7C9CDF4F4D} = {177C6FE6-470A-4BB6-8C7C-3E2F8777D589}
		{B924F0DE-196F-4C9C-BD89-2591E148DCDA} = {B5551696-5930-420D-9BF1-D1B5D541F026}
		{E5CCF8D0-C084-4F15-9998-4EDA273125BC} = {B924F0DE-196F-4C9C-BD89-2591E148DCDA}
		{B0586EF6-100B-40EA-8D1B-B92CB500117C} = {B5551696-5930-420D-9BF1-D1B5D541F026}
		{69FF9D55-F705-43A0-BCD9-2C606B9450D0} = {B5551696-5930-420D-9BF1-D1B5D541F026}
		{1D82B2F9-7787-4A06-80F2-F2D59B348BBF} = {BB50CC16-B88F-4BB0-9471-CB39FEC0F89A}
		{72194FCE-BEB1-47D0-B48B-53E0B8BDC318} = {BB50CC16-B88F-4BB0-9471-CB39FEC0F89A}
		{85333FB2-DF1D-4C29-B597-5DE739CA3BC9} = {BB50CC16-B88F-4BB0-9471-CB39FEC0F89A}
		{D1FF3ADE-4083-4318-B191-95A3D42ADF80} = {A45959F5-0416-4E12-8248-4F24DF770D3F}
		{B02F1E2B-AB65-4333-A0E9-09ACF9E723B9} = {B924F0DE-196F-4C9C-BD89-2591E148DCDA}
	EndGlobalSection
	GlobalSection(ExtensibilityGlobals) = postSolution
		SolutionGuid = {C03E68F1-34D6-425D-A92A-8092DD1F6245}
	EndGlobalSection
EndGlobal
