
Microsoft Visual Studio Solution File, Format Version 12.00
# Visual Studio Version 16
VisualStudioVersion = 16.0.29806.167
MinimumVisualStudioVersion = 10.0.40219.1
Project("{2150E333-8FDC-42A3-9474-1A3956D46DE8}") = "DesignPatterns", "DesignPatterns", "{BB50CC16-B88F-4BB0-9471-CB39FEC0F89A}"
EndProject
Project("{2150E333-8FDC-42A3-9474-1A3956D46DE8}") = "Payments", "Payments", "{46EA0D71-3856-4AE2-94F4-1D91F82CA808}"
EndProject
Project("{2150E333-8FDC-42A3-9474-1A3956D46DE8}") = "Utilities", "Utilities", "{A45959F5-0416-4E12-8248-4F24DF770D3F}"
EndProject
Project("{2150E333-8FDC-42A3-9474-1A3956D46DE8}") = "Database", "Database", "{C2FF28A5-6B93-4D9E-8927-7F69A60D8D2C}"
EndProject
Project("{2150E333-8FDC-42A3-9474-1A3956D46DE8}") = "Cache", "Cache", "{4B497F0C-62F6-4B66-B6A3-D1D4976F01AA}"
EndProject
Project("{2150E333-8FDC-42A3-9474-1A3956D46DE8}") = "Others", "Others", "{177C6FE6-470A-4BB6-8C7C-3E2F8777D589}"
EndProject
Project("{2150E333-8FDC-42A3-9474-1A3956D46DE8}") = "Logging", "Logging", "{CA42DF8B-0BAB-4671-9EAE-65A1DD11BA3B}"
EndProject
Project("{2150E333-8FDC-42A3-9474-1A3956D46DE8}") = "Module", "Module", "{B5551696-5930-420D-9BF1-D1B5D541F026}"
EndProject
Project("{2150E333-8FDC-42A3-9474-1A3956D46DE8}") = "RabbitMq", "RabbitMq", "{B71DBBD2-90C5-4DEB-AA41-DD2888EFE78A}"
EndProject
Project("{2150E333-8FDC-42A3-9474-1A3956D46DE8}") = "News", "News", "{2E2CE221-101E-42DB-96BD-9AF80498C079}"
EndProject
Project("{2150E333-8FDC-42A3-9474-1A3956D46DE8}") = "GRPC", "GRPC", "{89DB8F2E-AD8A-41B0-A57D-204A693274AB}"
EndProject
Project("{2150E333-8FDC-42A3-9474-1A3956D46DE8}") = "Blazor", "Blazor", "{7057FA2D-5733-4B2E-8DDD-E96C840B1540}"
EndProject
Project("{2150E333-8FDC-42A3-9474-1A3956D46DE8}") = "SendMail", "SendMail", "{83D77EC3-A4FB-4A67-8AEA-BE7C9CDF4F4D}"
EndProject
Project("{9A19103F-16F7-4668-BE54-9A1E7A4F7556}") = "Redis", "Cache\Redis\Redis.csproj", "{8A9D0670-6062-4029-BDF5-88901EBAAE97}"
EndProject
Project("{9A19103F-16F7-4668-BE54-9A1E7A4F7556}") = "Mongo", "Database\Mongo\Mongo.csproj", "{0ACB48D8-1C18-4BBA-8CE1-D18A984D6083}"
EndProject
Project("{9A19103F-16F7-4668-BE54-9A1E7A4F7556}") = "MySql", "Database\MySql\MySql.csproj", "{3A2D085D-96AB-47C2-8B02-E4A72BB42ABE}"
EndProject
Project("{9A19103F-16F7-4668-BE54-9A1E7A4F7556}") = "ModuleApp", "DesignPatterns\Module\ModuleApp\ModuleApp.csproj", "{75B5E27B-1075-4BAA-B60D-AED48DB4DE8A}"
EndProject
Project("{9A19103F-16F7-4668-BE54-9A1E7A4F7556}") = "ModuleApp.Infrastructure", "DesignPatterns\Module\ModuleApp.Infrastructure\ModuleApp.Infrastructure.csproj", "{12FE680B-6A35-4055-B1EB-3DEA0DFF9496}"
EndProject
Project("{2150E333-8FDC-42A3-9474-1A3956D46DE8}") = "Modules", "Modules", "{002632A0-8370-4CF4-8A1F-CE6F7169483D}"
EndProject
Project("{9A19103F-16F7-4668-BE54-9A1E7A4F7556}") = "ModuleApp.Module.Core", "DesignPatterns\Module\Modules\ModuleApp.Module.Core\ModuleApp.Module.Core.csproj", "{2E858E67-1E77-4230-A2A5-076091980DFE}"
EndProject
Project("{9A19103F-16F7-4668-BE54-9A1E7A4F7556}") = "ModuleApp.Module.News", "DesignPatterns\Module\Modules\ModuleApp.Module.News\ModuleApp.Module.News.csproj", "{5901D7F9-62DD-489D-BD65-42B23FF1CE4C}"
EndProject
Project("{9A19103F-16F7-4668-BE54-9A1E7A4F7556}") = "CQRSTest", "DesignPatterns\CQRS\CQRSTest.csproj", "{70D54266-EED1-40E3-B817-3FD6D0B2174B}"
EndProject
Project("{9A19103F-16F7-4668-BE54-9A1E7A4F7556}") = "Mediator", "DesignPatterns\Mediator\Mediator.csproj", "{8C5E6D4C-FE06-4B95-B2F6-80F1B83AB4C0}"
EndProject
Project("{9A19103F-16F7-4668-BE54-9A1E7A4F7556}") = "RepoAndUoW", "DesignPatterns\RepoAndUoW\RepoAndUoW.csproj", "{78471995-6F05-45A8-AEAF-D5D4E6928611}"
EndProject
Project("{9A19103F-16F7-4668-BE54-9A1E7A4F7556}") = "Nlog", "Others\Logging\Nlog\Nlog.csproj", "{088C126A-50B3-458B-BFC0-19434E662181}"
EndProject
Project("{9A19103F-16F7-4668-BE54-9A1E7A4F7556}") = "AdyenPayment", "Payments\AdyenPayment\AdyenPayment.csproj", "{6A8786D9-936B-4E93-8E5F-EC72A8B57B29}"
EndProject
Project("{9A19103F-16F7-4668-BE54-9A1E7A4F7556}") = "BraintreePayment", "Payments\BraintreePayment\BraintreePayment.csproj", "{0AE96CA4-C2E7-49A7-A02B-A3C4F4C1BC27}"
EndProject
Project("{9A19103F-16F7-4668-BE54-9A1E7A4F7556}") = "CashfreePayment", "Payments\CashfreePayment\CashfreePayment.csproj", "{3693F14D-1FDB-4D54-97EB-A7B845D48012}"
EndProject
Project("{9A19103F-16F7-4668-BE54-9A1E7A4F7556}") = "MomoPayment", "Payments\MomoPayment\MomoPayment.csproj", "{DCC05ED4-E694-40BB-9287-39A7255FA863}"
EndProject
Project("{9A19103F-16F7-4668-BE54-9A1E7A4F7556}") = "NganLuongPayment", "Payments\NganLuongPayment\NganLuongPayment.csproj", "{A984D574-A655-47B8-8F58-3B7489D1DC47}"
EndProject
Project("{9A19103F-16F7-4668-BE54-9A1E7A4F7556}") = "PaypalExpressPayment", "Payments\PaypalExpressPayment\PaypalExpressPayment.csproj", "{95D05420-4FC4-49AF-9BCE-E2BA3D234029}"
EndProject
Project("{9A19103F-16F7-4668-BE54-9A1E7A4F7556}") = "StripePayment", "Payments\StripePayment\StripePayment.csproj", "{FCD5C200-52C4-4E6A-8AFE-FB71CB93FCAE}"
EndProject
Project("{9A19103F-16F7-4668-BE54-9A1E7A4F7556}") = "ViettelPayment", "Payments\ViettelPayment\ViettelPayment.csproj", "{364CB729-F8FE-43FC-88E0-E529615CA4DC}"
EndProject
Project("{9A19103F-16F7-4668-BE54-9A1E7A4F7556}") = "ZaloPayment", "Payments\ZaloPayment\ZaloPayment.csproj", "{13CAAFE5-82ED-4E42-B0E4-FA414907C884}"
EndProject
Project("{9A19103F-16F7-4668-BE54-9A1E7A4F7556}") = "Hangfire", "Utilities\Hangfire\Hangfire.csproj", "{8F97C2CE-5236-4E0E-8758-60606A730661}"
EndProject
Project("{9A19103F-16F7-4668-BE54-9A1E7A4F7556}") = "GenericRepository", "Utilities\Noname\GenericRepository.csproj", "{B023266D-D5DE-45F3-8203-7E090D8BFE83}"
EndProject
Project("{9A19103F-16F7-4668-BE54-9A1E7A4F7556}") = "GenericMongoRepository", "DesignPatterns\GenericMongoRepository\GenericMongoRepository.csproj", "{1228D9F9-8F9B-4F10-9A80-F4E40020AE89}"
EndProject
Project("{2150E333-8FDC-42A3-9474-1A3956D46DE8}") = "AutoMapper", "AutoMapper", "{E8F4A1F5-501F-410C-9FFD-B0A589B02AD8}"
EndProject
Project("{FAE04EC0-301F-11D3-BF4B-00C04F79EFBC}") = "AutoMapperEx", "Others\AutoMapperEx\AutoMapperEx.csproj", "{8A3452BF-30AD-484C-8CA1-6461043F2642}"
EndProject
Global
	GlobalSection(SolutionConfigurationPlatforms) = preSolution
		Debug|Any CPU = Debug|Any CPU
		Release|Any CPU = Release|Any CPU
	EndGlobalSection
	GlobalSection(ProjectConfigurationPlatforms) = postSolution
		{8A9D0670-6062-4029-BDF5-88901EBAAE97}.Debug|Any CPU.ActiveCfg = Debug|Any CPU
		{8A9D0670-6062-4029-BDF5-88901EBAAE97}.Debug|Any CPU.Build.0 = Debug|Any CPU
		{8A9D0670-6062-4029-BDF5-88901EBAAE97}.Release|Any CPU.ActiveCfg = Release|Any CPU
		{8A9D0670-6062-4029-BDF5-88901EBAAE97}.Release|Any CPU.Build.0 = Release|Any CPU
		{0ACB48D8-1C18-4BBA-8CE1-D18A984D6083}.Debug|Any CPU.ActiveCfg = Debug|Any CPU
		{0ACB48D8-1C18-4BBA-8CE1-D18A984D6083}.Debug|Any CPU.Build.0 = Debug|Any CPU
		{0ACB48D8-1C18-4BBA-8CE1-D18A984D6083}.Release|Any CPU.ActiveCfg = Release|Any CPU
		{0ACB48D8-1C18-4BBA-8CE1-D18A984D6083}.Release|Any CPU.Build.0 = Release|Any CPU
		{3A2D085D-96AB-47C2-8B02-E4A72BB42ABE}.Debug|Any CPU.ActiveCfg = Debug|Any CPU
		{3A2D085D-96AB-47C2-8B02-E4A72BB42ABE}.Debug|Any CPU.Build.0 = Debug|Any CPU
		{3A2D085D-96AB-47C2-8B02-E4A72BB42ABE}.Release|Any CPU.ActiveCfg = Release|Any CPU
		{3A2D085D-96AB-47C2-8B02-E4A72BB42ABE}.Release|Any CPU.Build.0 = Release|Any CPU
		{75B5E27B-1075-4BAA-B60D-AED48DB4DE8A}.Debug|Any CPU.ActiveCfg = Debug|Any CPU
		{75B5E27B-1075-4BAA-B60D-AED48DB4DE8A}.Debug|Any CPU.Build.0 = Debug|Any CPU
		{75B5E27B-1075-4BAA-B60D-AED48DB4DE8A}.Release|Any CPU.ActiveCfg = Release|Any CPU
		{75B5E27B-1075-4BAA-B60D-AED48DB4DE8A}.Release|Any CPU.Build.0 = Release|Any CPU
		{12FE680B-6A35-4055-B1EB-3DEA0DFF9496}.Debug|Any CPU.ActiveCfg = Debug|Any CPU
		{12FE680B-6A35-4055-B1EB-3DEA0DFF9496}.Debug|Any CPU.Build.0 = Debug|Any CPU
		{12FE680B-6A35-4055-B1EB-3DEA0DFF9496}.Release|Any CPU.ActiveCfg = Release|Any CPU
		{12FE680B-6A35-4055-B1EB-3DEA0DFF9496}.Release|Any CPU.Build.0 = Release|Any CPU
		{2E858E67-1E77-4230-A2A5-076091980DFE}.Debug|Any CPU.ActiveCfg = Debug|Any CPU
		{2E858E67-1E77-4230-A2A5-076091980DFE}.Debug|Any CPU.Build.0 = Debug|Any CPU
		{2E858E67-1E77-4230-A2A5-076091980DFE}.Release|Any CPU.ActiveCfg = Release|Any CPU
		{2E858E67-1E77-4230-A2A5-076091980DFE}.Release|Any CPU.Build.0 = Release|Any CPU
		{5901D7F9-62DD-489D-BD65-42B23FF1CE4C}.Debug|Any CPU.ActiveCfg = Debug|Any CPU
		{5901D7F9-62DD-489D-BD65-42B23FF1CE4C}.Debug|Any CPU.Build.0 = Debug|Any CPU
		{5901D7F9-62DD-489D-BD65-42B23FF1CE4C}.Release|Any CPU.ActiveCfg = Release|Any CPU
		{5901D7F9-62DD-489D-BD65-42B23FF1CE4C}.Release|Any CPU.Build.0 = Release|Any CPU
		{70D54266-EED1-40E3-B817-3FD6D0B2174B}.Debug|Any CPU.ActiveCfg = Debug|Any CPU
		{70D54266-EED1-40E3-B817-3FD6D0B2174B}.Debug|Any CPU.Build.0 = Debug|Any CPU
		{70D54266-EED1-40E3-B817-3FD6D0B2174B}.Release|Any CPU.ActiveCfg = Release|Any CPU
		{70D54266-EED1-40E3-B817-3FD6D0B2174B}.Release|Any CPU.Build.0 = Release|Any CPU
		{8C5E6D4C-FE06-4B95-B2F6-80F1B83AB4C0}.Debug|Any CPU.ActiveCfg = Debug|Any CPU
		{8C5E6D4C-FE06-4B95-B2F6-80F1B83AB4C0}.Debug|Any CPU.Build.0 = Debug|Any CPU
		{8C5E6D4C-FE06-4B95-B2F6-80F1B83AB4C0}.Release|Any CPU.ActiveCfg = Release|Any CPU
		{8C5E6D4C-FE06-4B95-B2F6-80F1B83AB4C0}.Release|Any CPU.Build.0 = Release|Any CPU
		{78471995-6F05-45A8-AEAF-D5D4E6928611}.Debug|Any CPU.ActiveCfg = Debug|Any CPU
		{78471995-6F05-45A8-AEAF-D5D4E6928611}.Debug|Any CPU.Build.0 = Debug|Any CPU
		{78471995-6F05-45A8-AEAF-D5D4E6928611}.Release|Any CPU.ActiveCfg = Release|Any CPU
		{78471995-6F05-45A8-AEAF-D5D4E6928611}.Release|Any CPU.Build.0 = Release|Any CPU
		{088C126A-50B3-458B-BFC0-19434E662181}.Debug|Any CPU.ActiveCfg = Debug|Any CPU
		{088C126A-50B3-458B-BFC0-19434E662181}.Debug|Any CPU.Build.0 = Debug|Any CPU
		{088C126A-50B3-458B-BFC0-19434E662181}.Release|Any CPU.ActiveCfg = Release|Any CPU
		{088C126A-50B3-458B-BFC0-19434E662181}.Release|Any CPU.Build.0 = Release|Any CPU
		{6A8786D9-936B-4E93-8E5F-EC72A8B57B29}.Debug|Any CPU.ActiveCfg = Debug|Any CPU
		{6A8786D9-936B-4E93-8E5F-EC72A8B57B29}.Debug|Any CPU.Build.0 = Debug|Any CPU
		{6A8786D9-936B-4E93-8E5F-EC72A8B57B29}.Release|Any CPU.ActiveCfg = Release|Any CPU
		{6A8786D9-936B-4E93-8E5F-EC72A8B57B29}.Release|Any CPU.Build.0 = Release|Any CPU
		{0AE96CA4-C2E7-49A7-A02B-A3C4F4C1BC27}.Debug|Any CPU.ActiveCfg = Debug|Any CPU
		{0AE96CA4-C2E7-49A7-A02B-A3C4F4C1BC27}.Debug|Any CPU.Build.0 = Debug|Any CPU
		{0AE96CA4-C2E7-49A7-A02B-A3C4F4C1BC27}.Release|Any CPU.ActiveCfg = Release|Any CPU
		{0AE96CA4-C2E7-49A7-A02B-A3C4F4C1BC27}.Release|Any CPU.Build.0 = Release|Any CPU
		{3693F14D-1FDB-4D54-97EB-A7B845D48012}.Debug|Any CPU.ActiveCfg = Debug|Any CPU
		{3693F14D-1FDB-4D54-97EB-A7B845D48012}.Debug|Any CPU.Build.0 = Debug|Any CPU
		{3693F14D-1FDB-4D54-97EB-A7B845D48012}.Release|Any CPU.ActiveCfg = Release|Any CPU
		{3693F14D-1FDB-4D54-97EB-A7B845D48012}.Release|Any CPU.Build.0 = Release|Any CPU
		{DCC05ED4-E694-40BB-9287-39A7255FA863}.Debug|Any CPU.ActiveCfg = Debug|Any CPU
		{DCC05ED4-E694-40BB-9287-39A7255FA863}.Debug|Any CPU.Build.0 = Debug|Any CPU
		{DCC05ED4-E694-40BB-9287-39A7255FA863}.Release|Any CPU.ActiveCfg = Release|Any CPU
		{DCC05ED4-E694-40BB-9287-39A7255FA863}.Release|Any CPU.Build.0 = Release|Any CPU
		{A984D574-A655-47B8-8F58-3B7489D1DC47}.Debug|Any CPU.ActiveCfg = Debug|Any CPU
		{A984D574-A655-47B8-8F58-3B7489D1DC47}.Debug|Any CPU.Build.0 = Debug|Any CPU
		{A984D574-A655-47B8-8F58-3B7489D1DC47}.Release|Any CPU.ActiveCfg = Release|Any CPU
		{A984D574-A655-47B8-8F58-3B7489D1DC47}.Release|Any CPU.Build.0 = Release|Any CPU
		{95D05420-4FC4-49AF-9BCE-E2BA3D234029}.Debug|Any CPU.ActiveCfg = Debug|Any CPU
		{95D05420-4FC4-49AF-9BCE-E2BA3D234029}.Debug|Any CPU.Build.0 = Debug|Any CPU
		{95D05420-4FC4-49AF-9BCE-E2BA3D234029}.Release|Any CPU.ActiveCfg = Release|Any CPU
		{95D05420-4FC4-49AF-9BCE-E2BA3D234029}.Release|Any CPU.Build.0 = Release|Any CPU
		{FCD5C200-52C4-4E6A-8AFE-FB71CB93FCAE}.Debug|Any CPU.ActiveCfg = Debug|Any CPU
		{FCD5C200-52C4-4E6A-8AFE-FB71CB93FCAE}.Debug|Any CPU.Build.0 = Debug|Any CPU
		{FCD5C200-52C4-4E6A-8AFE-FB71CB93FCAE}.Release|Any CPU.ActiveCfg = Release|Any CPU
		{FCD5C200-52C4-4E6A-8AFE-FB71CB93FCAE}.Release|Any CPU.Build.0 = Release|Any CPU
		{364CB729-F8FE-43FC-88E0-E529615CA4DC}.Debug|Any CPU.ActiveCfg = Debug|Any CPU
		{364CB729-F8FE-43FC-88E0-E529615CA4DC}.Debug|Any CPU.Build.0 = Debug|Any CPU
		{364CB729-F8FE-43FC-88E0-E529615CA4DC}.Release|Any CPU.ActiveCfg = Release|Any CPU
		{364CB729-F8FE-43FC-88E0-E529615CA4DC}.Release|Any CPU.Build.0 = Release|Any CPU
		{13CAAFE5-82ED-4E42-B0E4-FA414907C884}.Debug|Any CPU.ActiveCfg = Debug|Any CPU
		{13CAAFE5-82ED-4E42-B0E4-FA414907C884}.Debug|Any CPU.Build.0 = Debug|Any CPU
		{13CAAFE5-82ED-4E42-B0E4-FA414907C884}.Release|Any CPU.ActiveCfg = Release|Any CPU
		{13CAAFE5-82ED-4E42-B0E4-FA414907C884}.Release|Any CPU.Build.0 = Release|Any CPU
		{8F97C2CE-5236-4E0E-8758-60606A730661}.Debug|Any CPU.ActiveCfg = Debug|Any CPU
		{8F97C2CE-5236-4E0E-8758-60606A730661}.Debug|Any CPU.Build.0 = Debug|Any CPU
		{8F97C2CE-5236-4E0E-8758-60606A730661}.Release|Any CPU.ActiveCfg = Release|Any CPU
		{8F97C2CE-5236-4E0E-8758-60606A730661}.Release|Any CPU.Build.0 = Release|Any CPU
		{B023266D-D5DE-45F3-8203-7E090D8BFE83}.Debug|Any CPU.ActiveCfg = Debug|Any CPU
		{B023266D-D5DE-45F3-8203-7E090D8BFE83}.Debug|Any CPU.Build.0 = Debug|Any CPU
		{B023266D-D5DE-45F3-8203-7E090D8BFE83}.Release|Any CPU.ActiveCfg = Release|Any CPU
		{B023266D-D5DE-45F3-8203-7E090D8BFE83}.Release|Any CPU.Build.0 = Release|Any CPU
		{1228D9F9-8F9B-4F10-9A80-F4E40020AE89}.Debug|Any CPU.ActiveCfg = Debug|Any CPU
		{1228D9F9-8F9B-4F10-9A80-F4E40020AE89}.Debug|Any CPU.Build.0 = Debug|Any CPU
		{1228D9F9-8F9B-4F10-9A80-F4E40020AE89}.Release|Any CPU.ActiveCfg = Release|Any CPU
		{1228D9F9-8F9B-4F10-9A80-F4E40020AE89}.Release|Any CPU.Build.0 = Release|Any CPU
		{8A3452BF-30AD-484C-8CA1-6461043F2642}.Debug|Any CPU.ActiveCfg = Debug|Any CPU
		{8A3452BF-30AD-484C-8CA1-6461043F2642}.Debug|Any CPU.Build.0 = Debug|Any CPU
		{8A3452BF-30AD-484C-8CA1-6461043F2642}.Release|Any CPU.ActiveCfg = Release|Any CPU
		{8A3452BF-30AD-484C-8CA1-6461043F2642}.Release|Any CPU.Build.0 = Release|Any CPU
	EndGlobalSection
	GlobalSection(SolutionProperties) = preSolution
		HideSolutionNode = FALSE
	EndGlobalSection
	GlobalSection(NestedProjects) = preSolution
		{CA42DF8B-0BAB-4671-9EAE-65A1DD11BA3B} = {177C6FE6-470A-4BB6-8C7C-3E2F8777D589}
		{B5551696-5930-420D-9BF1-D1B5D541F026} = {BB50CC16-B88F-4BB0-9471-CB39FEC0F89A}
		{B71DBBD2-90C5-4DEB-AA41-DD2888EFE78A} = {177C6FE6-470A-4BB6-8C7C-3E2F8777D589}
		{89DB8F2E-AD8A-41B0-A57D-204A693274AB} = {2E2CE221-101E-42DB-96BD-9AF80498C079}
		{7057FA2D-5733-4B2E-8DDD-E96C840B1540} = {2E2CE221-101E-42DB-96BD-9AF80498C079}
		{83D77EC3-A4FB-4A67-8AEA-BE7C9CDF4F4D} = {177C6FE6-470A-4BB6-8C7C-3E2F8777D589}
		{8A9D0670-6062-4029-BDF5-88901EBAAE97} = {4B497F0C-62F6-4B66-B6A3-D1D4976F01AA}
		{0ACB48D8-1C18-4BBA-8CE1-D18A984D6083} = {C2FF28A5-6B93-4D9E-8927-7F69A60D8D2C}
		{3A2D085D-96AB-47C2-8B02-E4A72BB42ABE} = {C2FF28A5-6B93-4D9E-8927-7F69A60D8D2C}
		{75B5E27B-1075-4BAA-B60D-AED48DB4DE8A} = {B5551696-5930-420D-9BF1-D1B5D541F026}
		{12FE680B-6A35-4055-B1EB-3DEA0DFF9496} = {B5551696-5930-420D-9BF1-D1B5D541F026}
		{002632A0-8370-4CF4-8A1F-CE6F7169483D} = {B5551696-5930-420D-9BF1-D1B5D541F026}
		{2E858E67-1E77-4230-A2A5-076091980DFE} = {002632A0-8370-4CF4-8A1F-CE6F7169483D}
		{5901D7F9-62DD-489D-BD65-42B23FF1CE4C} = {002632A0-8370-4CF4-8A1F-CE6F7169483D}
		{70D54266-EED1-40E3-B817-3FD6D0B2174B} = {BB50CC16-B88F-4BB0-9471-CB39FEC0F89A}
		{8C5E6D4C-FE06-4B95-B2F6-80F1B83AB4C0} = {BB50CC16-B88F-4BB0-9471-CB39FEC0F89A}
		{78471995-6F05-45A8-AEAF-D5D4E6928611} = {BB50CC16-B88F-4BB0-9471-CB39FEC0F89A}
		{088C126A-50B3-458B-BFC0-19434E662181} = {CA42DF8B-0BAB-4671-9EAE-65A1DD11BA3B}
		{6A8786D9-936B-4E93-8E5F-EC72A8B57B29} = {46EA0D71-3856-4AE2-94F4-1D91F82CA808}
		{0AE96CA4-C2E7-49A7-A02B-A3C4F4C1BC27} = {46EA0D71-3856-4AE2-94F4-1D91F82CA808}
		{3693F14D-1FDB-4D54-97EB-A7B845D48012} = {46EA0D71-3856-4AE2-94F4-1D91F82CA808}
		{DCC05ED4-E694-40BB-9287-39A7255FA863} = {46EA0D71-3856-4AE2-94F4-1D91F82CA808}
		{A984D574-A655-47B8-8F58-3B7489D1DC47} = {46EA0D71-3856-4AE2-94F4-1D91F82CA808}
		{95D05420-4FC4-49AF-9BCE-E2BA3D234029} = {46EA0D71-3856-4AE2-94F4-1D91F82CA808}
		{FCD5C200-52C4-4E6A-8AFE-FB71CB93FCAE} = {46EA0D71-3856-4AE2-94F4-1D91F82CA808}
		{364CB729-F8FE-43FC-88E0-E529615CA4DC} = {46EA0D71-3856-4AE2-94F4-1D91F82CA808}
		{13CAAFE5-82ED-4E42-B0E4-FA414907C884} = {46EA0D71-3856-4AE2-94F4-1D91F82CA808}
		{8F97C2CE-5236-4E0E-8758-60606A730661} = {A45959F5-0416-4E12-8248-4F24DF770D3F}
		{B023266D-D5DE-45F3-8203-7E090D8BFE83} = {A45959F5-0416-4E12-8248-4F24DF770D3F}
		{1228D9F9-8F9B-4F10-9A80-F4E40020AE89} = {BB50CC16-B88F-4BB0-9471-CB39FEC0F89A}
		{E8F4A1F5-501F-410C-9FFD-B0A589B02AD8} = {177C6FE6-470A-4BB6-8C7C-3E2F8777D589}
		{8A3452BF-30AD-484C-8CA1-6461043F2642} = {E8F4A1F5-501F-410C-9FFD-B0A589B02AD8}
	EndGlobalSection
	GlobalSection(ExtensibilityGlobals) = postSolution
		SolutionGuid = {C03E68F1-34D6-425D-A92A-8092DD1F6245}
	EndGlobalSection
EndGlobal
