
Microsoft Visual Studio Solution File, Format Version 12.00
# Visual Studio Version 16
VisualStudioVersion = 16.0.30204.135
MinimumVisualStudioVersion = 10.0.40219.1
Project("{2150E333-8FDC-42A3-9474-1A3956D46DE8}") = "DesignPatterns", "DesignPatterns", "{BB50CC16-B88F-4BB0-9471-CB39FEC0F89A}"
EndProject
Project("{2150E333-8FDC-42A3-9474-1A3956D46DE8}") = "Payments", "Payments", "{46EA0D71-3856-4AE2-94F4-1D91F82CA808}"
EndProject
Project("{2150E333-8FDC-42A3-9474-1A3956D46DE8}") = "Utilities", "Utilities", "{A45959F5-0416-4E12-8248-4F24DF770D3F}"
EndProject
Project("{2150E333-8FDC-42A3-9474-1A3956D46DE8}") = "Database", "Database", "{C2FF28A5-6B93-4D9E-8927-7F69A60D8D2C}"
EndProject
Project("{2150E333-8FDC-42A3-9474-1A3956D46DE8}") = "Cache", "Cache", "{4B497F0C-62F6-4B66-B6A3-D1D4976F01AA}"
EndProject
Project("{2150E333-8FDC-42A3-9474-1A3956D46DE8}") = "Others", "Others", "{177C6FE6-470A-4BB6-8C7C-3E2F8777D589}"
EndProject
Project("{2150E333-8FDC-42A3-9474-1A3956D46DE8}") = "Logging", "Logging", "{CA42DF8B-0BAB-4671-9EAE-65A1DD11BA3B}"
EndProject
Project("{2150E333-8FDC-42A3-9474-1A3956D46DE8}") = "Module", "Module", "{B5551696-5930-420D-9BF1-D1B5D541F026}"
EndProject
Project("{2150E333-8FDC-42A3-9474-1A3956D46DE8}") = "RabbitMq", "RabbitMq", "{B71DBBD2-90C5-4DEB-AA41-DD2888EFE78A}"
EndProject
Project("{2150E333-8FDC-42A3-9474-1A3956D46DE8}") = "GRPC", "GRPC", "{89DB8F2E-AD8A-41B0-A57D-204A693274AB}"
EndProject
Project("{2150E333-8FDC-42A3-9474-1A3956D46DE8}") = "Blazor", "Blazor", "{7057FA2D-5733-4B2E-8DDD-E96C840B1540}"
EndProject
Project("{2150E333-8FDC-42A3-9474-1A3956D46DE8}") = "SendMail", "SendMail", "{83D77EC3-A4FB-4A67-8AEA-BE7C9CDF4F4D}"
EndProject
Project("{9A19103F-16F7-4668-BE54-9A1E7A4F7556}") = "Mongo", "Database\Mongo\Mongo.csproj", "{0ACB48D8-1C18-4BBA-8CE1-D18A984D6083}"
EndProject
Project("{9A19103F-16F7-4668-BE54-9A1E7A4F7556}") = "MySql", "Database\MySql\MySql.csproj", "{3A2D085D-96AB-47C2-8B02-E4A72BB42ABE}"
EndProject
Project("{9A19103F-16F7-4668-BE54-9A1E7A4F7556}") = "ModuleApp", "DesignPatterns\Module\ModuleApp\ModuleApp.csproj", "{75B5E27B-1075-4BAA-B60D-AED48DB4DE8A}"
EndProject
Project("{9A19103F-16F7-4668-BE54-9A1E7A4F7556}") = "ModuleApp.Infrastructure", "DesignPatterns\Module\ModuleApp.Infrastructure\ModuleApp.Infrastructure.csproj", "{12FE680B-6A35-4055-B1EB-3DEA0DFF9496}"
EndProject
Project("{2150E333-8FDC-42A3-9474-1A3956D46DE8}") = "Modules", "Modules", "{002632A0-8370-4CF4-8A1F-CE6F7169483D}"
EndProject
Project("{9A19103F-16F7-4668-BE54-9A1E7A4F7556}") = "ModuleApp.Module.Core", "DesignPatterns\Module\Modules\ModuleApp.Module.Core\ModuleApp.Module.Core.csproj", "{2E858E67-1E77-4230-A2A5-076091980DFE}"
EndProject
Project("{9A19103F-16F7-4668-BE54-9A1E7A4F7556}") = "ModuleApp.Module.News", "DesignPatterns\Module\Modules\ModuleApp.Module.News\ModuleApp.Module.News.csproj", "{5901D7F9-62DD-489D-BD65-42B23FF1CE4C}"
EndProject
Project("{9A19103F-16F7-4668-BE54-9A1E7A4F7556}") = "CQRSTest", "DesignPatterns\CQRS\CQRSTest.csproj", "{70D54266-EED1-40E3-B817-3FD6D0B2174B}"
EndProject
Project("{9A19103F-16F7-4668-BE54-9A1E7A4F7556}") = "Mediator", "DesignPatterns\Mediator\Mediator.csproj", "{8C5E6D4C-FE06-4B95-B2F6-80F1B83AB4C0}"
EndProject
Project("{9A19103F-16F7-4668-BE54-9A1E7A4F7556}") = "Nlog", "Others\Logging\Nlog\Nlog.csproj", "{088C126A-50B3-458B-BFC0-19434E662181}"
EndProject
Project("{9A19103F-16F7-4668-BE54-9A1E7A4F7556}") = "AdyenPayment", "Payments\AdyenPayment\AdyenPayment.csproj", "{6A8786D9-936B-4E93-8E5F-EC72A8B57B29}"
EndProject
Project("{9A19103F-16F7-4668-BE54-9A1E7A4F7556}") = "BraintreePayment", "Payments\BraintreePayment\BraintreePayment.csproj", "{0AE96CA4-C2E7-49A7-A02B-A3C4F4C1BC27}"
EndProject
Project("{9A19103F-16F7-4668-BE54-9A1E7A4F7556}") = "CashfreePayment", "Payments\CashfreePayment\CashfreePayment.csproj", "{3693F14D-1FDB-4D54-97EB-A7B845D48012}"
EndProject
Project("{9A19103F-16F7-4668-BE54-9A1E7A4F7556}") = "MomoPayment", "Payments\MomoPayment\MomoPayment.csproj", "{DCC05ED4-E694-40BB-9287-39A7255FA863}"
EndProject
Project("{9A19103F-16F7-4668-BE54-9A1E7A4F7556}") = "NganLuongPayment", "Payments\NganLuongPayment\NganLuongPayment.csproj", "{A984D574-A655-47B8-8F58-3B7489D1DC47}"
EndProject
Project("{9A19103F-16F7-4668-BE54-9A1E7A4F7556}") = "PaypalExpressPayment", "Payments\PaypalExpressPayment\PaypalExpressPayment.csproj", "{95D05420-4FC4-49AF-9BCE-E2BA3D234029}"
EndProject
Project("{9A19103F-16F7-4668-BE54-9A1E7A4F7556}") = "StripePayment", "Payments\StripePayment\StripePayment.csproj", "{FCD5C200-52C4-4E6A-8AFE-FB71CB93FCAE}"
EndProject
Project("{9A19103F-16F7-4668-BE54-9A1E7A4F7556}") = "ViettelPayment", "Payments\ViettelPayment\ViettelPayment.csproj", "{364CB729-F8FE-43FC-88E0-E529615CA4DC}"
EndProject
Project("{9A19103F-16F7-4668-BE54-9A1E7A4F7556}") = "ZaloPayment", "Payments\ZaloPayment\ZaloPayment.csproj", "{13CAAFE5-82ED-4E42-B0E4-FA414907C884}"
EndProject
Project("{9A19103F-16F7-4668-BE54-9A1E7A4F7556}") = "Hangfire", "Utilities\Hangfire\Hangfire.csproj", "{8F97C2CE-5236-4E0E-8758-60606A730661}"
EndProject
Project("{9A19103F-16F7-4668-BE54-9A1E7A4F7556}") = "GenericRepository", "Utilities\Noname\GenericRepository.csproj", "{B023266D-D5DE-45F3-8203-7E090D8BFE83}"
EndProject
Project("{9A19103F-16F7-4668-BE54-9A1E7A4F7556}") = "GenericMongoRepository", "DesignPatterns\GenericMongoRepository\GenericMongoRepository.csproj", "{1228D9F9-8F9B-4F10-9A80-F4E40020AE89}"
EndProject
Project("{2150E333-8FDC-42A3-9474-1A3956D46DE8}") = "AutoMapper", "AutoMapper", "{E8F4A1F5-501F-410C-9FFD-B0A589B02AD8}"
EndProject
Project("{9A19103F-16F7-4668-BE54-9A1E7A4F7556}") = "AutoMapperEx", "Others\AutoMapperEx\AutoMapperEx.csproj", "{8A3452BF-30AD-484C-8CA1-6461043F2642}"
EndProject
Project("{2150E333-8FDC-42A3-9474-1A3956D46DE8}") = "BlazorwithSignalR", "BlazorwithSignalR", "{E6241220-A8FD-4D9D-A064-260D95690944}"
EndProject
Project("{9A19103F-16F7-4668-BE54-9A1E7A4F7556}") = "BlazorSignalR.Server", "Blazor\BlazorwithSignalR\BlazorSignalR\Server\BlazorSignalR.Server.csproj", "{7D304841-1B4D-41CB-81DC-D9F11E89428D}"
EndProject
Project("{9A19103F-16F7-4668-BE54-9A1E7A4F7556}") = "BlazorSignalR.Client", "Blazor\BlazorwithSignalR\BlazorSignalR\Client\BlazorSignalR.Client.csproj", "{1196AE32-1BA3-46CB-83CC-101C06217D7D}"
EndProject
Project("{9A19103F-16F7-4668-BE54-9A1E7A4F7556}") = "BlazorSignalR.Shared", "Blazor\BlazorwithSignalR\BlazorSignalR\Shared\BlazorSignalR.Shared.csproj", "{0114EF15-DFEB-4CD8-BFE1-84C9A7D7CE8F}"
EndProject
Project("{2150E333-8FDC-42A3-9474-1A3956D46DE8}") = "ElasticSearch", "ElasticSearch", "{95592BE8-7F71-4170-BE3A-81E4CF68A5B9}"
EndProject
Project("{2150E333-8FDC-42A3-9474-1A3956D46DE8}") = "crud", "crud", "{35209DBD-429C-41BB-ACD6-608E783857AC}"
EndProject
Project("{9A19103F-16F7-4668-BE54-9A1E7A4F7556}") = "ElasticSearchCrud", "ElasticSearch\Crud\ElasticSearchCrud.csproj", "{B7B79826-2678-4123-B697-38486A5635BD}"
EndProject
Project("{2150E333-8FDC-42A3-9474-1A3956D46DE8}") = "crud", "crud", "{B7260784-9B11-48A8-BE74-A99F0B9FECE8}"
EndProject
Project("{9A19103F-16F7-4668-BE54-9A1E7A4F7556}") = "GrpcClient", "Grpc\Crud\GrpcClient\GrpcClient\GrpcClient.csproj", "{5FA1D701-8DE5-4B9D-9953-6DA8A684C610}"
EndProject
Project("{9A19103F-16F7-4668-BE54-9A1E7A4F7556}") = "GrpcService", "Grpc\Crud\GrpcService\GrpcService\GrpcService.csproj", "{8927983D-5A6B-4FE3-A9AB-EB27E22A89EA}"
EndProject
Project("{2150E333-8FDC-42A3-9474-1A3956D46DE8}") = "example", "example", "{520B94FF-68AC-46FA-A7E1-7CB3584421A7}"
EndProject
Project("{9A19103F-16F7-4668-BE54-9A1E7A4F7556}") = "ProductElasticSearch", "ElasticSearch\ProductElasticSearch\ProductElasticSearch.csproj", "{56B775F6-97C2-4635-B9C8-8C35F0E3474C}"
EndProject
Project("{9A19103F-16F7-4668-BE54-9A1E7A4F7556}") = "ProductElasticSearchAdvanced", "ElasticSearch\ProductElasticSearchAdvanced\ProductElasticSearchAdvanced.csproj", "{5C099768-8812-4C8B-B489-9635928DAAEE}"
EndProject
Project("{2150E333-8FDC-42A3-9474-1A3956D46DE8}") = "RepoUoW", "RepoUoW", "{DAA0C7EA-E455-4216-9DAD-5CC99122A629}"
EndProject
Project("{9A19103F-16F7-4668-BE54-9A1E7A4F7556}") = "WebApi", "DesignPatterns\RepoAndUowSample\WebApi\WebApi.csproj", "{AEED152F-5EB9-4244-88EA-23AB7772E166}"
EndProject
Project("{9A19103F-16F7-4668-BE54-9A1E7A4F7556}") = "DataAccess.EFCore", "DesignPatterns\RepoAndUowSample\DataAccess.EFCore\DataAccess.EFCore.csproj", "{04AA1FC7-D1F7-4D3C-8EB5-534151BE7DF3}"
EndProject
Project("{9A19103F-16F7-4668-BE54-9A1E7A4F7556}") = "Domain", "DesignPatterns\RepoAndUowSample\Domain\Domain.csproj", "{615334E3-425C-4755-ABA8-9EA1F75B20B7}"
EndProject
Project("{2150E333-8FDC-42A3-9474-1A3956D46DE8}") = "Redis", "Redis", "{EC6A47DE-CDCD-40C6-B1E9-14B2E7A0CE6B}"
EndProject
Project("{2150E333-8FDC-42A3-9474-1A3956D46DE8}") = "RedisExample", "RedisExample", "{C179DF54-4BC7-4512-A636-4A1FB142EEDD}"
EndProject
Project("{9A19103F-16F7-4668-BE54-9A1E7A4F7556}") = "RedisExample", "Cache\Redis\Example\RedisExample\RedisExample.csproj", "{748FB28D-3B34-43FD-A4D9-BC17434C8C19}"
EndProject
Project("{9A19103F-16F7-4668-BE54-9A1E7A4F7556}") = "RedisConfig", "Cache\Redis\Example\RedisConfiguration\RedisConfig.csproj", "{6B78B54E-0489-4E4D-AF34-768F06E69B99}"
EndProject
Project("{2150E333-8FDC-42A3-9474-1A3956D46DE8}") = "CleanArchitecture3.1", "CleanArchitecture3.1", "{22714606-FB0C-40B5-9E41-242F18522290}"
EndProject
Project("{9A19103F-16F7-4668-BE54-9A1E7A4F7556}") = "CleanArchitecture.Test.Application", "Others\CleanArchitecture3.1\CleanArchitecture.Test\CleanArchitecture.Test.Application\CleanArchitecture.Test.Application.csproj", "{15CD6564-87EC-4919-9945-048877FC04BC}"
EndProject
Project("{9A19103F-16F7-4668-BE54-9A1E7A4F7556}") = "CleanArchitecture.Test.Domain", "Others\CleanArchitecture3.1\CleanArchitecture.Test\CleanArchitecture.Test.Domain\CleanArchitecture.Test.Domain.csproj", "{BFCC204F-A559-444E-B10B-111FE479F35D}"
EndProject
Project("{9A19103F-16F7-4668-BE54-9A1E7A4F7556}") = "CleanArchitecture.Test.Infrastructure.Identity", "Others\CleanArchitecture3.1\CleanArchitecture.Test\CleanArchitecture.Test.Infrastructure.Identity\CleanArchitecture.Test.Infrastructure.Identity.csproj", "{EFE14928-BA32-4383-A129-679F6E82190F}"
EndProject
Project("{9A19103F-16F7-4668-BE54-9A1E7A4F7556}") = "CleanArchitecture.Test.Infrastructure.Persistence", "Others\CleanArchitecture3.1\CleanArchitecture.Test\CleanArchitecture.Test.Infrastructure.Persistence\CleanArchitecture.Test.Infrastructure.Persistence.csproj", "{3FDCACFF-19E4-4FC0-87F6-C686A49B0367}"
EndProject
Project("{9A19103F-16F7-4668-BE54-9A1E7A4F7556}") = "CleanArchitecture.Test.WebApi", "Others\CleanArchitecture3.1\CleanArchitecture.Test\CleanArchitecture.Test.WebApi\CleanArchitecture.Test.WebApi.csproj", "{5CE58B4F-6ABF-40A7-B24B-1969C9C11998}"
EndProject
Project("{9A19103F-16F7-4668-BE54-9A1E7A4F7556}") = "CleanArchitecture.Test.Infrastructure.Shared", "Others\CleanArchitecture3.1\CleanArchitecture.Test\CleanArchitecture.Test.Infrastructure.Shared\CleanArchitecture.Test.Infrastructure.Shared.csproj", "{F487EEC4-A1E9-438A-A2C3-3F3C8F56B383}"
EndProject
Project("{2150E333-8FDC-42A3-9474-1A3956D46DE8}") = "Core", "Core", "{173A78F6-EE24-4982-A9ED-C618651195E3}"
EndProject
Project("{2150E333-8FDC-42A3-9474-1A3956D46DE8}") = "Infrastructure", "Infrastructure", "{423980CB-D311-4B29-8976-8B44503AF05E}"
Project("{2150E333-8FDC-42A3-9474-1A3956D46DE8}") = "SMS", "SMS", "{A4FB0D5C-4D90-43ED-ABD9-8351AEF66342}"
EndProject
Project("{2150E333-8FDC-42A3-9474-1A3956D46DE8}") = "VonageAPI", "VonageAPI", "{EB08A7A7-39C3-4055-A853-030E5EF5424F}"
EndProject
Project("{9A19103F-16F7-4668-BE54-9A1E7A4F7556}") = "SendSmsAspDotnetMvc", "Others\SMS\VonageAPI\SendSmsAspDotnetMvc.csproj", "{B53A1186-9011-432D-ABF0-700BD01EFC11}"
EndProject
Global
	GlobalSection(SolutionConfigurationPlatforms) = preSolution
		Debug|Any CPU = Debug|Any CPU
		Release|Any CPU = Release|Any CPU
	EndGlobalSection
	GlobalSection(ProjectConfigurationPlatforms) = postSolution
		{0ACB48D8-1C18-4BBA-8CE1-D18A984D6083}.Debug|Any CPU.ActiveCfg = Debug|Any CPU
		{0ACB48D8-1C18-4BBA-8CE1-D18A984D6083}.Debug|Any CPU.Build.0 = Debug|Any CPU
		{0ACB48D8-1C18-4BBA-8CE1-D18A984D6083}.Release|Any CPU.ActiveCfg = Release|Any CPU
		{0ACB48D8-1C18-4BBA-8CE1-D18A984D6083}.Release|Any CPU.Build.0 = Release|Any CPU
		{3A2D085D-96AB-47C2-8B02-E4A72BB42ABE}.Debug|Any CPU.ActiveCfg = Debug|Any CPU
		{3A2D085D-96AB-47C2-8B02-E4A72BB42ABE}.Debug|Any CPU.Build.0 = Debug|Any CPU
		{3A2D085D-96AB-47C2-8B02-E4A72BB42ABE}.Release|Any CPU.ActiveCfg = Release|Any CPU
		{3A2D085D-96AB-47C2-8B02-E4A72BB42ABE}.Release|Any CPU.Build.0 = Release|Any CPU
		{75B5E27B-1075-4BAA-B60D-AED48DB4DE8A}.Debug|Any CPU.ActiveCfg = Debug|Any CPU
		{75B5E27B-1075-4BAA-B60D-AED48DB4DE8A}.Debug|Any CPU.Build.0 = Debug|Any CPU
		{75B5E27B-1075-4BAA-B60D-AED48DB4DE8A}.Release|Any CPU.ActiveCfg = Release|Any CPU
		{75B5E27B-1075-4BAA-B60D-AED48DB4DE8A}.Release|Any CPU.Build.0 = Release|Any CPU
		{12FE680B-6A35-4055-B1EB-3DEA0DFF9496}.Debug|Any CPU.ActiveCfg = Debug|Any CPU
		{12FE680B-6A35-4055-B1EB-3DEA0DFF9496}.Debug|Any CPU.Build.0 = Debug|Any CPU
		{12FE680B-6A35-4055-B1EB-3DEA0DFF9496}.Release|Any CPU.ActiveCfg = Release|Any CPU
		{12FE680B-6A35-4055-B1EB-3DEA0DFF9496}.Release|Any CPU.Build.0 = Release|Any CPU
		{2E858E67-1E77-4230-A2A5-076091980DFE}.Debug|Any CPU.ActiveCfg = Debug|Any CPU
		{2E858E67-1E77-4230-A2A5-076091980DFE}.Debug|Any CPU.Build.0 = Debug|Any CPU
		{2E858E67-1E77-4230-A2A5-076091980DFE}.Release|Any CPU.ActiveCfg = Release|Any CPU
		{2E858E67-1E77-4230-A2A5-076091980DFE}.Release|Any CPU.Build.0 = Release|Any CPU
		{5901D7F9-62DD-489D-BD65-42B23FF1CE4C}.Debug|Any CPU.ActiveCfg = Debug|Any CPU
		{5901D7F9-62DD-489D-BD65-42B23FF1CE4C}.Debug|Any CPU.Build.0 = Debug|Any CPU
		{5901D7F9-62DD-489D-BD65-42B23FF1CE4C}.Release|Any CPU.ActiveCfg = Release|Any CPU
		{5901D7F9-62DD-489D-BD65-42B23FF1CE4C}.Release|Any CPU.Build.0 = Release|Any CPU
		{70D54266-EED1-40E3-B817-3FD6D0B2174B}.Debug|Any CPU.ActiveCfg = Debug|Any CPU
		{70D54266-EED1-40E3-B817-3FD6D0B2174B}.Debug|Any CPU.Build.0 = Debug|Any CPU
		{70D54266-EED1-40E3-B817-3FD6D0B2174B}.Release|Any CPU.ActiveCfg = Release|Any CPU
		{70D54266-EED1-40E3-B817-3FD6D0B2174B}.Release|Any CPU.Build.0 = Release|Any CPU
		{8C5E6D4C-FE06-4B95-B2F6-80F1B83AB4C0}.Debug|Any CPU.ActiveCfg = Debug|Any CPU
		{8C5E6D4C-FE06-4B95-B2F6-80F1B83AB4C0}.Debug|Any CPU.Build.0 = Debug|Any CPU
		{8C5E6D4C-FE06-4B95-B2F6-80F1B83AB4C0}.Release|Any CPU.ActiveCfg = Release|Any CPU
		{8C5E6D4C-FE06-4B95-B2F6-80F1B83AB4C0}.Release|Any CPU.Build.0 = Release|Any CPU
		{088C126A-50B3-458B-BFC0-19434E662181}.Debug|Any CPU.ActiveCfg = Debug|Any CPU
		{088C126A-50B3-458B-BFC0-19434E662181}.Debug|Any CPU.Build.0 = Debug|Any CPU
		{088C126A-50B3-458B-BFC0-19434E662181}.Release|Any CPU.ActiveCfg = Release|Any CPU
		{088C126A-50B3-458B-BFC0-19434E662181}.Release|Any CPU.Build.0 = Release|Any CPU
		{6A8786D9-936B-4E93-8E5F-EC72A8B57B29}.Debug|Any CPU.ActiveCfg = Debug|Any CPU
		{6A8786D9-936B-4E93-8E5F-EC72A8B57B29}.Debug|Any CPU.Build.0 = Debug|Any CPU
		{6A8786D9-936B-4E93-8E5F-EC72A8B57B29}.Release|Any CPU.ActiveCfg = Release|Any CPU
		{6A8786D9-936B-4E93-8E5F-EC72A8B57B29}.Release|Any CPU.Build.0 = Release|Any CPU
		{0AE96CA4-C2E7-49A7-A02B-A3C4F4C1BC27}.Debug|Any CPU.ActiveCfg = Debug|Any CPU
		{0AE96CA4-C2E7-49A7-A02B-A3C4F4C1BC27}.Debug|Any CPU.Build.0 = Debug|Any CPU
		{0AE96CA4-C2E7-49A7-A02B-A3C4F4C1BC27}.Release|Any CPU.ActiveCfg = Release|Any CPU
		{0AE96CA4-C2E7-49A7-A02B-A3C4F4C1BC27}.Release|Any CPU.Build.0 = Release|Any CPU
		{3693F14D-1FDB-4D54-97EB-A7B845D48012}.Debug|Any CPU.ActiveCfg = Debug|Any CPU
		{3693F14D-1FDB-4D54-97EB-A7B845D48012}.Debug|Any CPU.Build.0 = Debug|Any CPU
		{3693F14D-1FDB-4D54-97EB-A7B845D48012}.Release|Any CPU.ActiveCfg = Release|Any CPU
		{3693F14D-1FDB-4D54-97EB-A7B845D48012}.Release|Any CPU.Build.0 = Release|Any CPU
		{DCC05ED4-E694-40BB-9287-39A7255FA863}.Debug|Any CPU.ActiveCfg = Debug|Any CPU
		{DCC05ED4-E694-40BB-9287-39A7255FA863}.Debug|Any CPU.Build.0 = Debug|Any CPU
		{DCC05ED4-E694-40BB-9287-39A7255FA863}.Release|Any CPU.ActiveCfg = Release|Any CPU
		{DCC05ED4-E694-40BB-9287-39A7255FA863}.Release|Any CPU.Build.0 = Release|Any CPU
		{A984D574-A655-47B8-8F58-3B7489D1DC47}.Debug|Any CPU.ActiveCfg = Debug|Any CPU
		{A984D574-A655-47B8-8F58-3B7489D1DC47}.Debug|Any CPU.Build.0 = Debug|Any CPU
		{A984D574-A655-47B8-8F58-3B7489D1DC47}.Release|Any CPU.ActiveCfg = Release|Any CPU
		{A984D574-A655-47B8-8F58-3B7489D1DC47}.Release|Any CPU.Build.0 = Release|Any CPU
		{95D05420-4FC4-49AF-9BCE-E2BA3D234029}.Debug|Any CPU.ActiveCfg = Debug|Any CPU
		{95D05420-4FC4-49AF-9BCE-E2BA3D234029}.Debug|Any CPU.Build.0 = Debug|Any CPU
		{95D05420-4FC4-49AF-9BCE-E2BA3D234029}.Release|Any CPU.ActiveCfg = Release|Any CPU
		{95D05420-4FC4-49AF-9BCE-E2BA3D234029}.Release|Any CPU.Build.0 = Release|Any CPU
		{FCD5C200-52C4-4E6A-8AFE-FB71CB93FCAE}.Debug|Any CPU.ActiveCfg = Debug|Any CPU
		{FCD5C200-52C4-4E6A-8AFE-FB71CB93FCAE}.Debug|Any CPU.Build.0 = Debug|Any CPU
		{FCD5C200-52C4-4E6A-8AFE-FB71CB93FCAE}.Release|Any CPU.ActiveCfg = Release|Any CPU
		{FCD5C200-52C4-4E6A-8AFE-FB71CB93FCAE}.Release|Any CPU.Build.0 = Release|Any CPU
		{364CB729-F8FE-43FC-88E0-E529615CA4DC}.Debug|Any CPU.ActiveCfg = Debug|Any CPU
		{364CB729-F8FE-43FC-88E0-E529615CA4DC}.Debug|Any CPU.Build.0 = Debug|Any CPU
		{364CB729-F8FE-43FC-88E0-E529615CA4DC}.Release|Any CPU.ActiveCfg = Release|Any CPU
		{364CB729-F8FE-43FC-88E0-E529615CA4DC}.Release|Any CPU.Build.0 = Release|Any CPU
		{13CAAFE5-82ED-4E42-B0E4-FA414907C884}.Debug|Any CPU.ActiveCfg = Debug|Any CPU
		{13CAAFE5-82ED-4E42-B0E4-FA414907C884}.Debug|Any CPU.Build.0 = Debug|Any CPU
		{13CAAFE5-82ED-4E42-B0E4-FA414907C884}.Release|Any CPU.ActiveCfg = Release|Any CPU
		{13CAAFE5-82ED-4E42-B0E4-FA414907C884}.Release|Any CPU.Build.0 = Release|Any CPU
		{8F97C2CE-5236-4E0E-8758-60606A730661}.Debug|Any CPU.ActiveCfg = Debug|Any CPU
		{8F97C2CE-5236-4E0E-8758-60606A730661}.Debug|Any CPU.Build.0 = Debug|Any CPU
		{8F97C2CE-5236-4E0E-8758-60606A730661}.Release|Any CPU.ActiveCfg = Release|Any CPU
		{8F97C2CE-5236-4E0E-8758-60606A730661}.Release|Any CPU.Build.0 = Release|Any CPU
		{B023266D-D5DE-45F3-8203-7E090D8BFE83}.Debug|Any CPU.ActiveCfg = Debug|Any CPU
		{B023266D-D5DE-45F3-8203-7E090D8BFE83}.Debug|Any CPU.Build.0 = Debug|Any CPU
		{B023266D-D5DE-45F3-8203-7E090D8BFE83}.Release|Any CPU.ActiveCfg = Release|Any CPU
		{B023266D-D5DE-45F3-8203-7E090D8BFE83}.Release|Any CPU.Build.0 = Release|Any CPU
		{1228D9F9-8F9B-4F10-9A80-F4E40020AE89}.Debug|Any CPU.ActiveCfg = Debug|Any CPU
		{1228D9F9-8F9B-4F10-9A80-F4E40020AE89}.Debug|Any CPU.Build.0 = Debug|Any CPU
		{1228D9F9-8F9B-4F10-9A80-F4E40020AE89}.Release|Any CPU.ActiveCfg = Release|Any CPU
		{1228D9F9-8F9B-4F10-9A80-F4E40020AE89}.Release|Any CPU.Build.0 = Release|Any CPU
		{8A3452BF-30AD-484C-8CA1-6461043F2642}.Debug|Any CPU.ActiveCfg = Debug|Any CPU
		{8A3452BF-30AD-484C-8CA1-6461043F2642}.Debug|Any CPU.Build.0 = Debug|Any CPU
		{8A3452BF-30AD-484C-8CA1-6461043F2642}.Release|Any CPU.ActiveCfg = Release|Any CPU
		{8A3452BF-30AD-484C-8CA1-6461043F2642}.Release|Any CPU.Build.0 = Release|Any CPU
		{7D304841-1B4D-41CB-81DC-D9F11E89428D}.Debug|Any CPU.ActiveCfg = Debug|Any CPU
		{7D304841-1B4D-41CB-81DC-D9F11E89428D}.Debug|Any CPU.Build.0 = Debug|Any CPU
		{7D304841-1B4D-41CB-81DC-D9F11E89428D}.Release|Any CPU.ActiveCfg = Release|Any CPU
		{7D304841-1B4D-41CB-81DC-D9F11E89428D}.Release|Any CPU.Build.0 = Release|Any CPU
		{1196AE32-1BA3-46CB-83CC-101C06217D7D}.Debug|Any CPU.ActiveCfg = Debug|Any CPU
		{1196AE32-1BA3-46CB-83CC-101C06217D7D}.Debug|Any CPU.Build.0 = Debug|Any CPU
		{1196AE32-1BA3-46CB-83CC-101C06217D7D}.Release|Any CPU.ActiveCfg = Release|Any CPU
		{1196AE32-1BA3-46CB-83CC-101C06217D7D}.Release|Any CPU.Build.0 = Release|Any CPU
		{0114EF15-DFEB-4CD8-BFE1-84C9A7D7CE8F}.Debug|Any CPU.ActiveCfg = Debug|Any CPU
		{0114EF15-DFEB-4CD8-BFE1-84C9A7D7CE8F}.Debug|Any CPU.Build.0 = Debug|Any CPU
		{0114EF15-DFEB-4CD8-BFE1-84C9A7D7CE8F}.Release|Any CPU.ActiveCfg = Release|Any CPU
		{0114EF15-DFEB-4CD8-BFE1-84C9A7D7CE8F}.Release|Any CPU.Build.0 = Release|Any CPU
		{B7B79826-2678-4123-B697-38486A5635BD}.Debug|Any CPU.ActiveCfg = Debug|Any CPU
		{B7B79826-2678-4123-B697-38486A5635BD}.Debug|Any CPU.Build.0 = Debug|Any CPU
		{B7B79826-2678-4123-B697-38486A5635BD}.Release|Any CPU.ActiveCfg = Release|Any CPU
		{B7B79826-2678-4123-B697-38486A5635BD}.Release|Any CPU.Build.0 = Release|Any CPU
		{5FA1D701-8DE5-4B9D-9953-6DA8A684C610}.Debug|Any CPU.ActiveCfg = Debug|Any CPU
		{5FA1D701-8DE5-4B9D-9953-6DA8A684C610}.Debug|Any CPU.Build.0 = Debug|Any CPU
		{5FA1D701-8DE5-4B9D-9953-6DA8A684C610}.Release|Any CPU.ActiveCfg = Release|Any CPU
		{5FA1D701-8DE5-4B9D-9953-6DA8A684C610}.Release|Any CPU.Build.0 = Release|Any CPU
		{8927983D-5A6B-4FE3-A9AB-EB27E22A89EA}.Debug|Any CPU.ActiveCfg = Debug|Any CPU
		{8927983D-5A6B-4FE3-A9AB-EB27E22A89EA}.Debug|Any CPU.Build.0 = Debug|Any CPU
		{8927983D-5A6B-4FE3-A9AB-EB27E22A89EA}.Release|Any CPU.ActiveCfg = Release|Any CPU
		{8927983D-5A6B-4FE3-A9AB-EB27E22A89EA}.Release|Any CPU.Build.0 = Release|Any CPU
		{56B775F6-97C2-4635-B9C8-8C35F0E3474C}.Debug|Any CPU.ActiveCfg = Debug|Any CPU
		{56B775F6-97C2-4635-B9C8-8C35F0E3474C}.Debug|Any CPU.Build.0 = Debug|Any CPU
		{56B775F6-97C2-4635-B9C8-8C35F0E3474C}.Release|Any CPU.ActiveCfg = Release|Any CPU
		{56B775F6-97C2-4635-B9C8-8C35F0E3474C}.Release|Any CPU.Build.0 = Release|Any CPU
		{5C099768-8812-4C8B-B489-9635928DAAEE}.Debug|Any CPU.ActiveCfg = Debug|Any CPU
		{5C099768-8812-4C8B-B489-9635928DAAEE}.Debug|Any CPU.Build.0 = Debug|Any CPU
		{5C099768-8812-4C8B-B489-9635928DAAEE}.Release|Any CPU.ActiveCfg = Release|Any CPU
		{5C099768-8812-4C8B-B489-9635928DAAEE}.Release|Any CPU.Build.0 = Release|Any CPU
		{AEED152F-5EB9-4244-88EA-23AB7772E166}.Debug|Any CPU.ActiveCfg = Debug|Any CPU
		{AEED152F-5EB9-4244-88EA-23AB7772E166}.Debug|Any CPU.Build.0 = Debug|Any CPU
		{AEED152F-5EB9-4244-88EA-23AB7772E166}.Release|Any CPU.ActiveCfg = Release|Any CPU
		{AEED152F-5EB9-4244-88EA-23AB7772E166}.Release|Any CPU.Build.0 = Release|Any CPU
		{04AA1FC7-D1F7-4D3C-8EB5-534151BE7DF3}.Debug|Any CPU.ActiveCfg = Debug|Any CPU
		{04AA1FC7-D1F7-4D3C-8EB5-534151BE7DF3}.Debug|Any CPU.Build.0 = Debug|Any CPU
		{04AA1FC7-D1F7-4D3C-8EB5-534151BE7DF3}.Release|Any CPU.ActiveCfg = Release|Any CPU
		{04AA1FC7-D1F7-4D3C-8EB5-534151BE7DF3}.Release|Any CPU.Build.0 = Release|Any CPU
		{615334E3-425C-4755-ABA8-9EA1F75B20B7}.Debug|Any CPU.ActiveCfg = Debug|Any CPU
		{615334E3-425C-4755-ABA8-9EA1F75B20B7}.Debug|Any CPU.Build.0 = Debug|Any CPU
		{615334E3-425C-4755-ABA8-9EA1F75B20B7}.Release|Any CPU.ActiveCfg = Release|Any CPU
		{615334E3-425C-4755-ABA8-9EA1F75B20B7}.Release|Any CPU.Build.0 = Release|Any CPU
		{748FB28D-3B34-43FD-A4D9-BC17434C8C19}.Debug|Any CPU.ActiveCfg = Debug|Any CPU
		{748FB28D-3B34-43FD-A4D9-BC17434C8C19}.Debug|Any CPU.Build.0 = Debug|Any CPU
		{748FB28D-3B34-43FD-A4D9-BC17434C8C19}.Release|Any CPU.ActiveCfg = Release|Any CPU
		{748FB28D-3B34-43FD-A4D9-BC17434C8C19}.Release|Any CPU.Build.0 = Release|Any CPU
		{6B78B54E-0489-4E4D-AF34-768F06E69B99}.Debug|Any CPU.ActiveCfg = Debug|Any CPU
		{6B78B54E-0489-4E4D-AF34-768F06E69B99}.Debug|Any CPU.Build.0 = Debug|Any CPU
		{6B78B54E-0489-4E4D-AF34-768F06E69B99}.Release|Any CPU.ActiveCfg = Release|Any CPU
		{6B78B54E-0489-4E4D-AF34-768F06E69B99}.Release|Any CPU.Build.0 = Release|Any CPU
		{15CD6564-87EC-4919-9945-048877FC04BC}.Debug|Any CPU.ActiveCfg = Debug|Any CPU
		{15CD6564-87EC-4919-9945-048877FC04BC}.Debug|Any CPU.Build.0 = Debug|Any CPU
		{15CD6564-87EC-4919-9945-048877FC04BC}.Release|Any CPU.ActiveCfg = Release|Any CPU
		{15CD6564-87EC-4919-9945-048877FC04BC}.Release|Any CPU.Build.0 = Release|Any CPU
		{BFCC204F-A559-444E-B10B-111FE479F35D}.Debug|Any CPU.ActiveCfg = Debug|Any CPU
		{BFCC204F-A559-444E-B10B-111FE479F35D}.Debug|Any CPU.Build.0 = Debug|Any CPU
		{BFCC204F-A559-444E-B10B-111FE479F35D}.Release|Any CPU.ActiveCfg = Release|Any CPU
		{BFCC204F-A559-444E-B10B-111FE479F35D}.Release|Any CPU.Build.0 = Release|Any CPU
		{EFE14928-BA32-4383-A129-679F6E82190F}.Debug|Any CPU.ActiveCfg = Debug|Any CPU
		{EFE14928-BA32-4383-A129-679F6E82190F}.Debug|Any CPU.Build.0 = Debug|Any CPU
		{EFE14928-BA32-4383-A129-679F6E82190F}.Release|Any CPU.ActiveCfg = Release|Any CPU
		{EFE14928-BA32-4383-A129-679F6E82190F}.Release|Any CPU.Build.0 = Release|Any CPU
		{3FDCACFF-19E4-4FC0-87F6-C686A49B0367}.Debug|Any CPU.ActiveCfg = Debug|Any CPU
		{3FDCACFF-19E4-4FC0-87F6-C686A49B0367}.Debug|Any CPU.Build.0 = Debug|Any CPU
		{3FDCACFF-19E4-4FC0-87F6-C686A49B0367}.Release|Any CPU.ActiveCfg = Release|Any CPU
		{3FDCACFF-19E4-4FC0-87F6-C686A49B0367}.Release|Any CPU.Build.0 = Release|Any CPU
		{5CE58B4F-6ABF-40A7-B24B-1969C9C11998}.Debug|Any CPU.ActiveCfg = Debug|Any CPU
		{5CE58B4F-6ABF-40A7-B24B-1969C9C11998}.Debug|Any CPU.Build.0 = Debug|Any CPU
		{5CE58B4F-6ABF-40A7-B24B-1969C9C11998}.Release|Any CPU.ActiveCfg = Release|Any CPU
		{5CE58B4F-6ABF-40A7-B24B-1969C9C11998}.Release|Any CPU.Build.0 = Release|Any CPU
		{F487EEC4-A1E9-438A-A2C3-3F3C8F56B383}.Debug|Any CPU.ActiveCfg = Debug|Any CPU
		{F487EEC4-A1E9-438A-A2C3-3F3C8F56B383}.Debug|Any CPU.Build.0 = Debug|Any CPU
		{F487EEC4-A1E9-438A-A2C3-3F3C8F56B383}.Release|Any CPU.ActiveCfg = Release|Any CPU
		{F487EEC4-A1E9-438A-A2C3-3F3C8F56B383}.Release|Any CPU.Build.0 = Release|Any CPU
		{B53A1186-9011-432D-ABF0-700BD01EFC11}.Debug|Any CPU.ActiveCfg = Debug|Any CPU
		{B53A1186-9011-432D-ABF0-700BD01EFC11}.Debug|Any CPU.Build.0 = Debug|Any CPU
		{B53A1186-9011-432D-ABF0-700BD01EFC11}.Release|Any CPU.ActiveCfg = Release|Any CPU
		{B53A1186-9011-432D-ABF0-700BD01EFC11}.Release|Any CPU.Build.0 = Release|Any CPU
	EndGlobalSection
	GlobalSection(SolutionProperties) = preSolution
		HideSolutionNode = FALSE
	EndGlobalSection
	GlobalSection(NestedProjects) = preSolution
		{CA42DF8B-0BAB-4671-9EAE-65A1DD11BA3B} = {177C6FE6-470A-4BB6-8C7C-3E2F8777D589}
		{B5551696-5930-420D-9BF1-D1B5D541F026} = {BB50CC16-B88F-4BB0-9471-CB39FEC0F89A}
		{B71DBBD2-90C5-4DEB-AA41-DD2888EFE78A} = {177C6FE6-470A-4BB6-8C7C-3E2F8777D589}
		{83D77EC3-A4FB-4A67-8AEA-BE7C9CDF4F4D} = {177C6FE6-470A-4BB6-8C7C-3E2F8777D589}
		{0ACB48D8-1C18-4BBA-8CE1-D18A984D6083} = {C2FF28A5-6B93-4D9E-8927-7F69A60D8D2C}
		{3A2D085D-96AB-47C2-8B02-E4A72BB42ABE} = {C2FF28A5-6B93-4D9E-8927-7F69A60D8D2C}
		{75B5E27B-1075-4BAA-B60D-AED48DB4DE8A} = {B5551696-5930-420D-9BF1-D1B5D541F026}
		{12FE680B-6A35-4055-B1EB-3DEA0DFF9496} = {B5551696-5930-420D-9BF1-D1B5D541F026}
		{002632A0-8370-4CF4-8A1F-CE6F7169483D} = {B5551696-5930-420D-9BF1-D1B5D541F026}
		{2E858E67-1E77-4230-A2A5-076091980DFE} = {002632A0-8370-4CF4-8A1F-CE6F7169483D}
		{5901D7F9-62DD-489D-BD65-42B23FF1CE4C} = {002632A0-8370-4CF4-8A1F-CE6F7169483D}
		{70D54266-EED1-40E3-B817-3FD6D0B2174B} = {BB50CC16-B88F-4BB0-9471-CB39FEC0F89A}
		{8C5E6D4C-FE06-4B95-B2F6-80F1B83AB4C0} = {BB50CC16-B88F-4BB0-9471-CB39FEC0F89A}
		{088C126A-50B3-458B-BFC0-19434E662181} = {CA42DF8B-0BAB-4671-9EAE-65A1DD11BA3B}
		{6A8786D9-936B-4E93-8E5F-EC72A8B57B29} = {46EA0D71-3856-4AE2-94F4-1D91F82CA808}
		{0AE96CA4-C2E7-49A7-A02B-A3C4F4C1BC27} = {46EA0D71-3856-4AE2-94F4-1D91F82CA808}
		{3693F14D-1FDB-4D54-97EB-A7B845D48012} = {46EA0D71-3856-4AE2-94F4-1D91F82CA808}
		{DCC05ED4-E694-40BB-9287-39A7255FA863} = {46EA0D71-3856-4AE2-94F4-1D91F82CA808}
		{A984D574-A655-47B8-8F58-3B7489D1DC47} = {46EA0D71-3856-4AE2-94F4-1D91F82CA808}
		{95D05420-4FC4-49AF-9BCE-E2BA3D234029} = {46EA0D71-3856-4AE2-94F4-1D91F82CA808}
		{FCD5C200-52C4-4E6A-8AFE-FB71CB93FCAE} = {46EA0D71-3856-4AE2-94F4-1D91F82CA808}
		{364CB729-F8FE-43FC-88E0-E529615CA4DC} = {46EA0D71-3856-4AE2-94F4-1D91F82CA808}
		{13CAAFE5-82ED-4E42-B0E4-FA414907C884} = {46EA0D71-3856-4AE2-94F4-1D91F82CA808}
		{8F97C2CE-5236-4E0E-8758-60606A730661} = {A45959F5-0416-4E12-8248-4F24DF770D3F}
		{B023266D-D5DE-45F3-8203-7E090D8BFE83} = {A45959F5-0416-4E12-8248-4F24DF770D3F}
		{1228D9F9-8F9B-4F10-9A80-F4E40020AE89} = {BB50CC16-B88F-4BB0-9471-CB39FEC0F89A}
		{E8F4A1F5-501F-410C-9FFD-B0A589B02AD8} = {177C6FE6-470A-4BB6-8C7C-3E2F8777D589}
		{8A3452BF-30AD-484C-8CA1-6461043F2642} = {E8F4A1F5-501F-410C-9FFD-B0A589B02AD8}
		{E6241220-A8FD-4D9D-A064-260D95690944} = {7057FA2D-5733-4B2E-8DDD-E96C840B1540}
		{7D304841-1B4D-41CB-81DC-D9F11E89428D} = {E6241220-A8FD-4D9D-A064-260D95690944}
		{1196AE32-1BA3-46CB-83CC-101C06217D7D} = {E6241220-A8FD-4D9D-A064-260D95690944}
		{0114EF15-DFEB-4CD8-BFE1-84C9A7D7CE8F} = {E6241220-A8FD-4D9D-A064-260D95690944}
		{35209DBD-429C-41BB-ACD6-608E783857AC} = {95592BE8-7F71-4170-BE3A-81E4CF68A5B9}
		{B7B79826-2678-4123-B697-38486A5635BD} = {35209DBD-429C-41BB-ACD6-608E783857AC}
		{B7260784-9B11-48A8-BE74-A99F0B9FECE8} = {89DB8F2E-AD8A-41B0-A57D-204A693274AB}
		{5FA1D701-8DE5-4B9D-9953-6DA8A684C610} = {B7260784-9B11-48A8-BE74-A99F0B9FECE8}
		{8927983D-5A6B-4FE3-A9AB-EB27E22A89EA} = {B7260784-9B11-48A8-BE74-A99F0B9FECE8}
		{520B94FF-68AC-46FA-A7E1-7CB3584421A7} = {95592BE8-7F71-4170-BE3A-81E4CF68A5B9}
		{56B775F6-97C2-4635-B9C8-8C35F0E3474C} = {520B94FF-68AC-46FA-A7E1-7CB3584421A7}
		{5C099768-8812-4C8B-B489-9635928DAAEE} = {520B94FF-68AC-46FA-A7E1-7CB3584421A7}
		{DAA0C7EA-E455-4216-9DAD-5CC99122A629} = {BB50CC16-B88F-4BB0-9471-CB39FEC0F89A}
		{AEED152F-5EB9-4244-88EA-23AB7772E166} = {DAA0C7EA-E455-4216-9DAD-5CC99122A629}
		{04AA1FC7-D1F7-4D3C-8EB5-534151BE7DF3} = {DAA0C7EA-E455-4216-9DAD-5CC99122A629}
		{615334E3-425C-4755-ABA8-9EA1F75B20B7} = {DAA0C7EA-E455-4216-9DAD-5CC99122A629}
		{EC6A47DE-CDCD-40C6-B1E9-14B2E7A0CE6B} = {4B497F0C-62F6-4B66-B6A3-D1D4976F01AA}
		{C179DF54-4BC7-4512-A636-4A1FB142EEDD} = {EC6A47DE-CDCD-40C6-B1E9-14B2E7A0CE6B}
		{748FB28D-3B34-43FD-A4D9-BC17434C8C19} = {C179DF54-4BC7-4512-A636-4A1FB142EEDD}
		{6B78B54E-0489-4E4D-AF34-768F06E69B99} = {C179DF54-4BC7-4512-A636-4A1FB142EEDD}
		{22714606-FB0C-40B5-9E41-242F18522290} = {177C6FE6-470A-4BB6-8C7C-3E2F8777D589}
		{15CD6564-87EC-4919-9945-048877FC04BC} = {173A78F6-EE24-4982-A9ED-C618651195E3}
		{BFCC204F-A559-444E-B10B-111FE479F35D} = {173A78F6-EE24-4982-A9ED-C618651195E3}
		{EFE14928-BA32-4383-A129-679F6E82190F} = {423980CB-D311-4B29-8976-8B44503AF05E}
		{3FDCACFF-19E4-4FC0-87F6-C686A49B0367} = {423980CB-D311-4B29-8976-8B44503AF05E}
		{5CE58B4F-6ABF-40A7-B24B-1969C9C11998} = {22714606-FB0C-40B5-9E41-242F18522290}
		{F487EEC4-A1E9-438A-A2C3-3F3C8F56B383} = {423980CB-D311-4B29-8976-8B44503AF05E}
		{173A78F6-EE24-4982-A9ED-C618651195E3} = {22714606-FB0C-40B5-9E41-242F18522290}
		{423980CB-D311-4B29-8976-8B44503AF05E} = {22714606-FB0C-40B5-9E41-242F18522290}
		{A4FB0D5C-4D90-43ED-ABD9-8351AEF66342} = {177C6FE6-470A-4BB6-8C7C-3E2F8777D589}
		{EB08A7A7-39C3-4055-A853-030E5EF5424F} = {A4FB0D5C-4D90-43ED-ABD9-8351AEF66342}
		{B53A1186-9011-432D-ABF0-700BD01EFC11} = {EB08A7A7-39C3-4055-A853-030E5EF5424F}
	EndGlobalSection
	GlobalSection(ExtensibilityGlobals) = postSolution
		SolutionGuid = {086C463B-F9FA-4316-A978-EFCAB8BC9E01}
	EndGlobalSection
EndGlobal
