
Microsoft Visual Studio Solution File, Format Version 12.00
# Visual Studio Version 16
VisualStudioVersion = 16.0.29806.167
MinimumVisualStudioVersion = 10.0.40219.1
Project("{2150E333-8FDC-42A3-9474-1A3956D46DE8}") = "DesignPatterns", "DesignPatterns", "{BB50CC16-B88F-4BB0-9471-CB39FEC0F89A}"
EndProject
Project("{2150E333-8FDC-42A3-9474-1A3956D46DE8}") = "Payments", "Payments", "{46EA0D71-3856-4AE2-94F4-1D91F82CA808}"
EndProject
Project("{2150E333-8FDC-42A3-9474-1A3956D46DE8}") = "Utilities", "Utilities", "{A45959F5-0416-4E12-8248-4F24DF770D3F}"
EndProject
Project("{2150E333-8FDC-42A3-9474-1A3956D46DE8}") = "Database", "Database", "{C2FF28A5-6B93-4D9E-8927-7F69A60D8D2C}"
EndProject
Project("{2150E333-8FDC-42A3-9474-1A3956D46DE8}") = "Cache", "Cache", "{4B497F0C-62F6-4B66-B6A3-D1D4976F01AA}"
EndProject
Project("{2150E333-8FDC-42A3-9474-1A3956D46DE8}") = "Others", "Others", "{177C6FE6-470A-4BB6-8C7C-3E2F8777D589}"
EndProject
Project("{2150E333-8FDC-42A3-9474-1A3956D46DE8}") = "Logging", "Logging", "{CA42DF8B-0BAB-4671-9EAE-65A1DD11BA3B}"
EndProject
Project("{2150E333-8FDC-42A3-9474-1A3956D46DE8}") = "Module", "Module", "{B5551696-5930-420D-9BF1-D1B5D541F026}"
EndProject
Project("{2150E333-8FDC-42A3-9474-1A3956D46DE8}") = "RabbitMq", "RabbitMq", "{B71DBBD2-90C5-4DEB-AA41-DD2888EFE78A}"
EndProject
Project("{2150E333-8FDC-42A3-9474-1A3956D46DE8}") = "News", "News", "{2E2CE221-101E-42DB-96BD-9AF80498C079}"
EndProject
Project("{2150E333-8FDC-42A3-9474-1A3956D46DE8}") = "GRPC", "GRPC", "{89DB8F2E-AD8A-41B0-A57D-204A693274AB}"
EndProject
Project("{2150E333-8FDC-42A3-9474-1A3956D46DE8}") = "Blazor", "Blazor", "{7057FA2D-5733-4B2E-8DDD-E96C840B1540}"
EndProject
Project("{2150E333-8FDC-42A3-9474-1A3956D46DE8}") = "SendMail", "SendMail", "{83D77EC3-A4FB-4A67-8AEA-BE7C9CDF4F4D}"
EndProject
Project("{2150E333-8FDC-42A3-9474-1A3956D46DE8}") = "Modules", "Modules", "{B924F0DE-196F-4C9C-BD89-2591E148DCDA}"
EndProject
Project("{9A19103F-16F7-4668-BE54-9A1E7A4F7556}") = "Nlog", "..\..\Others\Logging\Nlog\Nlog.csproj", "{090BAC2A-FE6F-46E0-A530-BFF29E7EA077}"
EndProject
Project("{9A19103F-16F7-4668-BE54-9A1E7A4F7556}") = "Hangfire", "..\..\Utilities\Hangfire\Hangfire.csproj", "{6ECCD1B0-0A68-4E88-9EA2-23CBE1FCD296}"
EndProject
Project("{9A19103F-16F7-4668-BE54-9A1E7A4F7556}") = "ZaloPayment", "..\..\Payments\ZaloPayment\ZaloPayment.csproj", "{7874C077-3A02-4AD7-BE79-4A8BF261F566}"
EndProject
Project("{9A19103F-16F7-4668-BE54-9A1E7A4F7556}") = "ViettelPayment", "..\..\Payments\ViettelPayment\ViettelPayment.csproj", "{78D5A166-7B18-4CA6-B716-AF0B6B1DC492}"
EndProject
Project("{9A19103F-16F7-4668-BE54-9A1E7A4F7556}") = "StripePayment", "..\..\Payments\StripePayment\StripePayment.csproj", "{FA3464AC-0F59-4301-8101-F1F515EE3BD7}"
EndProject
Project("{9A19103F-16F7-4668-BE54-9A1E7A4F7556}") = "PaypalExpressPayment", "..\..\Payments\PaypalExpressPayment\PaypalExpressPayment.csproj", "{7690E449-FD12-4185-9C50-1A488D46EF39}"
EndProject
Project("{9A19103F-16F7-4668-BE54-9A1E7A4F7556}") = "NganLuongPayment", "..\..\Payments\NganLuongPayment\NganLuongPayment.csproj", "{C2317100-5387-4ADF-851B-AF015241EFB5}"
EndProject
Project("{9A19103F-16F7-4668-BE54-9A1E7A4F7556}") = "MomoPayment", "..\..\Payments\MomoPayment\MomoPayment.csproj", "{E07C9BF5-49EC-4D76-9DA2-6B5696A87744}"
EndProject
Project("{9A19103F-16F7-4668-BE54-9A1E7A4F7556}") = "CashfreePayment", "..\..\Payments\CashfreePayment\CashfreePayment.csproj", "{33214EC3-E954-4204-B811-6D175A78326E}"
EndProject
Project("{9A19103F-16F7-4668-BE54-9A1E7A4F7556}") = "BraintreePayment", "..\..\Payments\BraintreePayment\BraintreePayment.csproj", "{2BF7DB43-3AF9-4842-8877-89A62B2B84A8}"
EndProject
Project("{9A19103F-16F7-4668-BE54-9A1E7A4F7556}") = "AdyenPayment", "..\..\Payments\AdyenPayment\AdyenPayment.csproj", "{6462D123-93E8-4C88-A544-5915F7EE7627}"
EndProject
Project("{9A19103F-16F7-4668-BE54-9A1E7A4F7556}") = "Redis", "Redis.csproj", "{B91E4300-DA3F-42D3-AC81-2F8F4785039A}"
EndProject
Project("{9A19103F-16F7-4668-BE54-9A1E7A4F7556}") = "Mongo", "..\..\Database\Mongo\Mongo.csproj", "{439E6B12-B812-4E72-98AD-B026391FBDE4}"
EndProject
Project("{9A19103F-16F7-4668-BE54-9A1E7A4F7556}") = "MySql", "..\..\Database\MySql\MySql.csproj", "{EA018708-5E93-4BCC-B14B-653B14877862}"
EndProject
Project("{9A19103F-16F7-4668-BE54-9A1E7A4F7556}") = "CQRSTest", "..\..\DesignPatterns\CQRS\CQRSTest.csproj", "{AD752EE3-C452-4D74-BDFD-017B17535321}"
EndProject
Project("{9A19103F-16F7-4668-BE54-9A1E7A4F7556}") = "Mediator", "..\..\DesignPatterns\Mediator\Mediator.csproj", "{80B7B7B7-A975-414A-A722-930D83096E12}"
EndProject
Project("{9A19103F-16F7-4668-BE54-9A1E7A4F7556}") = "RepoAndUoW", "..\..\DesignPatterns\RepoAndUoW\RepoAndUoW.csproj", "{EAFCDCFD-BCC2-4443-B98F-50BCDB1D3E1A}"
EndProject
Project("{9A19103F-16F7-4668-BE54-9A1E7A4F7556}") = "ModuleApp.Infrastructure", "..\..\DesignPatterns\Module\ModuleApp.Infrastructure\ModuleApp.Infrastructure.csproj", "{1711E2CA-5EAA-47BA-B793-DDDCB5277450}"
EndProject
Project("{9A19103F-16F7-4668-BE54-9A1E7A4F7556}") = "ModuleApp", "..\..\DesignPatterns\Module\ModuleApp\ModuleApp.csproj", "{323AA6AA-0BBF-4A03-9BF2-B817E27D5DD0}"
EndProject
Project("{9A19103F-16F7-4668-BE54-9A1E7A4F7556}") = "ModuleApp.Module.Core", "..\..\DesignPatterns\Module\Modules\ModuleApp.Module.Core\ModuleApp.Module.Core.csproj", "{03CAAB66-45D6-4FB6-BFBD-60F4D5DF35AC}"
EndProject
Global
	GlobalSection(SolutionConfigurationPlatforms) = preSolution
		Debug|Any CPU = Debug|Any CPU
		Release|Any CPU = Release|Any CPU
	EndGlobalSection
	GlobalSection(ProjectConfigurationPlatforms) = postSolution
		{090BAC2A-FE6F-46E0-A530-BFF29E7EA077}.Debug|Any CPU.ActiveCfg = Debug|Any CPU
		{090BAC2A-FE6F-46E0-A530-BFF29E7EA077}.Debug|Any CPU.Build.0 = Debug|Any CPU
		{090BAC2A-FE6F-46E0-A530-BFF29E7EA077}.Release|Any CPU.ActiveCfg = Release|Any CPU
		{090BAC2A-FE6F-46E0-A530-BFF29E7EA077}.Release|Any CPU.Build.0 = Release|Any CPU
		{6ECCD1B0-0A68-4E88-9EA2-23CBE1FCD296}.Debug|Any CPU.ActiveCfg = Debug|Any CPU
		{6ECCD1B0-0A68-4E88-9EA2-23CBE1FCD296}.Debug|Any CPU.Build.0 = Debug|Any CPU
		{6ECCD1B0-0A68-4E88-9EA2-23CBE1FCD296}.Release|Any CPU.ActiveCfg = Release|Any CPU
		{6ECCD1B0-0A68-4E88-9EA2-23CBE1FCD296}.Release|Any CPU.Build.0 = Release|Any CPU
		{7874C077-3A02-4AD7-BE79-4A8BF261F566}.Debug|Any CPU.ActiveCfg = Debug|Any CPU
		{7874C077-3A02-4AD7-BE79-4A8BF261F566}.Debug|Any CPU.Build.0 = Debug|Any CPU
		{7874C077-3A02-4AD7-BE79-4A8BF261F566}.Release|Any CPU.ActiveCfg = Release|Any CPU
		{7874C077-3A02-4AD7-BE79-4A8BF261F566}.Release|Any CPU.Build.0 = Release|Any CPU
		{78D5A166-7B18-4CA6-B716-AF0B6B1DC492}.Debug|Any CPU.ActiveCfg = Debug|Any CPU
		{78D5A166-7B18-4CA6-B716-AF0B6B1DC492}.Debug|Any CPU.Build.0 = Debug|Any CPU
		{78D5A166-7B18-4CA6-B716-AF0B6B1DC492}.Release|Any CPU.ActiveCfg = Release|Any CPU
		{78D5A166-7B18-4CA6-B716-AF0B6B1DC492}.Release|Any CPU.Build.0 = Release|Any CPU
		{FA3464AC-0F59-4301-8101-F1F515EE3BD7}.Debug|Any CPU.ActiveCfg = Debug|Any CPU
		{FA3464AC-0F59-4301-8101-F1F515EE3BD7}.Debug|Any CPU.Build.0 = Debug|Any CPU
		{FA3464AC-0F59-4301-8101-F1F515EE3BD7}.Release|Any CPU.ActiveCfg = Release|Any CPU
		{FA3464AC-0F59-4301-8101-F1F515EE3BD7}.Release|Any CPU.Build.0 = Release|Any CPU
		{7690E449-FD12-4185-9C50-1A488D46EF39}.Debug|Any CPU.ActiveCfg = Debug|Any CPU
		{7690E449-FD12-4185-9C50-1A488D46EF39}.Debug|Any CPU.Build.0 = Debug|Any CPU
		{7690E449-FD12-4185-9C50-1A488D46EF39}.Release|Any CPU.ActiveCfg = Release|Any CPU
		{7690E449-FD12-4185-9C50-1A488D46EF39}.Release|Any CPU.Build.0 = Release|Any CPU
		{C2317100-5387-4ADF-851B-AF015241EFB5}.Debug|Any CPU.ActiveCfg = Debug|Any CPU
		{C2317100-5387-4ADF-851B-AF015241EFB5}.Debug|Any CPU.Build.0 = Debug|Any CPU
		{C2317100-5387-4ADF-851B-AF015241EFB5}.Release|Any CPU.ActiveCfg = Release|Any CPU
		{C2317100-5387-4ADF-851B-AF015241EFB5}.Release|Any CPU.Build.0 = Release|Any CPU
		{E07C9BF5-49EC-4D76-9DA2-6B5696A87744}.Debug|Any CPU.ActiveCfg = Debug|Any CPU
		{E07C9BF5-49EC-4D76-9DA2-6B5696A87744}.Debug|Any CPU.Build.0 = Debug|Any CPU
		{E07C9BF5-49EC-4D76-9DA2-6B5696A87744}.Release|Any CPU.ActiveCfg = Release|Any CPU
		{E07C9BF5-49EC-4D76-9DA2-6B5696A87744}.Release|Any CPU.Build.0 = Release|Any CPU
		{33214EC3-E954-4204-B811-6D175A78326E}.Debug|Any CPU.ActiveCfg = Debug|Any CPU
		{33214EC3-E954-4204-B811-6D175A78326E}.Debug|Any CPU.Build.0 = Debug|Any CPU
		{33214EC3-E954-4204-B811-6D175A78326E}.Release|Any CPU.ActiveCfg = Release|Any CPU
		{33214EC3-E954-4204-B811-6D175A78326E}.Release|Any CPU.Build.0 = Release|Any CPU
		{2BF7DB43-3AF9-4842-8877-89A62B2B84A8}.Debug|Any CPU.ActiveCfg = Debug|Any CPU
		{2BF7DB43-3AF9-4842-8877-89A62B2B84A8}.Debug|Any CPU.Build.0 = Debug|Any CPU
		{2BF7DB43-3AF9-4842-8877-89A62B2B84A8}.Release|Any CPU.ActiveCfg = Release|Any CPU
		{2BF7DB43-3AF9-4842-8877-89A62B2B84A8}.Release|Any CPU.Build.0 = Release|Any CPU
		{6462D123-93E8-4C88-A544-5915F7EE7627}.Debug|Any CPU.ActiveCfg = Debug|Any CPU
		{6462D123-93E8-4C88-A544-5915F7EE7627}.Debug|Any CPU.Build.0 = Debug|Any CPU
		{6462D123-93E8-4C88-A544-5915F7EE7627}.Release|Any CPU.ActiveCfg = Release|Any CPU
		{6462D123-93E8-4C88-A544-5915F7EE7627}.Release|Any CPU.Build.0 = Release|Any CPU
		{B91E4300-DA3F-42D3-AC81-2F8F4785039A}.Debug|Any CPU.ActiveCfg = Debug|Any CPU
		{B91E4300-DA3F-42D3-AC81-2F8F4785039A}.Debug|Any CPU.Build.0 = Debug|Any CPU
		{B91E4300-DA3F-42D3-AC81-2F8F4785039A}.Release|Any CPU.ActiveCfg = Release|Any CPU
		{B91E4300-DA3F-42D3-AC81-2F8F4785039A}.Release|Any CPU.Build.0 = Release|Any CPU
		{439E6B12-B812-4E72-98AD-B026391FBDE4}.Debug|Any CPU.ActiveCfg = Debug|Any CPU
		{439E6B12-B812-4E72-98AD-B026391FBDE4}.Debug|Any CPU.Build.0 = Debug|Any CPU
		{439E6B12-B812-4E72-98AD-B026391FBDE4}.Release|Any CPU.ActiveCfg = Release|Any CPU
		{439E6B12-B812-4E72-98AD-B026391FBDE4}.Release|Any CPU.Build.0 = Release|Any CPU
		{EA018708-5E93-4BCC-B14B-653B14877862}.Debug|Any CPU.ActiveCfg = Debug|Any CPU
		{EA018708-5E93-4BCC-B14B-653B14877862}.Debug|Any CPU.Build.0 = Debug|Any CPU
		{EA018708-5E93-4BCC-B14B-653B14877862}.Release|Any CPU.ActiveCfg = Release|Any CPU
		{EA018708-5E93-4BCC-B14B-653B14877862}.Release|Any CPU.Build.0 = Release|Any CPU
		{AD752EE3-C452-4D74-BDFD-017B17535321}.Debug|Any CPU.ActiveCfg = Debug|Any CPU
		{AD752EE3-C452-4D74-BDFD-017B17535321}.Debug|Any CPU.Build.0 = Debug|Any CPU
		{AD752EE3-C452-4D74-BDFD-017B17535321}.Release|Any CPU.ActiveCfg = Release|Any CPU
		{AD752EE3-C452-4D74-BDFD-017B17535321}.Release|Any CPU.Build.0 = Release|Any CPU
		{80B7B7B7-A975-414A-A722-930D83096E12}.Debug|Any CPU.ActiveCfg = Debug|Any CPU
		{80B7B7B7-A975-414A-A722-930D83096E12}.Debug|Any CPU.Build.0 = Debug|Any CPU
		{80B7B7B7-A975-414A-A722-930D83096E12}.Release|Any CPU.ActiveCfg = Release|Any CPU
		{80B7B7B7-A975-414A-A722-930D83096E12}.Release|Any CPU.Build.0 = Release|Any CPU
		{EAFCDCFD-BCC2-4443-B98F-50BCDB1D3E1A}.Debug|Any CPU.ActiveCfg = Debug|Any CPU
		{EAFCDCFD-BCC2-4443-B98F-50BCDB1D3E1A}.Debug|Any CPU.Build.0 = Debug|Any CPU
		{EAFCDCFD-BCC2-4443-B98F-50BCDB1D3E1A}.Release|Any CPU.ActiveCfg = Release|Any CPU
		{EAFCDCFD-BCC2-4443-B98F-50BCDB1D3E1A}.Release|Any CPU.Build.0 = Release|Any CPU
		{1711E2CA-5EAA-47BA-B793-DDDCB5277450}.Debug|Any CPU.ActiveCfg = Debug|Any CPU
		{1711E2CA-5EAA-47BA-B793-DDDCB5277450}.Debug|Any CPU.Build.0 = Debug|Any CPU
		{1711E2CA-5EAA-47BA-B793-DDDCB5277450}.Release|Any CPU.ActiveCfg = Release|Any CPU
		{1711E2CA-5EAA-47BA-B793-DDDCB5277450}.Release|Any CPU.Build.0 = Release|Any CPU
		{323AA6AA-0BBF-4A03-9BF2-B817E27D5DD0}.Debug|Any CPU.ActiveCfg = Debug|Any CPU
		{323AA6AA-0BBF-4A03-9BF2-B817E27D5DD0}.Debug|Any CPU.Build.0 = Debug|Any CPU
		{323AA6AA-0BBF-4A03-9BF2-B817E27D5DD0}.Release|Any CPU.ActiveCfg = Release|Any CPU
		{323AA6AA-0BBF-4A03-9BF2-B817E27D5DD0}.Release|Any CPU.Build.0 = Release|Any CPU
		{03CAAB66-45D6-4FB6-BFBD-60F4D5DF35AC}.Debug|Any CPU.ActiveCfg = Debug|Any CPU
		{03CAAB66-45D6-4FB6-BFBD-60F4D5DF35AC}.Debug|Any CPU.Build.0 = Debug|Any CPU
		{03CAAB66-45D6-4FB6-BFBD-60F4D5DF35AC}.Release|Any CPU.ActiveCfg = Release|Any CPU
		{03CAAB66-45D6-4FB6-BFBD-60F4D5DF35AC}.Release|Any CPU.Build.0 = Release|Any CPU
	EndGlobalSection
	GlobalSection(SolutionProperties) = preSolution
		HideSolutionNode = FALSE
	EndGlobalSection
	GlobalSection(NestedProjects) = preSolution
		{CA42DF8B-0BAB-4671-9EAE-65A1DD11BA3B} = {177C6FE6-470A-4BB6-8C7C-3E2F8777D589}
		{B5551696-5930-420D-9BF1-D1B5D541F026} = {BB50CC16-B88F-4BB0-9471-CB39FEC0F89A}
		{B71DBBD2-90C5-4DEB-AA41-DD2888EFE78A} = {177C6FE6-470A-4BB6-8C7C-3E2F8777D589}
		{89DB8F2E-AD8A-41B0-A57D-204A693274AB} = {2E2CE221-101E-42DB-96BD-9AF80498C079}
		{7057FA2D-5733-4B2E-8DDD-E96C840B1540} = {2E2CE221-101E-42DB-96BD-9AF80498C079}
		{83D77EC3-A4FB-4A67-8AEA-BE7C9CDF4F4D} = {177C6FE6-470A-4BB6-8C7C-3E2F8777D589}
		{B924F0DE-196F-4C9C-BD89-2591E148DCDA} = {B5551696-5930-420D-9BF1-D1B5D541F026}
		{090BAC2A-FE6F-46E0-A530-BFF29E7EA077} = {CA42DF8B-0BAB-4671-9EAE-65A1DD11BA3B}
		{6ECCD1B0-0A68-4E88-9EA2-23CBE1FCD296} = {A45959F5-0416-4E12-8248-4F24DF770D3F}
		{7874C077-3A02-4AD7-BE79-4A8BF261F566} = {46EA0D71-3856-4AE2-94F4-1D91F82CA808}
		{78D5A166-7B18-4CA6-B716-AF0B6B1DC492} = {46EA0D71-3856-4AE2-94F4-1D91F82CA808}
		{FA3464AC-0F59-4301-8101-F1F515EE3BD7} = {46EA0D71-3856-4AE2-94F4-1D91F82CA808}
		{7690E449-FD12-4185-9C50-1A488D46EF39} = {46EA0D71-3856-4AE2-94F4-1D91F82CA808}
		{C2317100-5387-4ADF-851B-AF015241EFB5} = {46EA0D71-3856-4AE2-94F4-1D91F82CA808}
		{E07C9BF5-49EC-4D76-9DA2-6B5696A87744} = {46EA0D71-3856-4AE2-94F4-1D91F82CA808}
		{33214EC3-E954-4204-B811-6D175A78326E} = {46EA0D71-3856-4AE2-94F4-1D91F82CA808}
		{2BF7DB43-3AF9-4842-8877-89A62B2B84A8} = {46EA0D71-3856-4AE2-94F4-1D91F82CA808}
		{6462D123-93E8-4C88-A544-5915F7EE7627} = {46EA0D71-3856-4AE2-94F4-1D91F82CA808}
		{B91E4300-DA3F-42D3-AC81-2F8F4785039A} = {4B497F0C-62F6-4B66-B6A3-D1D4976F01AA}
		{439E6B12-B812-4E72-98AD-B026391FBDE4} = {C2FF28A5-6B93-4D9E-8927-7F69A60D8D2C}
		{EA018708-5E93-4BCC-B14B-653B14877862} = {C2FF28A5-6B93-4D9E-8927-7F69A60D8D2C}
		{AD752EE3-C452-4D74-BDFD-017B17535321} = {BB50CC16-B88F-4BB0-9471-CB39FEC0F89A}
		{80B7B7B7-A975-414A-A722-930D83096E12} = {BB50CC16-B88F-4BB0-9471-CB39FEC0F89A}
		{EAFCDCFD-BCC2-4443-B98F-50BCDB1D3E1A} = {BB50CC16-B88F-4BB0-9471-CB39FEC0F89A}
		{1711E2CA-5EAA-47BA-B793-DDDCB5277450} = {B5551696-5930-420D-9BF1-D1B5D541F026}
		{323AA6AA-0BBF-4A03-9BF2-B817E27D5DD0} = {B5551696-5930-420D-9BF1-D1B5D541F026}
		{03CAAB66-45D6-4FB6-BFBD-60F4D5DF35AC} = {B924F0DE-196F-4C9C-BD89-2591E148DCDA}
	EndGlobalSection
	GlobalSection(ExtensibilityGlobals) = postSolution
		SolutionGuid = {C03E68F1-34D6-425D-A92A-8092DD1F6245}
	EndGlobalSection
EndGlobal
