
Microsoft Visual Studio Solution File, Format Version 12.00
# Visual Studio Version 16
VisualStudioVersion = 16.0.29613.14
MinimumVisualStudioVersion = 10.0.40219.1
Project("{9A19103F-16F7-4668-BE54-9A1E7A4F7556}") = "BlazorSignalR.Server", "BlazorSignalR\Server\BlazorSignalR.Server.csproj", "{7D304841-1B4D-41CB-81DC-D9F11E89428D}"
EndProject
Project("{9A19103F-16F7-4668-BE54-9A1E7A4F7556}") = "BlazorSignalR.Client", "BlazorSignalR\Client\BlazorSignalR.Client.csproj", "{1196AE32-1BA3-46CB-83CC-101C06217D7D}"
EndProject
Project("{9A19103F-16F7-4668-BE54-9A1E7A4F7556}") = "BlazorSignalR.Shared", "BlazorSignalR\Shared\BlazorSignalR.Shared.csproj", "{0114EF15-DFEB-4CD8-BFE1-84C9A7D7CE8F}"
EndProject
Global
	GlobalSection(SolutionConfigurationPlatforms) = preSolution
		Debug|Any CPU = Debug|Any CPU
		Release|Any CPU = Release|Any CPU
	EndGlobalSection
	GlobalSection(ProjectConfigurationPlatforms) = postSolution
		{7D304841-1B4D-41CB-81DC-D9F11E89428D}.Debug|Any CPU.ActiveCfg = Debug|Any CPU
		{7D304841-1B4D-41CB-81DC-D9F11E89428D}.Debug|Any CPU.Build.0 = Debug|Any CPU
		{7D304841-1B4D-41CB-81DC-D9F11E89428D}.Release|Any CPU.ActiveCfg = Release|Any CPU
		{7D304841-1B4D-41CB-81DC-D9F11E89428D}.Release|Any CPU.Build.0 = Release|Any CPU
		{1196AE32-1BA3-46CB-83CC-101C06217D7D}.Debug|Any CPU.ActiveCfg = Debug|Any CPU
		{1196AE32-1BA3-46CB-83CC-101C06217D7D}.Debug|Any CPU.Build.0 = Debug|Any CPU
		{1196AE32-1BA3-46CB-83CC-101C06217D7D}.Release|Any CPU.ActiveCfg = Release|Any CPU
		{1196AE32-1BA3-46CB-83CC-101C06217D7D}.Release|Any CPU.Build.0 = Release|Any CPU
		{0114EF15-DFEB-4CD8-BFE1-84C9A7D7CE8F}.Debug|Any CPU.ActiveCfg = Debug|Any CPU
		{0114EF15-DFEB-4CD8-BFE1-84C9A7D7CE8F}.Debug|Any CPU.Build.0 = Debug|Any CPU
		{0114EF15-DFEB-4CD8-BFE1-84C9A7D7CE8F}.Release|Any CPU.ActiveCfg = Release|Any CPU
		{0114EF15-DFEB-4CD8-BFE1-84C9A7D7CE8F}.Release|Any CPU.Build.0 = Release|Any CPU
	EndGlobalSection
	GlobalSection(SolutionProperties) = preSolution
		HideSolutionNode = FALSE
	EndGlobalSection
	GlobalSection(ExtensibilityGlobals) = postSolution
		SolutionGuid = {50812517-BA2B-4E04-B245-FB5927E47B34}
	EndGlobalSection
EndGlobal
